
Microsoft Visual Studio Solution File, Format Version 12.00
# Visual Studio 14
VisualStudioVersion = 14.0.25420.1
MinimumVisualStudioVersion = 10.0.40219.1
Project("{FAE04EC0-301F-11D3-BF4B-00C04F79EFBC}") = "BitPoker", "BitPoker\BitPoker.csproj", "{FBA16F9C-D388-464F-8B40-5D8D96FABDEA}"
EndProject
Project("{FAE04EC0-301F-11D3-BF4B-00C04F79EFBC}") = "BitPoker.Models", "BitPoker.Models\BitPoker.Models.csproj", "{195A8CA4-2680-4010-AECF-EA2742240DC1}"
EndProject
Project("{FAE04EC0-301F-11D3-BF4B-00C04F79EFBC}") = "Bitpoker.WPFClient", "Bitpoker.WPFClient\Bitpoker.WPFClient.csproj", "{737E13A4-29FC-4524-A07C-444C3BF22324}"
EndProject
Project("{FAE04EC0-301F-11D3-BF4B-00C04F79EFBC}") = "BitPoker.Repository", "BitPoker.Repository\BitPoker.Repository.csproj", "{FCC27F60-7EDF-464B-9876-F196A4A7DFB3}"
EndProject
Project("{2150E333-8FDC-42A3-9474-1A3956D46DE8}") = "Solution Items", "Solution Items", "{6831B3E8-4E25-4941-8193-DA7363C1A115}"
	ProjectSection(SolutionItems) = preProject
		headsupcolddeck.txt = headsupcolddeck.txt
		Local.testsettings = Local.testsettings
		seeds.json = seeds.json
	EndProjectSection
EndProject
Project("{FAE04EC0-301F-11D3-BF4B-00C04F79EFBC}") = "BitPoker.Models.Mocks", "BitPoker.Models.Mocks\BitPoker.Models.Mocks.csproj", "{4766E44D-1C55-4022-8CC8-2FD2FE616DFA}"
EndProject
Project("{FAE04EC0-301F-11D3-BF4B-00C04F79EFBC}") = "BitPoker.MVC", "BitPoker.MVC\BitPoker.MVC.csproj", "{877789C5-C568-4628-A553-9B79B162EBC1}"
EndProject
Project("{FAE04EC0-301F-11D3-BF4B-00C04F79EFBC}") = "BitPoker.MVC.Tests", "BitPoker.MVC.Tests\BitPoker.MVC.Tests.csproj", "{B75EFE30-51BC-4514-95C5-EC7ABB896627}"
EndProject
Project("{FAE04EC0-301F-11D3-BF4B-00C04F79EFBC}") = "BitPoker.MVC.WebTests", "BitPoker.MVC.WebTests\BitPoker.MVC.WebTests.csproj", "{D6E5C050-20C7-48B7-AF75-0B4A17CFF7A7}"
EndProject
Project("{FAE04EC0-301F-11D3-BF4B-00C04F79EFBC}") = "BitPoker.Models.Tests", "BitPoker.Models.Tests\BitPoker.Models.Tests.csproj", "{CB193F61-3292-44D4-ADF9-A2283B2DC797}"
EndProject
Project("{FAE04EC0-301F-11D3-BF4B-00C04F79EFBC}") = "BitPoker.Repository.LiteDB", "BitPoker.Repository.LiteDB\BitPoker.Repository.LiteDB.csproj", "{9D248950-D9E5-43EC-8EEF-CC9D350BAE38}"
EndProject
Project("{FAE04EC0-301F-11D3-BF4B-00C04F79EFBC}") = "BitPoker.WPFClient.Tests", "BitPoker.WPFClient.Tests\BitPoker.WPFClient.Tests.csproj", "{F2377187-1A58-41D6-AD8F-15C02A3D82D9}"
EndProject
Project("{FAE04EC0-301F-11D3-BF4B-00C04F79EFBC}") = "BitPoker.NetworkClient", "BitPoker.NetworkClient\BitPoker.NetworkClient.csproj", "{630CF422-2C7D-4CD5-990F-71D50C02C3C4}"
EndProject
Project("{FAE04EC0-301F-11D3-BF4B-00C04F79EFBC}") = "BitPoker.MVC.Models", "BitPoker.MVC.Models\BitPoker.MVC.Models.csproj", "{280E0971-DDCD-4FCF-BEAE-6841D16C3DFD}"
EndProject
Project("{FAE04EC0-301F-11D3-BF4B-00C04F79EFBC}") = "BitPoker.Clients", "BitPoker.Clients\BitPoker.Clients.csproj", "{5758D35E-C5C6-4D21-B571-029B38E85F62}"
EndProject
Project("{FAE04EC0-301F-11D3-BF4B-00C04F79EFBC}") = "BitPoker.Clients.JSONRPC", "BitPoker.Clients.JSONRPC\BitPoker.Clients.JSONRPC.csproj", "{EEBC1A57-B303-4F5D-BD13-E4C7B5E5B505}"
EndProject
Project("{FAE04EC0-301F-11D3-BF4B-00C04F79EFBC}") = "BitPoker.Clients.Mocks", "BitPoker.Clients.Mocks\BitPoker.Clients.Mocks.csproj", "{EED532FD-4C71-4BE9-8C58-A95C117160B4}"
EndProject
Project("{FAE04EC0-301F-11D3-BF4B-00C04F79EFBC}") = "BitPoker.Repository.Mocks", "BitPoker.Repository.Mocks\BitPoker.Repository.Mocks.csproj", "{13C2882F-3B16-455B-9CD1-0DEA92883769}"
EndProject
Project("{2150E333-8FDC-42A3-9474-1A3956D46DE8}") = "Clients", "Clients", "{80BFA192-488D-44AC-9085-9D89F7F7A482}"
EndProject
Project("{2150E333-8FDC-42A3-9474-1A3956D46DE8}") = "Views", "Views", "{B06CFE45-5EF4-4535-B26D-0A58C3CE388F}"
EndProject
Project("{2150E333-8FDC-42A3-9474-1A3956D46DE8}") = "Repositories", "Repositories", "{20ACE243-6D1A-4158-9D80-027E823A621E}"
EndProject
Project("{2150E333-8FDC-42A3-9474-1A3956D46DE8}") = "Html", "Html", "{3133FBAB-303F-46CD-904A-DAA011C4E14F}"
	ProjectSection(SolutionItems) = preProject
		BitPoker.Views.Html\Hands.html = BitPoker.Views.Html\Hands.html
		BitPoker.Views.Html\Index.html = BitPoker.Views.Html\Index.html
		BitPoker.Views.Html\Me.html = BitPoker.Views.Html\Me.html
		BitPoker.Views.Html\Peer.html = BitPoker.Views.Html\Peer.html
		BitPoker.Views.Html\Table.html = BitPoker.Views.Html\Table.html
		BitPoker.Views.Html\Tables.html = BitPoker.Views.Html\Tables.html
	EndProjectSection
EndProject
Project("{2150E333-8FDC-42A3-9474-1A3956D46DE8}") = "Controllers", "Controllers", "{98C73B43-1F13-4C18-9124-CD35598509A2}"
EndProject
Project("{2150E333-8FDC-42A3-9474-1A3956D46DE8}") = "Tests", "Tests", "{1035EA35-D523-43DE-B2B8-D1CED3E87BA3}"
EndProject
Project("{8BB2217D-0F2D-49D1-97BC-3654ED321F3B}") = "BitPoker.Core.Controllers.UnitTests", "BitPoker.Core.Controllers.UnitTests\BitPoker.Core.Controllers.UnitTests.xproj", "{1CBE7054-C4D5-453E-9441-B942223928AC}"
EndProject
Project("{8BB2217D-0F2D-49D1-97BC-3654ED321F3B}") = "BitPoker.Net.RestHost", "BitPoker.Net.RestHost\BitPoker.Net.RestHost.xproj", "{4B541B42-7ED1-45E1-A8F6-E828AA2F6F4B}"
EndProject
Project("{2150E333-8FDC-42A3-9474-1A3956D46DE8}") = "Mocks", "Mocks", "{D59FADB2-741D-4ECB-8BCC-3E9FB41D3B7C}"
EndProject
Project("{FAE04EC0-301F-11D3-BF4B-00C04F79EFBC}") = "BitPoker.Controllers.Rest", "BitPoker.Controllers.Rest\BitPoker.Controllers.Rest.csproj", "{73E6416E-ABDE-4B20-9BCE-660678D3368C}"
EndProject
Project("{2150E333-8FDC-42A3-9474-1A3956D46DE8}") = "Hosts", "Hosts", "{6CF6848C-4F4C-4032-B4B0-72AE00E2F135}"
EndProject
Project("{FAE04EC0-301F-11D3-BF4B-00C04F79EFBC}") = "BitPoker.Owin.RestHost", "BitPoker.Owin.RestHost\BitPoker.Owin.RestHost.csproj", "{4A73EA12-64AE-40CC-BC6F-E55F893FE5DE}"
EndProject
Project("{FAE04EC0-301F-11D3-BF4B-00C04F79EFBC}") = "BitPoker.Controllers.Tests", "BitPoker.Controllers.Tests\BitPoker.Controllers.Tests.csproj", "{3A993860-3293-46E0-AA7F-FEA52C4843E9}"
EndProject
Project("{FAE04EC0-301F-11D3-BF4B-00C04F79EFBC}") = "BitPoker.Clients.Rest", "BitPoker.Clients.Rest\BitPoker.Clients.Rest.csproj", "{5B6DC93F-3D72-4519-AEA9-95754E8DF350}"
EndProject
Project("{FAE04EC0-301F-11D3-BF4B-00C04F79EFBC}") = "TrueRNGWrapper", "TrueRNGWrapper\TrueRNGWrapper.csproj", "{1F021EEF-F12E-4ADD-9658-62CD67374C0D}"
EndProject
Project("{8BC9CEB8-8B4A-11D0-8D11-00A0C91BC942}") = "Win32Random", "Win32Random\Win32Random.vcxproj", "{5073FCAB-E66B-4346-944F-E0AB49A4ABE5}"
EndProject
Global
	GlobalSection(SolutionConfigurationPlatforms) = preSolution
		Ad-Hoc|Any CPU = Ad-Hoc|Any CPU
		Ad-Hoc|iPhone = Ad-Hoc|iPhone
		Ad-Hoc|iPhoneSimulator = Ad-Hoc|iPhoneSimulator
		Ad-Hoc|Mixed Platforms = Ad-Hoc|Mixed Platforms
		Ad-Hoc|x86 = Ad-Hoc|x86
		AppStore|Any CPU = AppStore|Any CPU
		AppStore|iPhone = AppStore|iPhone
		AppStore|iPhoneSimulator = AppStore|iPhoneSimulator
		AppStore|Mixed Platforms = AppStore|Mixed Platforms
		AppStore|x86 = AppStore|x86
		Debug|Any CPU = Debug|Any CPU
		Debug|iPhone = Debug|iPhone
		Debug|iPhoneSimulator = Debug|iPhoneSimulator
		Debug|Mixed Platforms = Debug|Mixed Platforms
		Debug|x86 = Debug|x86
		Release|Any CPU = Release|Any CPU
		Release|iPhone = Release|iPhone
		Release|iPhoneSimulator = Release|iPhoneSimulator
		Release|Mixed Platforms = Release|Mixed Platforms
		Release|x86 = Release|x86
	EndGlobalSection
	GlobalSection(ProjectConfigurationPlatforms) = postSolution
		{FBA16F9C-D388-464F-8B40-5D8D96FABDEA}.Ad-Hoc|Any CPU.ActiveCfg = Release|x86
		{FBA16F9C-D388-464F-8B40-5D8D96FABDEA}.Ad-Hoc|Any CPU.Build.0 = Release|x86
		{FBA16F9C-D388-464F-8B40-5D8D96FABDEA}.Ad-Hoc|iPhone.ActiveCfg = Release|x86
		{FBA16F9C-D388-464F-8B40-5D8D96FABDEA}.Ad-Hoc|iPhone.Build.0 = Release|x86
		{FBA16F9C-D388-464F-8B40-5D8D96FABDEA}.Ad-Hoc|iPhoneSimulator.ActiveCfg = Release|x86
		{FBA16F9C-D388-464F-8B40-5D8D96FABDEA}.Ad-Hoc|iPhoneSimulator.Build.0 = Release|x86
		{FBA16F9C-D388-464F-8B40-5D8D96FABDEA}.Ad-Hoc|Mixed Platforms.ActiveCfg = Release|x86
		{FBA16F9C-D388-464F-8B40-5D8D96FABDEA}.Ad-Hoc|Mixed Platforms.Build.0 = Release|x86
		{FBA16F9C-D388-464F-8B40-5D8D96FABDEA}.Ad-Hoc|x86.ActiveCfg = Release|x86
		{FBA16F9C-D388-464F-8B40-5D8D96FABDEA}.Ad-Hoc|x86.Build.0 = Release|x86
		{FBA16F9C-D388-464F-8B40-5D8D96FABDEA}.AppStore|Any CPU.ActiveCfg = Release|x86
		{FBA16F9C-D388-464F-8B40-5D8D96FABDEA}.AppStore|Any CPU.Build.0 = Release|x86
		{FBA16F9C-D388-464F-8B40-5D8D96FABDEA}.AppStore|iPhone.ActiveCfg = Release|x86
		{FBA16F9C-D388-464F-8B40-5D8D96FABDEA}.AppStore|iPhone.Build.0 = Release|x86
		{FBA16F9C-D388-464F-8B40-5D8D96FABDEA}.AppStore|iPhoneSimulator.ActiveCfg = Release|x86
		{FBA16F9C-D388-464F-8B40-5D8D96FABDEA}.AppStore|iPhoneSimulator.Build.0 = Release|x86
		{FBA16F9C-D388-464F-8B40-5D8D96FABDEA}.AppStore|Mixed Platforms.ActiveCfg = Release|x86
		{FBA16F9C-D388-464F-8B40-5D8D96FABDEA}.AppStore|Mixed Platforms.Build.0 = Release|x86
		{FBA16F9C-D388-464F-8B40-5D8D96FABDEA}.AppStore|x86.ActiveCfg = Release|x86
		{FBA16F9C-D388-464F-8B40-5D8D96FABDEA}.AppStore|x86.Build.0 = Release|x86
		{FBA16F9C-D388-464F-8B40-5D8D96FABDEA}.Debug|Any CPU.ActiveCfg = Debug|x86
		{FBA16F9C-D388-464F-8B40-5D8D96FABDEA}.Debug|iPhone.ActiveCfg = Debug|x86
		{FBA16F9C-D388-464F-8B40-5D8D96FABDEA}.Debug|iPhoneSimulator.ActiveCfg = Debug|x86
		{FBA16F9C-D388-464F-8B40-5D8D96FABDEA}.Debug|Mixed Platforms.ActiveCfg = Debug|x86
		{FBA16F9C-D388-464F-8B40-5D8D96FABDEA}.Debug|Mixed Platforms.Build.0 = Debug|x86
		{FBA16F9C-D388-464F-8B40-5D8D96FABDEA}.Debug|x86.ActiveCfg = Debug|x86
		{FBA16F9C-D388-464F-8B40-5D8D96FABDEA}.Debug|x86.Build.0 = Debug|x86
		{FBA16F9C-D388-464F-8B40-5D8D96FABDEA}.Release|Any CPU.ActiveCfg = Release|x86
		{FBA16F9C-D388-464F-8B40-5D8D96FABDEA}.Release|iPhone.ActiveCfg = Release|x86
		{FBA16F9C-D388-464F-8B40-5D8D96FABDEA}.Release|iPhoneSimulator.ActiveCfg = Release|x86
		{FBA16F9C-D388-464F-8B40-5D8D96FABDEA}.Release|Mixed Platforms.ActiveCfg = Release|x86
		{FBA16F9C-D388-464F-8B40-5D8D96FABDEA}.Release|Mixed Platforms.Build.0 = Release|x86
		{FBA16F9C-D388-464F-8B40-5D8D96FABDEA}.Release|x86.ActiveCfg = Release|x86
		{FBA16F9C-D388-464F-8B40-5D8D96FABDEA}.Release|x86.Build.0 = Release|x86
		{195A8CA4-2680-4010-AECF-EA2742240DC1}.Ad-Hoc|Any CPU.ActiveCfg = Release|Any CPU
		{195A8CA4-2680-4010-AECF-EA2742240DC1}.Ad-Hoc|Any CPU.Build.0 = Release|Any CPU
		{195A8CA4-2680-4010-AECF-EA2742240DC1}.Ad-Hoc|iPhone.ActiveCfg = Release|Any CPU
		{195A8CA4-2680-4010-AECF-EA2742240DC1}.Ad-Hoc|iPhone.Build.0 = Release|Any CPU
		{195A8CA4-2680-4010-AECF-EA2742240DC1}.Ad-Hoc|iPhoneSimulator.ActiveCfg = Release|Any CPU
		{195A8CA4-2680-4010-AECF-EA2742240DC1}.Ad-Hoc|iPhoneSimulator.Build.0 = Release|Any CPU
		{195A8CA4-2680-4010-AECF-EA2742240DC1}.Ad-Hoc|Mixed Platforms.ActiveCfg = Release|Any CPU
		{195A8CA4-2680-4010-AECF-EA2742240DC1}.Ad-Hoc|Mixed Platforms.Build.0 = Release|Any CPU
		{195A8CA4-2680-4010-AECF-EA2742240DC1}.Ad-Hoc|x86.ActiveCfg = Release|Any CPU
		{195A8CA4-2680-4010-AECF-EA2742240DC1}.Ad-Hoc|x86.Build.0 = Release|Any CPU
		{195A8CA4-2680-4010-AECF-EA2742240DC1}.AppStore|Any CPU.ActiveCfg = Release|Any CPU
		{195A8CA4-2680-4010-AECF-EA2742240DC1}.AppStore|Any CPU.Build.0 = Release|Any CPU
		{195A8CA4-2680-4010-AECF-EA2742240DC1}.AppStore|iPhone.ActiveCfg = Release|Any CPU
		{195A8CA4-2680-4010-AECF-EA2742240DC1}.AppStore|iPhone.Build.0 = Release|Any CPU
		{195A8CA4-2680-4010-AECF-EA2742240DC1}.AppStore|iPhoneSimulator.ActiveCfg = Release|Any CPU
		{195A8CA4-2680-4010-AECF-EA2742240DC1}.AppStore|iPhoneSimulator.Build.0 = Release|Any CPU
		{195A8CA4-2680-4010-AECF-EA2742240DC1}.AppStore|Mixed Platforms.ActiveCfg = Release|Any CPU
		{195A8CA4-2680-4010-AECF-EA2742240DC1}.AppStore|Mixed Platforms.Build.0 = Release|Any CPU
		{195A8CA4-2680-4010-AECF-EA2742240DC1}.AppStore|x86.ActiveCfg = Release|Any CPU
		{195A8CA4-2680-4010-AECF-EA2742240DC1}.AppStore|x86.Build.0 = Release|Any CPU
		{195A8CA4-2680-4010-AECF-EA2742240DC1}.Debug|Any CPU.ActiveCfg = Debug|Any CPU
		{195A8CA4-2680-4010-AECF-EA2742240DC1}.Debug|Any CPU.Build.0 = Debug|Any CPU
		{195A8CA4-2680-4010-AECF-EA2742240DC1}.Debug|iPhone.ActiveCfg = Debug|Any CPU
		{195A8CA4-2680-4010-AECF-EA2742240DC1}.Debug|iPhone.Build.0 = Debug|Any CPU
		{195A8CA4-2680-4010-AECF-EA2742240DC1}.Debug|iPhoneSimulator.ActiveCfg = Debug|Any CPU
		{195A8CA4-2680-4010-AECF-EA2742240DC1}.Debug|iPhoneSimulator.Build.0 = Debug|Any CPU
		{195A8CA4-2680-4010-AECF-EA2742240DC1}.Debug|Mixed Platforms.ActiveCfg = Debug|Any CPU
		{195A8CA4-2680-4010-AECF-EA2742240DC1}.Debug|Mixed Platforms.Build.0 = Debug|Any CPU
		{195A8CA4-2680-4010-AECF-EA2742240DC1}.Debug|x86.ActiveCfg = Debug|Any CPU
		{195A8CA4-2680-4010-AECF-EA2742240DC1}.Debug|x86.Build.0 = Debug|Any CPU
		{195A8CA4-2680-4010-AECF-EA2742240DC1}.Release|Any CPU.ActiveCfg = Release|Any CPU
		{195A8CA4-2680-4010-AECF-EA2742240DC1}.Release|Any CPU.Build.0 = Release|Any CPU
		{195A8CA4-2680-4010-AECF-EA2742240DC1}.Release|iPhone.ActiveCfg = Release|Any CPU
		{195A8CA4-2680-4010-AECF-EA2742240DC1}.Release|iPhone.Build.0 = Release|Any CPU
		{195A8CA4-2680-4010-AECF-EA2742240DC1}.Release|iPhoneSimulator.ActiveCfg = Release|Any CPU
		{195A8CA4-2680-4010-AECF-EA2742240DC1}.Release|iPhoneSimulator.Build.0 = Release|Any CPU
		{195A8CA4-2680-4010-AECF-EA2742240DC1}.Release|Mixed Platforms.ActiveCfg = Release|Any CPU
		{195A8CA4-2680-4010-AECF-EA2742240DC1}.Release|Mixed Platforms.Build.0 = Release|Any CPU
		{195A8CA4-2680-4010-AECF-EA2742240DC1}.Release|x86.ActiveCfg = Release|Any CPU
		{195A8CA4-2680-4010-AECF-EA2742240DC1}.Release|x86.Build.0 = Release|Any CPU
		{737E13A4-29FC-4524-A07C-444C3BF22324}.Ad-Hoc|Any CPU.ActiveCfg = Release|Any CPU
		{737E13A4-29FC-4524-A07C-444C3BF22324}.Ad-Hoc|Any CPU.Build.0 = Release|Any CPU
		{737E13A4-29FC-4524-A07C-444C3BF22324}.Ad-Hoc|iPhone.ActiveCfg = Release|Any CPU
		{737E13A4-29FC-4524-A07C-444C3BF22324}.Ad-Hoc|iPhone.Build.0 = Release|Any CPU
		{737E13A4-29FC-4524-A07C-444C3BF22324}.Ad-Hoc|iPhoneSimulator.ActiveCfg = Release|Any CPU
		{737E13A4-29FC-4524-A07C-444C3BF22324}.Ad-Hoc|iPhoneSimulator.Build.0 = Release|Any CPU
		{737E13A4-29FC-4524-A07C-444C3BF22324}.Ad-Hoc|Mixed Platforms.ActiveCfg = Release|Any CPU
		{737E13A4-29FC-4524-A07C-444C3BF22324}.Ad-Hoc|Mixed Platforms.Build.0 = Release|Any CPU
		{737E13A4-29FC-4524-A07C-444C3BF22324}.Ad-Hoc|x86.ActiveCfg = Release|Any CPU
		{737E13A4-29FC-4524-A07C-444C3BF22324}.Ad-Hoc|x86.Build.0 = Release|Any CPU
		{737E13A4-29FC-4524-A07C-444C3BF22324}.AppStore|Any CPU.ActiveCfg = Release|Any CPU
		{737E13A4-29FC-4524-A07C-444C3BF22324}.AppStore|Any CPU.Build.0 = Release|Any CPU
		{737E13A4-29FC-4524-A07C-444C3BF22324}.AppStore|iPhone.ActiveCfg = Release|Any CPU
		{737E13A4-29FC-4524-A07C-444C3BF22324}.AppStore|iPhone.Build.0 = Release|Any CPU
		{737E13A4-29FC-4524-A07C-444C3BF22324}.AppStore|iPhoneSimulator.ActiveCfg = Release|Any CPU
		{737E13A4-29FC-4524-A07C-444C3BF22324}.AppStore|iPhoneSimulator.Build.0 = Release|Any CPU
		{737E13A4-29FC-4524-A07C-444C3BF22324}.AppStore|Mixed Platforms.ActiveCfg = Release|Any CPU
		{737E13A4-29FC-4524-A07C-444C3BF22324}.AppStore|Mixed Platforms.Build.0 = Release|Any CPU
		{737E13A4-29FC-4524-A07C-444C3BF22324}.AppStore|x86.ActiveCfg = Release|Any CPU
		{737E13A4-29FC-4524-A07C-444C3BF22324}.AppStore|x86.Build.0 = Release|Any CPU
		{737E13A4-29FC-4524-A07C-444C3BF22324}.Debug|Any CPU.ActiveCfg = Debug|Any CPU
		{737E13A4-29FC-4524-A07C-444C3BF22324}.Debug|Any CPU.Build.0 = Debug|Any CPU
		{737E13A4-29FC-4524-A07C-444C3BF22324}.Debug|iPhone.ActiveCfg = Debug|Any CPU
		{737E13A4-29FC-4524-A07C-444C3BF22324}.Debug|iPhone.Build.0 = Debug|Any CPU
		{737E13A4-29FC-4524-A07C-444C3BF22324}.Debug|iPhoneSimulator.ActiveCfg = Debug|Any CPU
		{737E13A4-29FC-4524-A07C-444C3BF22324}.Debug|iPhoneSimulator.Build.0 = Debug|Any CPU
		{737E13A4-29FC-4524-A07C-444C3BF22324}.Debug|Mixed Platforms.ActiveCfg = Debug|Any CPU
		{737E13A4-29FC-4524-A07C-444C3BF22324}.Debug|Mixed Platforms.Build.0 = Debug|Any CPU
		{737E13A4-29FC-4524-A07C-444C3BF22324}.Debug|x86.ActiveCfg = Debug|Any CPU
		{737E13A4-29FC-4524-A07C-444C3BF22324}.Release|Any CPU.ActiveCfg = Release|Any CPU
		{737E13A4-29FC-4524-A07C-444C3BF22324}.Release|Any CPU.Build.0 = Release|Any CPU
		{737E13A4-29FC-4524-A07C-444C3BF22324}.Release|iPhone.ActiveCfg = Release|Any CPU
		{737E13A4-29FC-4524-A07C-444C3BF22324}.Release|iPhone.Build.0 = Release|Any CPU
		{737E13A4-29FC-4524-A07C-444C3BF22324}.Release|iPhoneSimulator.ActiveCfg = Release|Any CPU
		{737E13A4-29FC-4524-A07C-444C3BF22324}.Release|iPhoneSimulator.Build.0 = Release|Any CPU
		{737E13A4-29FC-4524-A07C-444C3BF22324}.Release|Mixed Platforms.ActiveCfg = Release|Any CPU
		{737E13A4-29FC-4524-A07C-444C3BF22324}.Release|Mixed Platforms.Build.0 = Release|Any CPU
		{737E13A4-29FC-4524-A07C-444C3BF22324}.Release|x86.ActiveCfg = Release|Any CPU
		{FCC27F60-7EDF-464B-9876-F196A4A7DFB3}.Ad-Hoc|Any CPU.ActiveCfg = Release|Any CPU
		{FCC27F60-7EDF-464B-9876-F196A4A7DFB3}.Ad-Hoc|Any CPU.Build.0 = Release|Any CPU
		{FCC27F60-7EDF-464B-9876-F196A4A7DFB3}.Ad-Hoc|iPhone.ActiveCfg = Release|Any CPU
		{FCC27F60-7EDF-464B-9876-F196A4A7DFB3}.Ad-Hoc|iPhone.Build.0 = Release|Any CPU
		{FCC27F60-7EDF-464B-9876-F196A4A7DFB3}.Ad-Hoc|iPhoneSimulator.ActiveCfg = Release|Any CPU
		{FCC27F60-7EDF-464B-9876-F196A4A7DFB3}.Ad-Hoc|iPhoneSimulator.Build.0 = Release|Any CPU
		{FCC27F60-7EDF-464B-9876-F196A4A7DFB3}.Ad-Hoc|Mixed Platforms.ActiveCfg = Release|Any CPU
		{FCC27F60-7EDF-464B-9876-F196A4A7DFB3}.Ad-Hoc|Mixed Platforms.Build.0 = Release|Any CPU
		{FCC27F60-7EDF-464B-9876-F196A4A7DFB3}.Ad-Hoc|x86.ActiveCfg = Release|Any CPU
		{FCC27F60-7EDF-464B-9876-F196A4A7DFB3}.Ad-Hoc|x86.Build.0 = Release|Any CPU
		{FCC27F60-7EDF-464B-9876-F196A4A7DFB3}.AppStore|Any CPU.ActiveCfg = Release|Any CPU
		{FCC27F60-7EDF-464B-9876-F196A4A7DFB3}.AppStore|Any CPU.Build.0 = Release|Any CPU
		{FCC27F60-7EDF-464B-9876-F196A4A7DFB3}.AppStore|iPhone.ActiveCfg = Release|Any CPU
		{FCC27F60-7EDF-464B-9876-F196A4A7DFB3}.AppStore|iPhone.Build.0 = Release|Any CPU
		{FCC27F60-7EDF-464B-9876-F196A4A7DFB3}.AppStore|iPhoneSimulator.ActiveCfg = Release|Any CPU
		{FCC27F60-7EDF-464B-9876-F196A4A7DFB3}.AppStore|iPhoneSimulator.Build.0 = Release|Any CPU
		{FCC27F60-7EDF-464B-9876-F196A4A7DFB3}.AppStore|Mixed Platforms.ActiveCfg = Release|Any CPU
		{FCC27F60-7EDF-464B-9876-F196A4A7DFB3}.AppStore|Mixed Platforms.Build.0 = Release|Any CPU
		{FCC27F60-7EDF-464B-9876-F196A4A7DFB3}.AppStore|x86.ActiveCfg = Release|Any CPU
		{FCC27F60-7EDF-464B-9876-F196A4A7DFB3}.AppStore|x86.Build.0 = Release|Any CPU
		{FCC27F60-7EDF-464B-9876-F196A4A7DFB3}.Debug|Any CPU.ActiveCfg = Debug|Any CPU
		{FCC27F60-7EDF-464B-9876-F196A4A7DFB3}.Debug|Any CPU.Build.0 = Debug|Any CPU
		{FCC27F60-7EDF-464B-9876-F196A4A7DFB3}.Debug|iPhone.ActiveCfg = Debug|Any CPU
		{FCC27F60-7EDF-464B-9876-F196A4A7DFB3}.Debug|iPhone.Build.0 = Debug|Any CPU
		{FCC27F60-7EDF-464B-9876-F196A4A7DFB3}.Debug|iPhoneSimulator.ActiveCfg = Debug|Any CPU
		{FCC27F60-7EDF-464B-9876-F196A4A7DFB3}.Debug|iPhoneSimulator.Build.0 = Debug|Any CPU
		{FCC27F60-7EDF-464B-9876-F196A4A7DFB3}.Debug|Mixed Platforms.ActiveCfg = Debug|Any CPU
		{FCC27F60-7EDF-464B-9876-F196A4A7DFB3}.Debug|Mixed Platforms.Build.0 = Debug|Any CPU
		{FCC27F60-7EDF-464B-9876-F196A4A7DFB3}.Debug|x86.ActiveCfg = Debug|Any CPU
		{FCC27F60-7EDF-464B-9876-F196A4A7DFB3}.Debug|x86.Build.0 = Debug|Any CPU
		{FCC27F60-7EDF-464B-9876-F196A4A7DFB3}.Release|Any CPU.ActiveCfg = Release|Any CPU
		{FCC27F60-7EDF-464B-9876-F196A4A7DFB3}.Release|Any CPU.Build.0 = Release|Any CPU
		{FCC27F60-7EDF-464B-9876-F196A4A7DFB3}.Release|iPhone.ActiveCfg = Release|Any CPU
		{FCC27F60-7EDF-464B-9876-F196A4A7DFB3}.Release|iPhone.Build.0 = Release|Any CPU
		{FCC27F60-7EDF-464B-9876-F196A4A7DFB3}.Release|iPhoneSimulator.ActiveCfg = Release|Any CPU
		{FCC27F60-7EDF-464B-9876-F196A4A7DFB3}.Release|iPhoneSimulator.Build.0 = Release|Any CPU
		{FCC27F60-7EDF-464B-9876-F196A4A7DFB3}.Release|Mixed Platforms.ActiveCfg = Release|Any CPU
		{FCC27F60-7EDF-464B-9876-F196A4A7DFB3}.Release|Mixed Platforms.Build.0 = Release|Any CPU
		{FCC27F60-7EDF-464B-9876-F196A4A7DFB3}.Release|x86.ActiveCfg = Release|Any CPU
		{FCC27F60-7EDF-464B-9876-F196A4A7DFB3}.Release|x86.Build.0 = Release|Any CPU
		{4766E44D-1C55-4022-8CC8-2FD2FE616DFA}.Ad-Hoc|Any CPU.ActiveCfg = Release|Any CPU
		{4766E44D-1C55-4022-8CC8-2FD2FE616DFA}.Ad-Hoc|Any CPU.Build.0 = Release|Any CPU
		{4766E44D-1C55-4022-8CC8-2FD2FE616DFA}.Ad-Hoc|iPhone.ActiveCfg = Release|Any CPU
		{4766E44D-1C55-4022-8CC8-2FD2FE616DFA}.Ad-Hoc|iPhone.Build.0 = Release|Any CPU
		{4766E44D-1C55-4022-8CC8-2FD2FE616DFA}.Ad-Hoc|iPhoneSimulator.ActiveCfg = Release|Any CPU
		{4766E44D-1C55-4022-8CC8-2FD2FE616DFA}.Ad-Hoc|iPhoneSimulator.Build.0 = Release|Any CPU
		{4766E44D-1C55-4022-8CC8-2FD2FE616DFA}.Ad-Hoc|Mixed Platforms.ActiveCfg = Release|Any CPU
		{4766E44D-1C55-4022-8CC8-2FD2FE616DFA}.Ad-Hoc|Mixed Platforms.Build.0 = Release|Any CPU
		{4766E44D-1C55-4022-8CC8-2FD2FE616DFA}.Ad-Hoc|x86.ActiveCfg = Release|Any CPU
		{4766E44D-1C55-4022-8CC8-2FD2FE616DFA}.Ad-Hoc|x86.Build.0 = Release|Any CPU
		{4766E44D-1C55-4022-8CC8-2FD2FE616DFA}.AppStore|Any CPU.ActiveCfg = Release|Any CPU
		{4766E44D-1C55-4022-8CC8-2FD2FE616DFA}.AppStore|Any CPU.Build.0 = Release|Any CPU
		{4766E44D-1C55-4022-8CC8-2FD2FE616DFA}.AppStore|iPhone.ActiveCfg = Release|Any CPU
		{4766E44D-1C55-4022-8CC8-2FD2FE616DFA}.AppStore|iPhone.Build.0 = Release|Any CPU
		{4766E44D-1C55-4022-8CC8-2FD2FE616DFA}.AppStore|iPhoneSimulator.ActiveCfg = Release|Any CPU
		{4766E44D-1C55-4022-8CC8-2FD2FE616DFA}.AppStore|iPhoneSimulator.Build.0 = Release|Any CPU
		{4766E44D-1C55-4022-8CC8-2FD2FE616DFA}.AppStore|Mixed Platforms.ActiveCfg = Release|Any CPU
		{4766E44D-1C55-4022-8CC8-2FD2FE616DFA}.AppStore|Mixed Platforms.Build.0 = Release|Any CPU
		{4766E44D-1C55-4022-8CC8-2FD2FE616DFA}.AppStore|x86.ActiveCfg = Release|Any CPU
		{4766E44D-1C55-4022-8CC8-2FD2FE616DFA}.AppStore|x86.Build.0 = Release|Any CPU
		{4766E44D-1C55-4022-8CC8-2FD2FE616DFA}.Debug|Any CPU.ActiveCfg = Debug|Any CPU
		{4766E44D-1C55-4022-8CC8-2FD2FE616DFA}.Debug|Any CPU.Build.0 = Debug|Any CPU
		{4766E44D-1C55-4022-8CC8-2FD2FE616DFA}.Debug|iPhone.ActiveCfg = Debug|Any CPU
		{4766E44D-1C55-4022-8CC8-2FD2FE616DFA}.Debug|iPhone.Build.0 = Debug|Any CPU
		{4766E44D-1C55-4022-8CC8-2FD2FE616DFA}.Debug|iPhoneSimulator.ActiveCfg = Debug|Any CPU
		{4766E44D-1C55-4022-8CC8-2FD2FE616DFA}.Debug|iPhoneSimulator.Build.0 = Debug|Any CPU
		{4766E44D-1C55-4022-8CC8-2FD2FE616DFA}.Debug|Mixed Platforms.ActiveCfg = Debug|Any CPU
		{4766E44D-1C55-4022-8CC8-2FD2FE616DFA}.Debug|Mixed Platforms.Build.0 = Debug|Any CPU
		{4766E44D-1C55-4022-8CC8-2FD2FE616DFA}.Debug|x86.ActiveCfg = Debug|Any CPU
		{4766E44D-1C55-4022-8CC8-2FD2FE616DFA}.Debug|x86.Build.0 = Debug|Any CPU
		{4766E44D-1C55-4022-8CC8-2FD2FE616DFA}.Release|Any CPU.ActiveCfg = Release|Any CPU
		{4766E44D-1C55-4022-8CC8-2FD2FE616DFA}.Release|Any CPU.Build.0 = Release|Any CPU
		{4766E44D-1C55-4022-8CC8-2FD2FE616DFA}.Release|iPhone.ActiveCfg = Release|Any CPU
		{4766E44D-1C55-4022-8CC8-2FD2FE616DFA}.Release|iPhone.Build.0 = Release|Any CPU
		{4766E44D-1C55-4022-8CC8-2FD2FE616DFA}.Release|iPhoneSimulator.ActiveCfg = Release|Any CPU
		{4766E44D-1C55-4022-8CC8-2FD2FE616DFA}.Release|iPhoneSimulator.Build.0 = Release|Any CPU
		{4766E44D-1C55-4022-8CC8-2FD2FE616DFA}.Release|Mixed Platforms.ActiveCfg = Release|Any CPU
		{4766E44D-1C55-4022-8CC8-2FD2FE616DFA}.Release|Mixed Platforms.Build.0 = Release|Any CPU
		{4766E44D-1C55-4022-8CC8-2FD2FE616DFA}.Release|x86.ActiveCfg = Release|Any CPU
		{4766E44D-1C55-4022-8CC8-2FD2FE616DFA}.Release|x86.Build.0 = Release|Any CPU
		{877789C5-C568-4628-A553-9B79B162EBC1}.Ad-Hoc|Any CPU.ActiveCfg = Release|Any CPU
		{877789C5-C568-4628-A553-9B79B162EBC1}.Ad-Hoc|Any CPU.Build.0 = Release|Any CPU
		{877789C5-C568-4628-A553-9B79B162EBC1}.Ad-Hoc|iPhone.ActiveCfg = Release|Any CPU
		{877789C5-C568-4628-A553-9B79B162EBC1}.Ad-Hoc|iPhone.Build.0 = Release|Any CPU
		{877789C5-C568-4628-A553-9B79B162EBC1}.Ad-Hoc|iPhoneSimulator.ActiveCfg = Release|Any CPU
		{877789C5-C568-4628-A553-9B79B162EBC1}.Ad-Hoc|iPhoneSimulator.Build.0 = Release|Any CPU
		{877789C5-C568-4628-A553-9B79B162EBC1}.Ad-Hoc|Mixed Platforms.ActiveCfg = Release|Any CPU
		{877789C5-C568-4628-A553-9B79B162EBC1}.Ad-Hoc|Mixed Platforms.Build.0 = Release|Any CPU
		{877789C5-C568-4628-A553-9B79B162EBC1}.Ad-Hoc|x86.ActiveCfg = Release|Any CPU
		{877789C5-C568-4628-A553-9B79B162EBC1}.Ad-Hoc|x86.Build.0 = Release|Any CPU
		{877789C5-C568-4628-A553-9B79B162EBC1}.AppStore|Any CPU.ActiveCfg = Release|Any CPU
		{877789C5-C568-4628-A553-9B79B162EBC1}.AppStore|Any CPU.Build.0 = Release|Any CPU
		{877789C5-C568-4628-A553-9B79B162EBC1}.AppStore|iPhone.ActiveCfg = Release|Any CPU
		{877789C5-C568-4628-A553-9B79B162EBC1}.AppStore|iPhone.Build.0 = Release|Any CPU
		{877789C5-C568-4628-A553-9B79B162EBC1}.AppStore|iPhoneSimulator.ActiveCfg = Release|Any CPU
		{877789C5-C568-4628-A553-9B79B162EBC1}.AppStore|iPhoneSimulator.Build.0 = Release|Any CPU
		{877789C5-C568-4628-A553-9B79B162EBC1}.AppStore|Mixed Platforms.ActiveCfg = Release|Any CPU
		{877789C5-C568-4628-A553-9B79B162EBC1}.AppStore|Mixed Platforms.Build.0 = Release|Any CPU
		{877789C5-C568-4628-A553-9B79B162EBC1}.AppStore|x86.ActiveCfg = Release|Any CPU
		{877789C5-C568-4628-A553-9B79B162EBC1}.AppStore|x86.Build.0 = Release|Any CPU
		{877789C5-C568-4628-A553-9B79B162EBC1}.Debug|Any CPU.ActiveCfg = Debug|Any CPU
		{877789C5-C568-4628-A553-9B79B162EBC1}.Debug|Any CPU.Build.0 = Debug|Any CPU
		{877789C5-C568-4628-A553-9B79B162EBC1}.Debug|iPhone.ActiveCfg = Debug|Any CPU
		{877789C5-C568-4628-A553-9B79B162EBC1}.Debug|iPhone.Build.0 = Debug|Any CPU
		{877789C5-C568-4628-A553-9B79B162EBC1}.Debug|iPhoneSimulator.ActiveCfg = Debug|Any CPU
		{877789C5-C568-4628-A553-9B79B162EBC1}.Debug|iPhoneSimulator.Build.0 = Debug|Any CPU
		{877789C5-C568-4628-A553-9B79B162EBC1}.Debug|Mixed Platforms.ActiveCfg = Debug|Any CPU
		{877789C5-C568-4628-A553-9B79B162EBC1}.Debug|Mixed Platforms.Build.0 = Debug|Any CPU
		{877789C5-C568-4628-A553-9B79B162EBC1}.Debug|x86.ActiveCfg = Debug|Any CPU
		{877789C5-C568-4628-A553-9B79B162EBC1}.Debug|x86.Build.0 = Debug|Any CPU
		{877789C5-C568-4628-A553-9B79B162EBC1}.Release|Any CPU.ActiveCfg = Release|Any CPU
		{877789C5-C568-4628-A553-9B79B162EBC1}.Release|Any CPU.Build.0 = Release|Any CPU
		{877789C5-C568-4628-A553-9B79B162EBC1}.Release|iPhone.ActiveCfg = Release|Any CPU
		{877789C5-C568-4628-A553-9B79B162EBC1}.Release|iPhone.Build.0 = Release|Any CPU
		{877789C5-C568-4628-A553-9B79B162EBC1}.Release|iPhoneSimulator.ActiveCfg = Release|Any CPU
		{877789C5-C568-4628-A553-9B79B162EBC1}.Release|iPhoneSimulator.Build.0 = Release|Any CPU
		{877789C5-C568-4628-A553-9B79B162EBC1}.Release|Mixed Platforms.ActiveCfg = Release|Any CPU
		{877789C5-C568-4628-A553-9B79B162EBC1}.Release|Mixed Platforms.Build.0 = Release|Any CPU
		{877789C5-C568-4628-A553-9B79B162EBC1}.Release|x86.ActiveCfg = Release|Any CPU
		{877789C5-C568-4628-A553-9B79B162EBC1}.Release|x86.Build.0 = Release|Any CPU
		{B75EFE30-51BC-4514-95C5-EC7ABB896627}.Ad-Hoc|Any CPU.ActiveCfg = Release|Any CPU
		{B75EFE30-51BC-4514-95C5-EC7ABB896627}.Ad-Hoc|Any CPU.Build.0 = Release|Any CPU
		{B75EFE30-51BC-4514-95C5-EC7ABB896627}.Ad-Hoc|iPhone.ActiveCfg = Release|Any CPU
		{B75EFE30-51BC-4514-95C5-EC7ABB896627}.Ad-Hoc|iPhone.Build.0 = Release|Any CPU
		{B75EFE30-51BC-4514-95C5-EC7ABB896627}.Ad-Hoc|iPhoneSimulator.ActiveCfg = Release|Any CPU
		{B75EFE30-51BC-4514-95C5-EC7ABB896627}.Ad-Hoc|iPhoneSimulator.Build.0 = Release|Any CPU
		{B75EFE30-51BC-4514-95C5-EC7ABB896627}.Ad-Hoc|Mixed Platforms.ActiveCfg = Release|Any CPU
		{B75EFE30-51BC-4514-95C5-EC7ABB896627}.Ad-Hoc|Mixed Platforms.Build.0 = Release|Any CPU
		{B75EFE30-51BC-4514-95C5-EC7ABB896627}.Ad-Hoc|x86.ActiveCfg = Release|Any CPU
		{B75EFE30-51BC-4514-95C5-EC7ABB896627}.Ad-Hoc|x86.Build.0 = Release|Any CPU
		{B75EFE30-51BC-4514-95C5-EC7ABB896627}.AppStore|Any CPU.ActiveCfg = Release|Any CPU
		{B75EFE30-51BC-4514-95C5-EC7ABB896627}.AppStore|Any CPU.Build.0 = Release|Any CPU
		{B75EFE30-51BC-4514-95C5-EC7ABB896627}.AppStore|iPhone.ActiveCfg = Release|Any CPU
		{B75EFE30-51BC-4514-95C5-EC7ABB896627}.AppStore|iPhone.Build.0 = Release|Any CPU
		{B75EFE30-51BC-4514-95C5-EC7ABB896627}.AppStore|iPhoneSimulator.ActiveCfg = Release|Any CPU
		{B75EFE30-51BC-4514-95C5-EC7ABB896627}.AppStore|iPhoneSimulator.Build.0 = Release|Any CPU
		{B75EFE30-51BC-4514-95C5-EC7ABB896627}.AppStore|Mixed Platforms.ActiveCfg = Release|Any CPU
		{B75EFE30-51BC-4514-95C5-EC7ABB896627}.AppStore|Mixed Platforms.Build.0 = Release|Any CPU
		{B75EFE30-51BC-4514-95C5-EC7ABB896627}.AppStore|x86.ActiveCfg = Release|Any CPU
		{B75EFE30-51BC-4514-95C5-EC7ABB896627}.AppStore|x86.Build.0 = Release|Any CPU
		{B75EFE30-51BC-4514-95C5-EC7ABB896627}.Debug|Any CPU.ActiveCfg = Debug|Any CPU
		{B75EFE30-51BC-4514-95C5-EC7ABB896627}.Debug|Any CPU.Build.0 = Debug|Any CPU
		{B75EFE30-51BC-4514-95C5-EC7ABB896627}.Debug|iPhone.ActiveCfg = Debug|Any CPU
		{B75EFE30-51BC-4514-95C5-EC7ABB896627}.Debug|iPhone.Build.0 = Debug|Any CPU
		{B75EFE30-51BC-4514-95C5-EC7ABB896627}.Debug|iPhoneSimulator.ActiveCfg = Debug|Any CPU
		{B75EFE30-51BC-4514-95C5-EC7ABB896627}.Debug|iPhoneSimulator.Build.0 = Debug|Any CPU
		{B75EFE30-51BC-4514-95C5-EC7ABB896627}.Debug|Mixed Platforms.ActiveCfg = Debug|Any CPU
		{B75EFE30-51BC-4514-95C5-EC7ABB896627}.Debug|Mixed Platforms.Build.0 = Debug|Any CPU
		{B75EFE30-51BC-4514-95C5-EC7ABB896627}.Debug|x86.ActiveCfg = Debug|Any CPU
		{B75EFE30-51BC-4514-95C5-EC7ABB896627}.Debug|x86.Build.0 = Debug|Any CPU
		{B75EFE30-51BC-4514-95C5-EC7ABB896627}.Release|Any CPU.ActiveCfg = Release|Any CPU
		{B75EFE30-51BC-4514-95C5-EC7ABB896627}.Release|Any CPU.Build.0 = Release|Any CPU
		{B75EFE30-51BC-4514-95C5-EC7ABB896627}.Release|iPhone.ActiveCfg = Release|Any CPU
		{B75EFE30-51BC-4514-95C5-EC7ABB896627}.Release|iPhone.Build.0 = Release|Any CPU
		{B75EFE30-51BC-4514-95C5-EC7ABB896627}.Release|iPhoneSimulator.ActiveCfg = Release|Any CPU
		{B75EFE30-51BC-4514-95C5-EC7ABB896627}.Release|iPhoneSimulator.Build.0 = Release|Any CPU
		{B75EFE30-51BC-4514-95C5-EC7ABB896627}.Release|Mixed Platforms.ActiveCfg = Release|Any CPU
		{B75EFE30-51BC-4514-95C5-EC7ABB896627}.Release|Mixed Platforms.Build.0 = Release|Any CPU
		{B75EFE30-51BC-4514-95C5-EC7ABB896627}.Release|x86.ActiveCfg = Release|Any CPU
		{B75EFE30-51BC-4514-95C5-EC7ABB896627}.Release|x86.Build.0 = Release|Any CPU
		{D6E5C050-20C7-48B7-AF75-0B4A17CFF7A7}.Ad-Hoc|Any CPU.ActiveCfg = Release|Any CPU
		{D6E5C050-20C7-48B7-AF75-0B4A17CFF7A7}.Ad-Hoc|Any CPU.Build.0 = Release|Any CPU
		{D6E5C050-20C7-48B7-AF75-0B4A17CFF7A7}.Ad-Hoc|iPhone.ActiveCfg = Release|Any CPU
		{D6E5C050-20C7-48B7-AF75-0B4A17CFF7A7}.Ad-Hoc|iPhone.Build.0 = Release|Any CPU
		{D6E5C050-20C7-48B7-AF75-0B4A17CFF7A7}.Ad-Hoc|iPhoneSimulator.ActiveCfg = Release|Any CPU
		{D6E5C050-20C7-48B7-AF75-0B4A17CFF7A7}.Ad-Hoc|iPhoneSimulator.Build.0 = Release|Any CPU
		{D6E5C050-20C7-48B7-AF75-0B4A17CFF7A7}.Ad-Hoc|Mixed Platforms.ActiveCfg = Release|Any CPU
		{D6E5C050-20C7-48B7-AF75-0B4A17CFF7A7}.Ad-Hoc|Mixed Platforms.Build.0 = Release|Any CPU
		{D6E5C050-20C7-48B7-AF75-0B4A17CFF7A7}.Ad-Hoc|x86.ActiveCfg = Release|Any CPU
		{D6E5C050-20C7-48B7-AF75-0B4A17CFF7A7}.Ad-Hoc|x86.Build.0 = Release|Any CPU
		{D6E5C050-20C7-48B7-AF75-0B4A17CFF7A7}.AppStore|Any CPU.ActiveCfg = Release|Any CPU
		{D6E5C050-20C7-48B7-AF75-0B4A17CFF7A7}.AppStore|Any CPU.Build.0 = Release|Any CPU
		{D6E5C050-20C7-48B7-AF75-0B4A17CFF7A7}.AppStore|iPhone.ActiveCfg = Release|Any CPU
		{D6E5C050-20C7-48B7-AF75-0B4A17CFF7A7}.AppStore|iPhone.Build.0 = Release|Any CPU
		{D6E5C050-20C7-48B7-AF75-0B4A17CFF7A7}.AppStore|iPhoneSimulator.ActiveCfg = Release|Any CPU
		{D6E5C050-20C7-48B7-AF75-0B4A17CFF7A7}.AppStore|iPhoneSimulator.Build.0 = Release|Any CPU
		{D6E5C050-20C7-48B7-AF75-0B4A17CFF7A7}.AppStore|Mixed Platforms.ActiveCfg = Release|Any CPU
		{D6E5C050-20C7-48B7-AF75-0B4A17CFF7A7}.AppStore|Mixed Platforms.Build.0 = Release|Any CPU
		{D6E5C050-20C7-48B7-AF75-0B4A17CFF7A7}.AppStore|x86.ActiveCfg = Release|Any CPU
		{D6E5C050-20C7-48B7-AF75-0B4A17CFF7A7}.AppStore|x86.Build.0 = Release|Any CPU
		{D6E5C050-20C7-48B7-AF75-0B4A17CFF7A7}.Debug|Any CPU.ActiveCfg = Debug|Any CPU
		{D6E5C050-20C7-48B7-AF75-0B4A17CFF7A7}.Debug|Any CPU.Build.0 = Debug|Any CPU
		{D6E5C050-20C7-48B7-AF75-0B4A17CFF7A7}.Debug|iPhone.ActiveCfg = Debug|Any CPU
		{D6E5C050-20C7-48B7-AF75-0B4A17CFF7A7}.Debug|iPhone.Build.0 = Debug|Any CPU
		{D6E5C050-20C7-48B7-AF75-0B4A17CFF7A7}.Debug|iPhoneSimulator.ActiveCfg = Debug|Any CPU
		{D6E5C050-20C7-48B7-AF75-0B4A17CFF7A7}.Debug|iPhoneSimulator.Build.0 = Debug|Any CPU
		{D6E5C050-20C7-48B7-AF75-0B4A17CFF7A7}.Debug|Mixed Platforms.ActiveCfg = Debug|Any CPU
		{D6E5C050-20C7-48B7-AF75-0B4A17CFF7A7}.Debug|Mixed Platforms.Build.0 = Debug|Any CPU
		{D6E5C050-20C7-48B7-AF75-0B4A17CFF7A7}.Debug|x86.ActiveCfg = Debug|Any CPU
		{D6E5C050-20C7-48B7-AF75-0B4A17CFF7A7}.Debug|x86.Build.0 = Debug|Any CPU
		{D6E5C050-20C7-48B7-AF75-0B4A17CFF7A7}.Release|Any CPU.ActiveCfg = Release|Any CPU
		{D6E5C050-20C7-48B7-AF75-0B4A17CFF7A7}.Release|Any CPU.Build.0 = Release|Any CPU
		{D6E5C050-20C7-48B7-AF75-0B4A17CFF7A7}.Release|iPhone.ActiveCfg = Release|Any CPU
		{D6E5C050-20C7-48B7-AF75-0B4A17CFF7A7}.Release|iPhone.Build.0 = Release|Any CPU
		{D6E5C050-20C7-48B7-AF75-0B4A17CFF7A7}.Release|iPhoneSimulator.ActiveCfg = Release|Any CPU
		{D6E5C050-20C7-48B7-AF75-0B4A17CFF7A7}.Release|iPhoneSimulator.Build.0 = Release|Any CPU
		{D6E5C050-20C7-48B7-AF75-0B4A17CFF7A7}.Release|Mixed Platforms.ActiveCfg = Release|Any CPU
		{D6E5C050-20C7-48B7-AF75-0B4A17CFF7A7}.Release|Mixed Platforms.Build.0 = Release|Any CPU
		{D6E5C050-20C7-48B7-AF75-0B4A17CFF7A7}.Release|x86.ActiveCfg = Release|Any CPU
		{D6E5C050-20C7-48B7-AF75-0B4A17CFF7A7}.Release|x86.Build.0 = Release|Any CPU
		{CB193F61-3292-44D4-ADF9-A2283B2DC797}.Ad-Hoc|Any CPU.ActiveCfg = Release|Any CPU
		{CB193F61-3292-44D4-ADF9-A2283B2DC797}.Ad-Hoc|Any CPU.Build.0 = Release|Any CPU
		{CB193F61-3292-44D4-ADF9-A2283B2DC797}.Ad-Hoc|iPhone.ActiveCfg = Release|Any CPU
		{CB193F61-3292-44D4-ADF9-A2283B2DC797}.Ad-Hoc|iPhone.Build.0 = Release|Any CPU
		{CB193F61-3292-44D4-ADF9-A2283B2DC797}.Ad-Hoc|iPhoneSimulator.ActiveCfg = Release|Any CPU
		{CB193F61-3292-44D4-ADF9-A2283B2DC797}.Ad-Hoc|iPhoneSimulator.Build.0 = Release|Any CPU
		{CB193F61-3292-44D4-ADF9-A2283B2DC797}.Ad-Hoc|Mixed Platforms.ActiveCfg = Release|Any CPU
		{CB193F61-3292-44D4-ADF9-A2283B2DC797}.Ad-Hoc|Mixed Platforms.Build.0 = Release|Any CPU
		{CB193F61-3292-44D4-ADF9-A2283B2DC797}.Ad-Hoc|x86.ActiveCfg = Release|Any CPU
		{CB193F61-3292-44D4-ADF9-A2283B2DC797}.Ad-Hoc|x86.Build.0 = Release|Any CPU
		{CB193F61-3292-44D4-ADF9-A2283B2DC797}.AppStore|Any CPU.ActiveCfg = Release|Any CPU
		{CB193F61-3292-44D4-ADF9-A2283B2DC797}.AppStore|Any CPU.Build.0 = Release|Any CPU
		{CB193F61-3292-44D4-ADF9-A2283B2DC797}.AppStore|iPhone.ActiveCfg = Release|Any CPU
		{CB193F61-3292-44D4-ADF9-A2283B2DC797}.AppStore|iPhone.Build.0 = Release|Any CPU
		{CB193F61-3292-44D4-ADF9-A2283B2DC797}.AppStore|iPhoneSimulator.ActiveCfg = Release|Any CPU
		{CB193F61-3292-44D4-ADF9-A2283B2DC797}.AppStore|iPhoneSimulator.Build.0 = Release|Any CPU
		{CB193F61-3292-44D4-ADF9-A2283B2DC797}.AppStore|Mixed Platforms.ActiveCfg = Release|Any CPU
		{CB193F61-3292-44D4-ADF9-A2283B2DC797}.AppStore|Mixed Platforms.Build.0 = Release|Any CPU
		{CB193F61-3292-44D4-ADF9-A2283B2DC797}.AppStore|x86.ActiveCfg = Release|Any CPU
		{CB193F61-3292-44D4-ADF9-A2283B2DC797}.AppStore|x86.Build.0 = Release|Any CPU
		{CB193F61-3292-44D4-ADF9-A2283B2DC797}.Debug|Any CPU.ActiveCfg = Debug|Any CPU
		{CB193F61-3292-44D4-ADF9-A2283B2DC797}.Debug|Any CPU.Build.0 = Debug|Any CPU
		{CB193F61-3292-44D4-ADF9-A2283B2DC797}.Debug|iPhone.ActiveCfg = Debug|Any CPU
		{CB193F61-3292-44D4-ADF9-A2283B2DC797}.Debug|iPhone.Build.0 = Debug|Any CPU
		{CB193F61-3292-44D4-ADF9-A2283B2DC797}.Debug|iPhoneSimulator.ActiveCfg = Debug|Any CPU
		{CB193F61-3292-44D4-ADF9-A2283B2DC797}.Debug|iPhoneSimulator.Build.0 = Debug|Any CPU
		{CB193F61-3292-44D4-ADF9-A2283B2DC797}.Debug|Mixed Platforms.ActiveCfg = Debug|Any CPU
		{CB193F61-3292-44D4-ADF9-A2283B2DC797}.Debug|Mixed Platforms.Build.0 = Debug|Any CPU
		{CB193F61-3292-44D4-ADF9-A2283B2DC797}.Debug|x86.ActiveCfg = Debug|Any CPU
		{CB193F61-3292-44D4-ADF9-A2283B2DC797}.Debug|x86.Build.0 = Debug|Any CPU
		{CB193F61-3292-44D4-ADF9-A2283B2DC797}.Release|Any CPU.ActiveCfg = Release|Any CPU
		{CB193F61-3292-44D4-ADF9-A2283B2DC797}.Release|Any CPU.Build.0 = Release|Any CPU
		{CB193F61-3292-44D4-ADF9-A2283B2DC797}.Release|iPhone.ActiveCfg = Release|Any CPU
		{CB193F61-3292-44D4-ADF9-A2283B2DC797}.Release|iPhone.Build.0 = Release|Any CPU
		{CB193F61-3292-44D4-ADF9-A2283B2DC797}.Release|iPhoneSimulator.ActiveCfg = Release|Any CPU
		{CB193F61-3292-44D4-ADF9-A2283B2DC797}.Release|iPhoneSimulator.Build.0 = Release|Any CPU
		{CB193F61-3292-44D4-ADF9-A2283B2DC797}.Release|Mixed Platforms.ActiveCfg = Release|Any CPU
		{CB193F61-3292-44D4-ADF9-A2283B2DC797}.Release|Mixed Platforms.Build.0 = Release|Any CPU
		{CB193F61-3292-44D4-ADF9-A2283B2DC797}.Release|x86.ActiveCfg = Release|Any CPU
		{CB193F61-3292-44D4-ADF9-A2283B2DC797}.Release|x86.Build.0 = Release|Any CPU
		{9D248950-D9E5-43EC-8EEF-CC9D350BAE38}.Ad-Hoc|Any CPU.ActiveCfg = Release|Any CPU
		{9D248950-D9E5-43EC-8EEF-CC9D350BAE38}.Ad-Hoc|Any CPU.Build.0 = Release|Any CPU
		{9D248950-D9E5-43EC-8EEF-CC9D350BAE38}.Ad-Hoc|iPhone.ActiveCfg = Release|Any CPU
		{9D248950-D9E5-43EC-8EEF-CC9D350BAE38}.Ad-Hoc|iPhone.Build.0 = Release|Any CPU
		{9D248950-D9E5-43EC-8EEF-CC9D350BAE38}.Ad-Hoc|iPhoneSimulator.ActiveCfg = Release|Any CPU
		{9D248950-D9E5-43EC-8EEF-CC9D350BAE38}.Ad-Hoc|iPhoneSimulator.Build.0 = Release|Any CPU
		{9D248950-D9E5-43EC-8EEF-CC9D350BAE38}.Ad-Hoc|Mixed Platforms.ActiveCfg = Release|Any CPU
		{9D248950-D9E5-43EC-8EEF-CC9D350BAE38}.Ad-Hoc|Mixed Platforms.Build.0 = Release|Any CPU
		{9D248950-D9E5-43EC-8EEF-CC9D350BAE38}.Ad-Hoc|x86.ActiveCfg = Release|Any CPU
		{9D248950-D9E5-43EC-8EEF-CC9D350BAE38}.Ad-Hoc|x86.Build.0 = Release|Any CPU
		{9D248950-D9E5-43EC-8EEF-CC9D350BAE38}.AppStore|Any CPU.ActiveCfg = Release|Any CPU
		{9D248950-D9E5-43EC-8EEF-CC9D350BAE38}.AppStore|Any CPU.Build.0 = Release|Any CPU
		{9D248950-D9E5-43EC-8EEF-CC9D350BAE38}.AppStore|iPhone.ActiveCfg = Release|Any CPU
		{9D248950-D9E5-43EC-8EEF-CC9D350BAE38}.AppStore|iPhone.Build.0 = Release|Any CPU
		{9D248950-D9E5-43EC-8EEF-CC9D350BAE38}.AppStore|iPhoneSimulator.ActiveCfg = Release|Any CPU
		{9D248950-D9E5-43EC-8EEF-CC9D350BAE38}.AppStore|iPhoneSimulator.Build.0 = Release|Any CPU
		{9D248950-D9E5-43EC-8EEF-CC9D350BAE38}.AppStore|Mixed Platforms.ActiveCfg = Release|Any CPU
		{9D248950-D9E5-43EC-8EEF-CC9D350BAE38}.AppStore|Mixed Platforms.Build.0 = Release|Any CPU
		{9D248950-D9E5-43EC-8EEF-CC9D350BAE38}.AppStore|x86.ActiveCfg = Release|Any CPU
		{9D248950-D9E5-43EC-8EEF-CC9D350BAE38}.AppStore|x86.Build.0 = Release|Any CPU
		{9D248950-D9E5-43EC-8EEF-CC9D350BAE38}.Debug|Any CPU.ActiveCfg = Debug|Any CPU
		{9D248950-D9E5-43EC-8EEF-CC9D350BAE38}.Debug|Any CPU.Build.0 = Debug|Any CPU
		{9D248950-D9E5-43EC-8EEF-CC9D350BAE38}.Debug|iPhone.ActiveCfg = Debug|Any CPU
		{9D248950-D9E5-43EC-8EEF-CC9D350BAE38}.Debug|iPhone.Build.0 = Debug|Any CPU
		{9D248950-D9E5-43EC-8EEF-CC9D350BAE38}.Debug|iPhoneSimulator.ActiveCfg = Debug|Any CPU
		{9D248950-D9E5-43EC-8EEF-CC9D350BAE38}.Debug|iPhoneSimulator.Build.0 = Debug|Any CPU
		{9D248950-D9E5-43EC-8EEF-CC9D350BAE38}.Debug|Mixed Platforms.ActiveCfg = Debug|Any CPU
		{9D248950-D9E5-43EC-8EEF-CC9D350BAE38}.Debug|Mixed Platforms.Build.0 = Debug|Any CPU
		{9D248950-D9E5-43EC-8EEF-CC9D350BAE38}.Debug|x86.ActiveCfg = Debug|Any CPU
		{9D248950-D9E5-43EC-8EEF-CC9D350BAE38}.Debug|x86.Build.0 = Debug|Any CPU
		{9D248950-D9E5-43EC-8EEF-CC9D350BAE38}.Release|Any CPU.ActiveCfg = Release|Any CPU
		{9D248950-D9E5-43EC-8EEF-CC9D350BAE38}.Release|Any CPU.Build.0 = Release|Any CPU
		{9D248950-D9E5-43EC-8EEF-CC9D350BAE38}.Release|iPhone.ActiveCfg = Release|Any CPU
		{9D248950-D9E5-43EC-8EEF-CC9D350BAE38}.Release|iPhone.Build.0 = Release|Any CPU
		{9D248950-D9E5-43EC-8EEF-CC9D350BAE38}.Release|iPhoneSimulator.ActiveCfg = Release|Any CPU
		{9D248950-D9E5-43EC-8EEF-CC9D350BAE38}.Release|iPhoneSimulator.Build.0 = Release|Any CPU
		{9D248950-D9E5-43EC-8EEF-CC9D350BAE38}.Release|Mixed Platforms.ActiveCfg = Release|Any CPU
		{9D248950-D9E5-43EC-8EEF-CC9D350BAE38}.Release|Mixed Platforms.Build.0 = Release|Any CPU
		{9D248950-D9E5-43EC-8EEF-CC9D350BAE38}.Release|x86.ActiveCfg = Release|Any CPU
		{9D248950-D9E5-43EC-8EEF-CC9D350BAE38}.Release|x86.Build.0 = Release|Any CPU
		{F2377187-1A58-41D6-AD8F-15C02A3D82D9}.Ad-Hoc|Any CPU.ActiveCfg = Release|Any CPU
		{F2377187-1A58-41D6-AD8F-15C02A3D82D9}.Ad-Hoc|Any CPU.Build.0 = Release|Any CPU
		{F2377187-1A58-41D6-AD8F-15C02A3D82D9}.Ad-Hoc|iPhone.ActiveCfg = Release|Any CPU
		{F2377187-1A58-41D6-AD8F-15C02A3D82D9}.Ad-Hoc|iPhone.Build.0 = Release|Any CPU
		{F2377187-1A58-41D6-AD8F-15C02A3D82D9}.Ad-Hoc|iPhoneSimulator.ActiveCfg = Release|Any CPU
		{F2377187-1A58-41D6-AD8F-15C02A3D82D9}.Ad-Hoc|iPhoneSimulator.Build.0 = Release|Any CPU
		{F2377187-1A58-41D6-AD8F-15C02A3D82D9}.Ad-Hoc|Mixed Platforms.ActiveCfg = Release|Any CPU
		{F2377187-1A58-41D6-AD8F-15C02A3D82D9}.Ad-Hoc|Mixed Platforms.Build.0 = Release|Any CPU
		{F2377187-1A58-41D6-AD8F-15C02A3D82D9}.Ad-Hoc|x86.ActiveCfg = Release|Any CPU
		{F2377187-1A58-41D6-AD8F-15C02A3D82D9}.Ad-Hoc|x86.Build.0 = Release|Any CPU
		{F2377187-1A58-41D6-AD8F-15C02A3D82D9}.AppStore|Any CPU.ActiveCfg = Release|Any CPU
		{F2377187-1A58-41D6-AD8F-15C02A3D82D9}.AppStore|Any CPU.Build.0 = Release|Any CPU
		{F2377187-1A58-41D6-AD8F-15C02A3D82D9}.AppStore|iPhone.ActiveCfg = Release|Any CPU
		{F2377187-1A58-41D6-AD8F-15C02A3D82D9}.AppStore|iPhone.Build.0 = Release|Any CPU
		{F2377187-1A58-41D6-AD8F-15C02A3D82D9}.AppStore|iPhoneSimulator.ActiveCfg = Release|Any CPU
		{F2377187-1A58-41D6-AD8F-15C02A3D82D9}.AppStore|iPhoneSimulator.Build.0 = Release|Any CPU
		{F2377187-1A58-41D6-AD8F-15C02A3D82D9}.AppStore|Mixed Platforms.ActiveCfg = Release|Any CPU
		{F2377187-1A58-41D6-AD8F-15C02A3D82D9}.AppStore|Mixed Platforms.Build.0 = Release|Any CPU
		{F2377187-1A58-41D6-AD8F-15C02A3D82D9}.AppStore|x86.ActiveCfg = Release|Any CPU
		{F2377187-1A58-41D6-AD8F-15C02A3D82D9}.AppStore|x86.Build.0 = Release|Any CPU
		{F2377187-1A58-41D6-AD8F-15C02A3D82D9}.Debug|Any CPU.ActiveCfg = Debug|Any CPU
		{F2377187-1A58-41D6-AD8F-15C02A3D82D9}.Debug|Any CPU.Build.0 = Debug|Any CPU
		{F2377187-1A58-41D6-AD8F-15C02A3D82D9}.Debug|iPhone.ActiveCfg = Debug|Any CPU
		{F2377187-1A58-41D6-AD8F-15C02A3D82D9}.Debug|iPhone.Build.0 = Debug|Any CPU
		{F2377187-1A58-41D6-AD8F-15C02A3D82D9}.Debug|iPhoneSimulator.ActiveCfg = Debug|Any CPU
		{F2377187-1A58-41D6-AD8F-15C02A3D82D9}.Debug|iPhoneSimulator.Build.0 = Debug|Any CPU
		{F2377187-1A58-41D6-AD8F-15C02A3D82D9}.Debug|Mixed Platforms.ActiveCfg = Debug|Any CPU
		{F2377187-1A58-41D6-AD8F-15C02A3D82D9}.Debug|Mixed Platforms.Build.0 = Debug|Any CPU
		{F2377187-1A58-41D6-AD8F-15C02A3D82D9}.Debug|x86.ActiveCfg = Debug|Any CPU
		{F2377187-1A58-41D6-AD8F-15C02A3D82D9}.Debug|x86.Build.0 = Debug|Any CPU
		{F2377187-1A58-41D6-AD8F-15C02A3D82D9}.Release|Any CPU.ActiveCfg = Release|Any CPU
		{F2377187-1A58-41D6-AD8F-15C02A3D82D9}.Release|Any CPU.Build.0 = Release|Any CPU
		{F2377187-1A58-41D6-AD8F-15C02A3D82D9}.Release|iPhone.ActiveCfg = Release|Any CPU
		{F2377187-1A58-41D6-AD8F-15C02A3D82D9}.Release|iPhone.Build.0 = Release|Any CPU
		{F2377187-1A58-41D6-AD8F-15C02A3D82D9}.Release|iPhoneSimulator.ActiveCfg = Release|Any CPU
		{F2377187-1A58-41D6-AD8F-15C02A3D82D9}.Release|iPhoneSimulator.Build.0 = Release|Any CPU
		{F2377187-1A58-41D6-AD8F-15C02A3D82D9}.Release|Mixed Platforms.ActiveCfg = Release|Any CPU
		{F2377187-1A58-41D6-AD8F-15C02A3D82D9}.Release|Mixed Platforms.Build.0 = Release|Any CPU
		{F2377187-1A58-41D6-AD8F-15C02A3D82D9}.Release|x86.ActiveCfg = Release|Any CPU
		{F2377187-1A58-41D6-AD8F-15C02A3D82D9}.Release|x86.Build.0 = Release|Any CPU
		{630CF422-2C7D-4CD5-990F-71D50C02C3C4}.Ad-Hoc|Any CPU.ActiveCfg = Release|Any CPU
		{630CF422-2C7D-4CD5-990F-71D50C02C3C4}.Ad-Hoc|Any CPU.Build.0 = Release|Any CPU
		{630CF422-2C7D-4CD5-990F-71D50C02C3C4}.Ad-Hoc|iPhone.ActiveCfg = Release|Any CPU
		{630CF422-2C7D-4CD5-990F-71D50C02C3C4}.Ad-Hoc|iPhone.Build.0 = Release|Any CPU
		{630CF422-2C7D-4CD5-990F-71D50C02C3C4}.Ad-Hoc|iPhoneSimulator.ActiveCfg = Release|Any CPU
		{630CF422-2C7D-4CD5-990F-71D50C02C3C4}.Ad-Hoc|iPhoneSimulator.Build.0 = Release|Any CPU
		{630CF422-2C7D-4CD5-990F-71D50C02C3C4}.Ad-Hoc|Mixed Platforms.ActiveCfg = Release|Any CPU
		{630CF422-2C7D-4CD5-990F-71D50C02C3C4}.Ad-Hoc|Mixed Platforms.Build.0 = Release|Any CPU
		{630CF422-2C7D-4CD5-990F-71D50C02C3C4}.Ad-Hoc|x86.ActiveCfg = Release|Any CPU
		{630CF422-2C7D-4CD5-990F-71D50C02C3C4}.Ad-Hoc|x86.Build.0 = Release|Any CPU
		{630CF422-2C7D-4CD5-990F-71D50C02C3C4}.AppStore|Any CPU.ActiveCfg = Release|Any CPU
		{630CF422-2C7D-4CD5-990F-71D50C02C3C4}.AppStore|Any CPU.Build.0 = Release|Any CPU
		{630CF422-2C7D-4CD5-990F-71D50C02C3C4}.AppStore|iPhone.ActiveCfg = Release|Any CPU
		{630CF422-2C7D-4CD5-990F-71D50C02C3C4}.AppStore|iPhone.Build.0 = Release|Any CPU
		{630CF422-2C7D-4CD5-990F-71D50C02C3C4}.AppStore|iPhoneSimulator.ActiveCfg = Release|Any CPU
		{630CF422-2C7D-4CD5-990F-71D50C02C3C4}.AppStore|iPhoneSimulator.Build.0 = Release|Any CPU
		{630CF422-2C7D-4CD5-990F-71D50C02C3C4}.AppStore|Mixed Platforms.ActiveCfg = Release|Any CPU
		{630CF422-2C7D-4CD5-990F-71D50C02C3C4}.AppStore|Mixed Platforms.Build.0 = Release|Any CPU
		{630CF422-2C7D-4CD5-990F-71D50C02C3C4}.AppStore|x86.ActiveCfg = Release|Any CPU
		{630CF422-2C7D-4CD5-990F-71D50C02C3C4}.AppStore|x86.Build.0 = Release|Any CPU
		{630CF422-2C7D-4CD5-990F-71D50C02C3C4}.Debug|Any CPU.ActiveCfg = Debug|Any CPU
		{630CF422-2C7D-4CD5-990F-71D50C02C3C4}.Debug|Any CPU.Build.0 = Debug|Any CPU
		{630CF422-2C7D-4CD5-990F-71D50C02C3C4}.Debug|iPhone.ActiveCfg = Debug|Any CPU
		{630CF422-2C7D-4CD5-990F-71D50C02C3C4}.Debug|iPhone.Build.0 = Debug|Any CPU
		{630CF422-2C7D-4CD5-990F-71D50C02C3C4}.Debug|iPhoneSimulator.ActiveCfg = Debug|Any CPU
		{630CF422-2C7D-4CD5-990F-71D50C02C3C4}.Debug|iPhoneSimulator.Build.0 = Debug|Any CPU
		{630CF422-2C7D-4CD5-990F-71D50C02C3C4}.Debug|Mixed Platforms.ActiveCfg = Debug|Any CPU
		{630CF422-2C7D-4CD5-990F-71D50C02C3C4}.Debug|Mixed Platforms.Build.0 = Debug|Any CPU
		{630CF422-2C7D-4CD5-990F-71D50C02C3C4}.Debug|x86.ActiveCfg = Debug|Any CPU
		{630CF422-2C7D-4CD5-990F-71D50C02C3C4}.Debug|x86.Build.0 = Debug|Any CPU
		{630CF422-2C7D-4CD5-990F-71D50C02C3C4}.Release|Any CPU.ActiveCfg = Release|Any CPU
		{630CF422-2C7D-4CD5-990F-71D50C02C3C4}.Release|Any CPU.Build.0 = Release|Any CPU
		{630CF422-2C7D-4CD5-990F-71D50C02C3C4}.Release|iPhone.ActiveCfg = Release|Any CPU
		{630CF422-2C7D-4CD5-990F-71D50C02C3C4}.Release|iPhone.Build.0 = Release|Any CPU
		{630CF422-2C7D-4CD5-990F-71D50C02C3C4}.Release|iPhoneSimulator.ActiveCfg = Release|Any CPU
		{630CF422-2C7D-4CD5-990F-71D50C02C3C4}.Release|iPhoneSimulator.Build.0 = Release|Any CPU
		{630CF422-2C7D-4CD5-990F-71D50C02C3C4}.Release|Mixed Platforms.ActiveCfg = Release|Any CPU
		{630CF422-2C7D-4CD5-990F-71D50C02C3C4}.Release|Mixed Platforms.Build.0 = Release|Any CPU
		{630CF422-2C7D-4CD5-990F-71D50C02C3C4}.Release|x86.ActiveCfg = Release|Any CPU
		{630CF422-2C7D-4CD5-990F-71D50C02C3C4}.Release|x86.Build.0 = Release|Any CPU
		{280E0971-DDCD-4FCF-BEAE-6841D16C3DFD}.Ad-Hoc|Any CPU.ActiveCfg = Release|Any CPU
		{280E0971-DDCD-4FCF-BEAE-6841D16C3DFD}.Ad-Hoc|Any CPU.Build.0 = Release|Any CPU
		{280E0971-DDCD-4FCF-BEAE-6841D16C3DFD}.Ad-Hoc|iPhone.ActiveCfg = Release|Any CPU
		{280E0971-DDCD-4FCF-BEAE-6841D16C3DFD}.Ad-Hoc|iPhone.Build.0 = Release|Any CPU
		{280E0971-DDCD-4FCF-BEAE-6841D16C3DFD}.Ad-Hoc|iPhoneSimulator.ActiveCfg = Release|Any CPU
		{280E0971-DDCD-4FCF-BEAE-6841D16C3DFD}.Ad-Hoc|iPhoneSimulator.Build.0 = Release|Any CPU
		{280E0971-DDCD-4FCF-BEAE-6841D16C3DFD}.Ad-Hoc|Mixed Platforms.ActiveCfg = Release|Any CPU
		{280E0971-DDCD-4FCF-BEAE-6841D16C3DFD}.Ad-Hoc|Mixed Platforms.Build.0 = Release|Any CPU
		{280E0971-DDCD-4FCF-BEAE-6841D16C3DFD}.Ad-Hoc|x86.ActiveCfg = Release|Any CPU
		{280E0971-DDCD-4FCF-BEAE-6841D16C3DFD}.Ad-Hoc|x86.Build.0 = Release|Any CPU
		{280E0971-DDCD-4FCF-BEAE-6841D16C3DFD}.AppStore|Any CPU.ActiveCfg = Release|Any CPU
		{280E0971-DDCD-4FCF-BEAE-6841D16C3DFD}.AppStore|Any CPU.Build.0 = Release|Any CPU
		{280E0971-DDCD-4FCF-BEAE-6841D16C3DFD}.AppStore|iPhone.ActiveCfg = Release|Any CPU
		{280E0971-DDCD-4FCF-BEAE-6841D16C3DFD}.AppStore|iPhone.Build.0 = Release|Any CPU
		{280E0971-DDCD-4FCF-BEAE-6841D16C3DFD}.AppStore|iPhoneSimulator.ActiveCfg = Release|Any CPU
		{280E0971-DDCD-4FCF-BEAE-6841D16C3DFD}.AppStore|iPhoneSimulator.Build.0 = Release|Any CPU
		{280E0971-DDCD-4FCF-BEAE-6841D16C3DFD}.AppStore|Mixed Platforms.ActiveCfg = Release|Any CPU
		{280E0971-DDCD-4FCF-BEAE-6841D16C3DFD}.AppStore|Mixed Platforms.Build.0 = Release|Any CPU
		{280E0971-DDCD-4FCF-BEAE-6841D16C3DFD}.AppStore|x86.ActiveCfg = Release|Any CPU
		{280E0971-DDCD-4FCF-BEAE-6841D16C3DFD}.AppStore|x86.Build.0 = Release|Any CPU
		{280E0971-DDCD-4FCF-BEAE-6841D16C3DFD}.Debug|Any CPU.ActiveCfg = Debug|Any CPU
		{280E0971-DDCD-4FCF-BEAE-6841D16C3DFD}.Debug|Any CPU.Build.0 = Debug|Any CPU
		{280E0971-DDCD-4FCF-BEAE-6841D16C3DFD}.Debug|iPhone.ActiveCfg = Debug|Any CPU
		{280E0971-DDCD-4FCF-BEAE-6841D16C3DFD}.Debug|iPhone.Build.0 = Debug|Any CPU
		{280E0971-DDCD-4FCF-BEAE-6841D16C3DFD}.Debug|iPhoneSimulator.ActiveCfg = Debug|Any CPU
		{280E0971-DDCD-4FCF-BEAE-6841D16C3DFD}.Debug|iPhoneSimulator.Build.0 = Debug|Any CPU
		{280E0971-DDCD-4FCF-BEAE-6841D16C3DFD}.Debug|Mixed Platforms.ActiveCfg = Debug|Any CPU
		{280E0971-DDCD-4FCF-BEAE-6841D16C3DFD}.Debug|Mixed Platforms.Build.0 = Debug|Any CPU
		{280E0971-DDCD-4FCF-BEAE-6841D16C3DFD}.Debug|x86.ActiveCfg = Debug|Any CPU
		{280E0971-DDCD-4FCF-BEAE-6841D16C3DFD}.Debug|x86.Build.0 = Debug|Any CPU
		{280E0971-DDCD-4FCF-BEAE-6841D16C3DFD}.Release|Any CPU.ActiveCfg = Release|Any CPU
		{280E0971-DDCD-4FCF-BEAE-6841D16C3DFD}.Release|Any CPU.Build.0 = Release|Any CPU
		{280E0971-DDCD-4FCF-BEAE-6841D16C3DFD}.Release|iPhone.ActiveCfg = Release|Any CPU
		{280E0971-DDCD-4FCF-BEAE-6841D16C3DFD}.Release|iPhone.Build.0 = Release|Any CPU
		{280E0971-DDCD-4FCF-BEAE-6841D16C3DFD}.Release|iPhoneSimulator.ActiveCfg = Release|Any CPU
		{280E0971-DDCD-4FCF-BEAE-6841D16C3DFD}.Release|iPhoneSimulator.Build.0 = Release|Any CPU
		{280E0971-DDCD-4FCF-BEAE-6841D16C3DFD}.Release|Mixed Platforms.ActiveCfg = Release|Any CPU
		{280E0971-DDCD-4FCF-BEAE-6841D16C3DFD}.Release|Mixed Platforms.Build.0 = Release|Any CPU
		{280E0971-DDCD-4FCF-BEAE-6841D16C3DFD}.Release|x86.ActiveCfg = Release|Any CPU
		{280E0971-DDCD-4FCF-BEAE-6841D16C3DFD}.Release|x86.Build.0 = Release|Any CPU
		{5758D35E-C5C6-4D21-B571-029B38E85F62}.Ad-Hoc|Any CPU.ActiveCfg = Release|Any CPU
		{5758D35E-C5C6-4D21-B571-029B38E85F62}.Ad-Hoc|Any CPU.Build.0 = Release|Any CPU
		{5758D35E-C5C6-4D21-B571-029B38E85F62}.Ad-Hoc|iPhone.ActiveCfg = Release|Any CPU
		{5758D35E-C5C6-4D21-B571-029B38E85F62}.Ad-Hoc|iPhone.Build.0 = Release|Any CPU
		{5758D35E-C5C6-4D21-B571-029B38E85F62}.Ad-Hoc|iPhoneSimulator.ActiveCfg = Release|Any CPU
		{5758D35E-C5C6-4D21-B571-029B38E85F62}.Ad-Hoc|iPhoneSimulator.Build.0 = Release|Any CPU
		{5758D35E-C5C6-4D21-B571-029B38E85F62}.Ad-Hoc|Mixed Platforms.ActiveCfg = Release|Any CPU
		{5758D35E-C5C6-4D21-B571-029B38E85F62}.Ad-Hoc|Mixed Platforms.Build.0 = Release|Any CPU
		{5758D35E-C5C6-4D21-B571-029B38E85F62}.Ad-Hoc|x86.ActiveCfg = Release|Any CPU
		{5758D35E-C5C6-4D21-B571-029B38E85F62}.Ad-Hoc|x86.Build.0 = Release|Any CPU
		{5758D35E-C5C6-4D21-B571-029B38E85F62}.AppStore|Any CPU.ActiveCfg = Release|Any CPU
		{5758D35E-C5C6-4D21-B571-029B38E85F62}.AppStore|Any CPU.Build.0 = Release|Any CPU
		{5758D35E-C5C6-4D21-B571-029B38E85F62}.AppStore|iPhone.ActiveCfg = Release|Any CPU
		{5758D35E-C5C6-4D21-B571-029B38E85F62}.AppStore|iPhone.Build.0 = Release|Any CPU
		{5758D35E-C5C6-4D21-B571-029B38E85F62}.AppStore|iPhoneSimulator.ActiveCfg = Release|Any CPU
		{5758D35E-C5C6-4D21-B571-029B38E85F62}.AppStore|iPhoneSimulator.Build.0 = Release|Any CPU
		{5758D35E-C5C6-4D21-B571-029B38E85F62}.AppStore|Mixed Platforms.ActiveCfg = Release|Any CPU
		{5758D35E-C5C6-4D21-B571-029B38E85F62}.AppStore|Mixed Platforms.Build.0 = Release|Any CPU
		{5758D35E-C5C6-4D21-B571-029B38E85F62}.AppStore|x86.ActiveCfg = Release|Any CPU
		{5758D35E-C5C6-4D21-B571-029B38E85F62}.AppStore|x86.Build.0 = Release|Any CPU
		{5758D35E-C5C6-4D21-B571-029B38E85F62}.Debug|Any CPU.ActiveCfg = Debug|Any CPU
		{5758D35E-C5C6-4D21-B571-029B38E85F62}.Debug|Any CPU.Build.0 = Debug|Any CPU
		{5758D35E-C5C6-4D21-B571-029B38E85F62}.Debug|iPhone.ActiveCfg = Debug|Any CPU
		{5758D35E-C5C6-4D21-B571-029B38E85F62}.Debug|iPhone.Build.0 = Debug|Any CPU
		{5758D35E-C5C6-4D21-B571-029B38E85F62}.Debug|iPhoneSimulator.ActiveCfg = Debug|Any CPU
		{5758D35E-C5C6-4D21-B571-029B38E85F62}.Debug|iPhoneSimulator.Build.0 = Debug|Any CPU
		{5758D35E-C5C6-4D21-B571-029B38E85F62}.Debug|Mixed Platforms.ActiveCfg = Debug|Any CPU
		{5758D35E-C5C6-4D21-B571-029B38E85F62}.Debug|Mixed Platforms.Build.0 = Debug|Any CPU
		{5758D35E-C5C6-4D21-B571-029B38E85F62}.Debug|x86.ActiveCfg = Debug|Any CPU
		{5758D35E-C5C6-4D21-B571-029B38E85F62}.Debug|x86.Build.0 = Debug|Any CPU
		{5758D35E-C5C6-4D21-B571-029B38E85F62}.Release|Any CPU.ActiveCfg = Release|Any CPU
		{5758D35E-C5C6-4D21-B571-029B38E85F62}.Release|Any CPU.Build.0 = Release|Any CPU
		{5758D35E-C5C6-4D21-B571-029B38E85F62}.Release|iPhone.ActiveCfg = Release|Any CPU
		{5758D35E-C5C6-4D21-B571-029B38E85F62}.Release|iPhone.Build.0 = Release|Any CPU
		{5758D35E-C5C6-4D21-B571-029B38E85F62}.Release|iPhoneSimulator.ActiveCfg = Release|Any CPU
		{5758D35E-C5C6-4D21-B571-029B38E85F62}.Release|iPhoneSimulator.Build.0 = Release|Any CPU
		{5758D35E-C5C6-4D21-B571-029B38E85F62}.Release|Mixed Platforms.ActiveCfg = Release|Any CPU
		{5758D35E-C5C6-4D21-B571-029B38E85F62}.Release|Mixed Platforms.Build.0 = Release|Any CPU
		{5758D35E-C5C6-4D21-B571-029B38E85F62}.Release|x86.ActiveCfg = Release|Any CPU
		{5758D35E-C5C6-4D21-B571-029B38E85F62}.Release|x86.Build.0 = Release|Any CPU
		{EEBC1A57-B303-4F5D-BD13-E4C7B5E5B505}.Ad-Hoc|Any CPU.ActiveCfg = Release|Any CPU
		{EEBC1A57-B303-4F5D-BD13-E4C7B5E5B505}.Ad-Hoc|Any CPU.Build.0 = Release|Any CPU
		{EEBC1A57-B303-4F5D-BD13-E4C7B5E5B505}.Ad-Hoc|iPhone.ActiveCfg = Release|Any CPU
		{EEBC1A57-B303-4F5D-BD13-E4C7B5E5B505}.Ad-Hoc|iPhone.Build.0 = Release|Any CPU
		{EEBC1A57-B303-4F5D-BD13-E4C7B5E5B505}.Ad-Hoc|iPhoneSimulator.ActiveCfg = Release|Any CPU
		{EEBC1A57-B303-4F5D-BD13-E4C7B5E5B505}.Ad-Hoc|iPhoneSimulator.Build.0 = Release|Any CPU
		{EEBC1A57-B303-4F5D-BD13-E4C7B5E5B505}.Ad-Hoc|Mixed Platforms.ActiveCfg = Release|Any CPU
		{EEBC1A57-B303-4F5D-BD13-E4C7B5E5B505}.Ad-Hoc|Mixed Platforms.Build.0 = Release|Any CPU
		{EEBC1A57-B303-4F5D-BD13-E4C7B5E5B505}.Ad-Hoc|x86.ActiveCfg = Release|Any CPU
		{EEBC1A57-B303-4F5D-BD13-E4C7B5E5B505}.Ad-Hoc|x86.Build.0 = Release|Any CPU
		{EEBC1A57-B303-4F5D-BD13-E4C7B5E5B505}.AppStore|Any CPU.ActiveCfg = Release|Any CPU
		{EEBC1A57-B303-4F5D-BD13-E4C7B5E5B505}.AppStore|Any CPU.Build.0 = Release|Any CPU
		{EEBC1A57-B303-4F5D-BD13-E4C7B5E5B505}.AppStore|iPhone.ActiveCfg = Release|Any CPU
		{EEBC1A57-B303-4F5D-BD13-E4C7B5E5B505}.AppStore|iPhone.Build.0 = Release|Any CPU
		{EEBC1A57-B303-4F5D-BD13-E4C7B5E5B505}.AppStore|iPhoneSimulator.ActiveCfg = Release|Any CPU
		{EEBC1A57-B303-4F5D-BD13-E4C7B5E5B505}.AppStore|iPhoneSimulator.Build.0 = Release|Any CPU
		{EEBC1A57-B303-4F5D-BD13-E4C7B5E5B505}.AppStore|Mixed Platforms.ActiveCfg = Release|Any CPU
		{EEBC1A57-B303-4F5D-BD13-E4C7B5E5B505}.AppStore|Mixed Platforms.Build.0 = Release|Any CPU
		{EEBC1A57-B303-4F5D-BD13-E4C7B5E5B505}.AppStore|x86.ActiveCfg = Release|Any CPU
		{EEBC1A57-B303-4F5D-BD13-E4C7B5E5B505}.AppStore|x86.Build.0 = Release|Any CPU
		{EEBC1A57-B303-4F5D-BD13-E4C7B5E5B505}.Debug|Any CPU.ActiveCfg = Debug|Any CPU
		{EEBC1A57-B303-4F5D-BD13-E4C7B5E5B505}.Debug|Any CPU.Build.0 = Debug|Any CPU
		{EEBC1A57-B303-4F5D-BD13-E4C7B5E5B505}.Debug|iPhone.ActiveCfg = Debug|Any CPU
		{EEBC1A57-B303-4F5D-BD13-E4C7B5E5B505}.Debug|iPhone.Build.0 = Debug|Any CPU
		{EEBC1A57-B303-4F5D-BD13-E4C7B5E5B505}.Debug|iPhoneSimulator.ActiveCfg = Debug|Any CPU
		{EEBC1A57-B303-4F5D-BD13-E4C7B5E5B505}.Debug|iPhoneSimulator.Build.0 = Debug|Any CPU
		{EEBC1A57-B303-4F5D-BD13-E4C7B5E5B505}.Debug|Mixed Platforms.ActiveCfg = Debug|Any CPU
		{EEBC1A57-B303-4F5D-BD13-E4C7B5E5B505}.Debug|Mixed Platforms.Build.0 = Debug|Any CPU
		{EEBC1A57-B303-4F5D-BD13-E4C7B5E5B505}.Debug|x86.ActiveCfg = Debug|Any CPU
		{EEBC1A57-B303-4F5D-BD13-E4C7B5E5B505}.Debug|x86.Build.0 = Debug|Any CPU
		{EEBC1A57-B303-4F5D-BD13-E4C7B5E5B505}.Release|Any CPU.ActiveCfg = Release|Any CPU
		{EEBC1A57-B303-4F5D-BD13-E4C7B5E5B505}.Release|Any CPU.Build.0 = Release|Any CPU
		{EEBC1A57-B303-4F5D-BD13-E4C7B5E5B505}.Release|iPhone.ActiveCfg = Release|Any CPU
		{EEBC1A57-B303-4F5D-BD13-E4C7B5E5B505}.Release|iPhone.Build.0 = Release|Any CPU
		{EEBC1A57-B303-4F5D-BD13-E4C7B5E5B505}.Release|iPhoneSimulator.ActiveCfg = Release|Any CPU
		{EEBC1A57-B303-4F5D-BD13-E4C7B5E5B505}.Release|iPhoneSimulator.Build.0 = Release|Any CPU
		{EEBC1A57-B303-4F5D-BD13-E4C7B5E5B505}.Release|Mixed Platforms.ActiveCfg = Release|Any CPU
		{EEBC1A57-B303-4F5D-BD13-E4C7B5E5B505}.Release|Mixed Platforms.Build.0 = Release|Any CPU
		{EEBC1A57-B303-4F5D-BD13-E4C7B5E5B505}.Release|x86.ActiveCfg = Release|Any CPU
		{EEBC1A57-B303-4F5D-BD13-E4C7B5E5B505}.Release|x86.Build.0 = Release|Any CPU
		{EED532FD-4C71-4BE9-8C58-A95C117160B4}.Ad-Hoc|Any CPU.ActiveCfg = Release|Any CPU
		{EED532FD-4C71-4BE9-8C58-A95C117160B4}.Ad-Hoc|Any CPU.Build.0 = Release|Any CPU
		{EED532FD-4C71-4BE9-8C58-A95C117160B4}.Ad-Hoc|iPhone.ActiveCfg = Release|Any CPU
		{EED532FD-4C71-4BE9-8C58-A95C117160B4}.Ad-Hoc|iPhone.Build.0 = Release|Any CPU
		{EED532FD-4C71-4BE9-8C58-A95C117160B4}.Ad-Hoc|iPhoneSimulator.ActiveCfg = Release|Any CPU
		{EED532FD-4C71-4BE9-8C58-A95C117160B4}.Ad-Hoc|iPhoneSimulator.Build.0 = Release|Any CPU
		{EED532FD-4C71-4BE9-8C58-A95C117160B4}.Ad-Hoc|Mixed Platforms.ActiveCfg = Release|Any CPU
		{EED532FD-4C71-4BE9-8C58-A95C117160B4}.Ad-Hoc|Mixed Platforms.Build.0 = Release|Any CPU
		{EED532FD-4C71-4BE9-8C58-A95C117160B4}.Ad-Hoc|x86.ActiveCfg = Release|Any CPU
		{EED532FD-4C71-4BE9-8C58-A95C117160B4}.Ad-Hoc|x86.Build.0 = Release|Any CPU
		{EED532FD-4C71-4BE9-8C58-A95C117160B4}.AppStore|Any CPU.ActiveCfg = Release|Any CPU
		{EED532FD-4C71-4BE9-8C58-A95C117160B4}.AppStore|Any CPU.Build.0 = Release|Any CPU
		{EED532FD-4C71-4BE9-8C58-A95C117160B4}.AppStore|iPhone.ActiveCfg = Release|Any CPU
		{EED532FD-4C71-4BE9-8C58-A95C117160B4}.AppStore|iPhone.Build.0 = Release|Any CPU
		{EED532FD-4C71-4BE9-8C58-A95C117160B4}.AppStore|iPhoneSimulator.ActiveCfg = Release|Any CPU
		{EED532FD-4C71-4BE9-8C58-A95C117160B4}.AppStore|iPhoneSimulator.Build.0 = Release|Any CPU
		{EED532FD-4C71-4BE9-8C58-A95C117160B4}.AppStore|Mixed Platforms.ActiveCfg = Release|Any CPU
		{EED532FD-4C71-4BE9-8C58-A95C117160B4}.AppStore|Mixed Platforms.Build.0 = Release|Any CPU
		{EED532FD-4C71-4BE9-8C58-A95C117160B4}.AppStore|x86.ActiveCfg = Release|Any CPU
		{EED532FD-4C71-4BE9-8C58-A95C117160B4}.AppStore|x86.Build.0 = Release|Any CPU
		{EED532FD-4C71-4BE9-8C58-A95C117160B4}.Debug|Any CPU.ActiveCfg = Debug|Any CPU
		{EED532FD-4C71-4BE9-8C58-A95C117160B4}.Debug|Any CPU.Build.0 = Debug|Any CPU
		{EED532FD-4C71-4BE9-8C58-A95C117160B4}.Debug|iPhone.ActiveCfg = Debug|Any CPU
		{EED532FD-4C71-4BE9-8C58-A95C117160B4}.Debug|iPhone.Build.0 = Debug|Any CPU
		{EED532FD-4C71-4BE9-8C58-A95C117160B4}.Debug|iPhoneSimulator.ActiveCfg = Debug|Any CPU
		{EED532FD-4C71-4BE9-8C58-A95C117160B4}.Debug|iPhoneSimulator.Build.0 = Debug|Any CPU
		{EED532FD-4C71-4BE9-8C58-A95C117160B4}.Debug|Mixed Platforms.ActiveCfg = Debug|Any CPU
		{EED532FD-4C71-4BE9-8C58-A95C117160B4}.Debug|Mixed Platforms.Build.0 = Debug|Any CPU
		{EED532FD-4C71-4BE9-8C58-A95C117160B4}.Debug|x86.ActiveCfg = Debug|Any CPU
		{EED532FD-4C71-4BE9-8C58-A95C117160B4}.Debug|x86.Build.0 = Debug|Any CPU
		{EED532FD-4C71-4BE9-8C58-A95C117160B4}.Release|Any CPU.ActiveCfg = Release|Any CPU
		{EED532FD-4C71-4BE9-8C58-A95C117160B4}.Release|Any CPU.Build.0 = Release|Any CPU
		{EED532FD-4C71-4BE9-8C58-A95C117160B4}.Release|iPhone.ActiveCfg = Release|Any CPU
		{EED532FD-4C71-4BE9-8C58-A95C117160B4}.Release|iPhone.Build.0 = Release|Any CPU
		{EED532FD-4C71-4BE9-8C58-A95C117160B4}.Release|iPhoneSimulator.ActiveCfg = Release|Any CPU
		{EED532FD-4C71-4BE9-8C58-A95C117160B4}.Release|iPhoneSimulator.Build.0 = Release|Any CPU
		{EED532FD-4C71-4BE9-8C58-A95C117160B4}.Release|Mixed Platforms.ActiveCfg = Release|Any CPU
		{EED532FD-4C71-4BE9-8C58-A95C117160B4}.Release|Mixed Platforms.Build.0 = Release|Any CPU
		{EED532FD-4C71-4BE9-8C58-A95C117160B4}.Release|x86.ActiveCfg = Release|Any CPU
		{EED532FD-4C71-4BE9-8C58-A95C117160B4}.Release|x86.Build.0 = Release|Any CPU
		{13C2882F-3B16-455B-9CD1-0DEA92883769}.Ad-Hoc|Any CPU.ActiveCfg = Release|Any CPU
		{13C2882F-3B16-455B-9CD1-0DEA92883769}.Ad-Hoc|Any CPU.Build.0 = Release|Any CPU
		{13C2882F-3B16-455B-9CD1-0DEA92883769}.Ad-Hoc|iPhone.ActiveCfg = Release|Any CPU
		{13C2882F-3B16-455B-9CD1-0DEA92883769}.Ad-Hoc|iPhone.Build.0 = Release|Any CPU
		{13C2882F-3B16-455B-9CD1-0DEA92883769}.Ad-Hoc|iPhoneSimulator.ActiveCfg = Release|Any CPU
		{13C2882F-3B16-455B-9CD1-0DEA92883769}.Ad-Hoc|iPhoneSimulator.Build.0 = Release|Any CPU
		{13C2882F-3B16-455B-9CD1-0DEA92883769}.Ad-Hoc|Mixed Platforms.ActiveCfg = Release|Any CPU
		{13C2882F-3B16-455B-9CD1-0DEA92883769}.Ad-Hoc|Mixed Platforms.Build.0 = Release|Any CPU
		{13C2882F-3B16-455B-9CD1-0DEA92883769}.Ad-Hoc|x86.ActiveCfg = Release|Any CPU
		{13C2882F-3B16-455B-9CD1-0DEA92883769}.Ad-Hoc|x86.Build.0 = Release|Any CPU
		{13C2882F-3B16-455B-9CD1-0DEA92883769}.AppStore|Any CPU.ActiveCfg = Release|Any CPU
		{13C2882F-3B16-455B-9CD1-0DEA92883769}.AppStore|Any CPU.Build.0 = Release|Any CPU
		{13C2882F-3B16-455B-9CD1-0DEA92883769}.AppStore|iPhone.ActiveCfg = Release|Any CPU
		{13C2882F-3B16-455B-9CD1-0DEA92883769}.AppStore|iPhone.Build.0 = Release|Any CPU
		{13C2882F-3B16-455B-9CD1-0DEA92883769}.AppStore|iPhoneSimulator.ActiveCfg = Release|Any CPU
		{13C2882F-3B16-455B-9CD1-0DEA92883769}.AppStore|iPhoneSimulator.Build.0 = Release|Any CPU
		{13C2882F-3B16-455B-9CD1-0DEA92883769}.AppStore|Mixed Platforms.ActiveCfg = Release|Any CPU
		{13C2882F-3B16-455B-9CD1-0DEA92883769}.AppStore|Mixed Platforms.Build.0 = Release|Any CPU
		{13C2882F-3B16-455B-9CD1-0DEA92883769}.AppStore|x86.ActiveCfg = Release|Any CPU
		{13C2882F-3B16-455B-9CD1-0DEA92883769}.AppStore|x86.Build.0 = Release|Any CPU
		{13C2882F-3B16-455B-9CD1-0DEA92883769}.Debug|Any CPU.ActiveCfg = Debug|Any CPU
		{13C2882F-3B16-455B-9CD1-0DEA92883769}.Debug|Any CPU.Build.0 = Debug|Any CPU
		{13C2882F-3B16-455B-9CD1-0DEA92883769}.Debug|iPhone.ActiveCfg = Debug|Any CPU
		{13C2882F-3B16-455B-9CD1-0DEA92883769}.Debug|iPhone.Build.0 = Debug|Any CPU
		{13C2882F-3B16-455B-9CD1-0DEA92883769}.Debug|iPhoneSimulator.ActiveCfg = Debug|Any CPU
		{13C2882F-3B16-455B-9CD1-0DEA92883769}.Debug|iPhoneSimulator.Build.0 = Debug|Any CPU
		{13C2882F-3B16-455B-9CD1-0DEA92883769}.Debug|Mixed Platforms.ActiveCfg = Debug|Any CPU
		{13C2882F-3B16-455B-9CD1-0DEA92883769}.Debug|Mixed Platforms.Build.0 = Debug|Any CPU
		{13C2882F-3B16-455B-9CD1-0DEA92883769}.Debug|x86.ActiveCfg = Debug|Any CPU
		{13C2882F-3B16-455B-9CD1-0DEA92883769}.Debug|x86.Build.0 = Debug|Any CPU
		{13C2882F-3B16-455B-9CD1-0DEA92883769}.Release|Any CPU.ActiveCfg = Release|Any CPU
		{13C2882F-3B16-455B-9CD1-0DEA92883769}.Release|Any CPU.Build.0 = Release|Any CPU
		{13C2882F-3B16-455B-9CD1-0DEA92883769}.Release|iPhone.ActiveCfg = Release|Any CPU
		{13C2882F-3B16-455B-9CD1-0DEA92883769}.Release|iPhone.Build.0 = Release|Any CPU
		{13C2882F-3B16-455B-9CD1-0DEA92883769}.Release|iPhoneSimulator.ActiveCfg = Release|Any CPU
		{13C2882F-3B16-455B-9CD1-0DEA92883769}.Release|iPhoneSimulator.Build.0 = Release|Any CPU
		{13C2882F-3B16-455B-9CD1-0DEA92883769}.Release|Mixed Platforms.ActiveCfg = Release|Any CPU
		{13C2882F-3B16-455B-9CD1-0DEA92883769}.Release|Mixed Platforms.Build.0 = Release|Any CPU
		{13C2882F-3B16-455B-9CD1-0DEA92883769}.Release|x86.ActiveCfg = Release|Any CPU
		{13C2882F-3B16-455B-9CD1-0DEA92883769}.Release|x86.Build.0 = Release|Any CPU
		{1CBE7054-C4D5-453E-9441-B942223928AC}.Ad-Hoc|Any CPU.ActiveCfg = Debug|Any CPU
		{1CBE7054-C4D5-453E-9441-B942223928AC}.Ad-Hoc|Any CPU.Build.0 = Debug|Any CPU
		{1CBE7054-C4D5-453E-9441-B942223928AC}.Ad-Hoc|iPhone.ActiveCfg = Debug|Any CPU
		{1CBE7054-C4D5-453E-9441-B942223928AC}.Ad-Hoc|iPhone.Build.0 = Debug|Any CPU
		{1CBE7054-C4D5-453E-9441-B942223928AC}.Ad-Hoc|iPhoneSimulator.ActiveCfg = Debug|Any CPU
		{1CBE7054-C4D5-453E-9441-B942223928AC}.Ad-Hoc|iPhoneSimulator.Build.0 = Debug|Any CPU
		{1CBE7054-C4D5-453E-9441-B942223928AC}.Ad-Hoc|Mixed Platforms.ActiveCfg = Debug|Any CPU
		{1CBE7054-C4D5-453E-9441-B942223928AC}.Ad-Hoc|Mixed Platforms.Build.0 = Debug|Any CPU
		{1CBE7054-C4D5-453E-9441-B942223928AC}.Ad-Hoc|x86.ActiveCfg = Debug|Any CPU
		{1CBE7054-C4D5-453E-9441-B942223928AC}.Ad-Hoc|x86.Build.0 = Debug|Any CPU
		{1CBE7054-C4D5-453E-9441-B942223928AC}.AppStore|Any CPU.ActiveCfg = Debug|Any CPU
		{1CBE7054-C4D5-453E-9441-B942223928AC}.AppStore|Any CPU.Build.0 = Debug|Any CPU
		{1CBE7054-C4D5-453E-9441-B942223928AC}.AppStore|iPhone.ActiveCfg = Debug|Any CPU
		{1CBE7054-C4D5-453E-9441-B942223928AC}.AppStore|iPhone.Build.0 = Debug|Any CPU
		{1CBE7054-C4D5-453E-9441-B942223928AC}.AppStore|iPhoneSimulator.ActiveCfg = Debug|Any CPU
		{1CBE7054-C4D5-453E-9441-B942223928AC}.AppStore|iPhoneSimulator.Build.0 = Debug|Any CPU
		{1CBE7054-C4D5-453E-9441-B942223928AC}.AppStore|Mixed Platforms.ActiveCfg = Debug|Any CPU
		{1CBE7054-C4D5-453E-9441-B942223928AC}.AppStore|Mixed Platforms.Build.0 = Debug|Any CPU
		{1CBE7054-C4D5-453E-9441-B942223928AC}.AppStore|x86.ActiveCfg = Debug|Any CPU
		{1CBE7054-C4D5-453E-9441-B942223928AC}.AppStore|x86.Build.0 = Debug|Any CPU
		{1CBE7054-C4D5-453E-9441-B942223928AC}.Debug|Any CPU.ActiveCfg = Debug|Any CPU
		{1CBE7054-C4D5-453E-9441-B942223928AC}.Debug|Any CPU.Build.0 = Debug|Any CPU
		{1CBE7054-C4D5-453E-9441-B942223928AC}.Debug|iPhone.ActiveCfg = Debug|Any CPU
		{1CBE7054-C4D5-453E-9441-B942223928AC}.Debug|iPhone.Build.0 = Debug|Any CPU
		{1CBE7054-C4D5-453E-9441-B942223928AC}.Debug|iPhoneSimulator.ActiveCfg = Debug|Any CPU
		{1CBE7054-C4D5-453E-9441-B942223928AC}.Debug|iPhoneSimulator.Build.0 = Debug|Any CPU
		{1CBE7054-C4D5-453E-9441-B942223928AC}.Debug|Mixed Platforms.ActiveCfg = Debug|Any CPU
		{1CBE7054-C4D5-453E-9441-B942223928AC}.Debug|Mixed Platforms.Build.0 = Debug|Any CPU
		{1CBE7054-C4D5-453E-9441-B942223928AC}.Debug|x86.ActiveCfg = Debug|Any CPU
		{1CBE7054-C4D5-453E-9441-B942223928AC}.Debug|x86.Build.0 = Debug|Any CPU
		{1CBE7054-C4D5-453E-9441-B942223928AC}.Release|Any CPU.ActiveCfg = Release|Any CPU
		{1CBE7054-C4D5-453E-9441-B942223928AC}.Release|Any CPU.Build.0 = Release|Any CPU
		{1CBE7054-C4D5-453E-9441-B942223928AC}.Release|iPhone.ActiveCfg = Release|Any CPU
		{1CBE7054-C4D5-453E-9441-B942223928AC}.Release|iPhone.Build.0 = Release|Any CPU
		{1CBE7054-C4D5-453E-9441-B942223928AC}.Release|iPhoneSimulator.ActiveCfg = Release|Any CPU
		{1CBE7054-C4D5-453E-9441-B942223928AC}.Release|iPhoneSimulator.Build.0 = Release|Any CPU
		{1CBE7054-C4D5-453E-9441-B942223928AC}.Release|Mixed Platforms.ActiveCfg = Release|Any CPU
		{1CBE7054-C4D5-453E-9441-B942223928AC}.Release|Mixed Platforms.Build.0 = Release|Any CPU
		{1CBE7054-C4D5-453E-9441-B942223928AC}.Release|x86.ActiveCfg = Release|Any CPU
		{1CBE7054-C4D5-453E-9441-B942223928AC}.Release|x86.Build.0 = Release|Any CPU
		{4B541B42-7ED1-45E1-A8F6-E828AA2F6F4B}.Ad-Hoc|Any CPU.ActiveCfg = Debug|Any CPU
		{4B541B42-7ED1-45E1-A8F6-E828AA2F6F4B}.Ad-Hoc|Any CPU.Build.0 = Debug|Any CPU
		{4B541B42-7ED1-45E1-A8F6-E828AA2F6F4B}.Ad-Hoc|iPhone.ActiveCfg = Debug|Any CPU
		{4B541B42-7ED1-45E1-A8F6-E828AA2F6F4B}.Ad-Hoc|iPhone.Build.0 = Debug|Any CPU
		{4B541B42-7ED1-45E1-A8F6-E828AA2F6F4B}.Ad-Hoc|iPhoneSimulator.ActiveCfg = Debug|Any CPU
		{4B541B42-7ED1-45E1-A8F6-E828AA2F6F4B}.Ad-Hoc|iPhoneSimulator.Build.0 = Debug|Any CPU
		{4B541B42-7ED1-45E1-A8F6-E828AA2F6F4B}.Ad-Hoc|Mixed Platforms.ActiveCfg = Debug|Any CPU
		{4B541B42-7ED1-45E1-A8F6-E828AA2F6F4B}.Ad-Hoc|Mixed Platforms.Build.0 = Debug|Any CPU
		{4B541B42-7ED1-45E1-A8F6-E828AA2F6F4B}.Ad-Hoc|x86.ActiveCfg = Debug|Any CPU
		{4B541B42-7ED1-45E1-A8F6-E828AA2F6F4B}.Ad-Hoc|x86.Build.0 = Debug|Any CPU
		{4B541B42-7ED1-45E1-A8F6-E828AA2F6F4B}.AppStore|Any CPU.ActiveCfg = Debug|Any CPU
		{4B541B42-7ED1-45E1-A8F6-E828AA2F6F4B}.AppStore|Any CPU.Build.0 = Debug|Any CPU
		{4B541B42-7ED1-45E1-A8F6-E828AA2F6F4B}.AppStore|iPhone.ActiveCfg = Debug|Any CPU
		{4B541B42-7ED1-45E1-A8F6-E828AA2F6F4B}.AppStore|iPhone.Build.0 = Debug|Any CPU
		{4B541B42-7ED1-45E1-A8F6-E828AA2F6F4B}.AppStore|iPhoneSimulator.ActiveCfg = Debug|Any CPU
		{4B541B42-7ED1-45E1-A8F6-E828AA2F6F4B}.AppStore|iPhoneSimulator.Build.0 = Debug|Any CPU
		{4B541B42-7ED1-45E1-A8F6-E828AA2F6F4B}.AppStore|Mixed Platforms.ActiveCfg = Debug|Any CPU
		{4B541B42-7ED1-45E1-A8F6-E828AA2F6F4B}.AppStore|Mixed Platforms.Build.0 = Debug|Any CPU
		{4B541B42-7ED1-45E1-A8F6-E828AA2F6F4B}.AppStore|x86.ActiveCfg = Debug|Any CPU
		{4B541B42-7ED1-45E1-A8F6-E828AA2F6F4B}.AppStore|x86.Build.0 = Debug|Any CPU
		{4B541B42-7ED1-45E1-A8F6-E828AA2F6F4B}.Debug|Any CPU.ActiveCfg = Debug|Any CPU
		{4B541B42-7ED1-45E1-A8F6-E828AA2F6F4B}.Debug|Any CPU.Build.0 = Debug|Any CPU
		{4B541B42-7ED1-45E1-A8F6-E828AA2F6F4B}.Debug|iPhone.ActiveCfg = Debug|Any CPU
		{4B541B42-7ED1-45E1-A8F6-E828AA2F6F4B}.Debug|iPhone.Build.0 = Debug|Any CPU
		{4B541B42-7ED1-45E1-A8F6-E828AA2F6F4B}.Debug|iPhoneSimulator.ActiveCfg = Debug|Any CPU
		{4B541B42-7ED1-45E1-A8F6-E828AA2F6F4B}.Debug|iPhoneSimulator.Build.0 = Debug|Any CPU
		{4B541B42-7ED1-45E1-A8F6-E828AA2F6F4B}.Debug|Mixed Platforms.ActiveCfg = Debug|Any CPU
		{4B541B42-7ED1-45E1-A8F6-E828AA2F6F4B}.Debug|Mixed Platforms.Build.0 = Debug|Any CPU
		{4B541B42-7ED1-45E1-A8F6-E828AA2F6F4B}.Debug|x86.ActiveCfg = Debug|Any CPU
		{4B541B42-7ED1-45E1-A8F6-E828AA2F6F4B}.Debug|x86.Build.0 = Debug|Any CPU
		{4B541B42-7ED1-45E1-A8F6-E828AA2F6F4B}.Release|Any CPU.ActiveCfg = Release|Any CPU
		{4B541B42-7ED1-45E1-A8F6-E828AA2F6F4B}.Release|Any CPU.Build.0 = Release|Any CPU
		{4B541B42-7ED1-45E1-A8F6-E828AA2F6F4B}.Release|iPhone.ActiveCfg = Release|Any CPU
		{4B541B42-7ED1-45E1-A8F6-E828AA2F6F4B}.Release|iPhone.Build.0 = Release|Any CPU
		{4B541B42-7ED1-45E1-A8F6-E828AA2F6F4B}.Release|iPhoneSimulator.ActiveCfg = Release|Any CPU
		{4B541B42-7ED1-45E1-A8F6-E828AA2F6F4B}.Release|iPhoneSimulator.Build.0 = Release|Any CPU
		{4B541B42-7ED1-45E1-A8F6-E828AA2F6F4B}.Release|Mixed Platforms.ActiveCfg = Release|Any CPU
		{4B541B42-7ED1-45E1-A8F6-E828AA2F6F4B}.Release|Mixed Platforms.Build.0 = Release|Any CPU
		{4B541B42-7ED1-45E1-A8F6-E828AA2F6F4B}.Release|x86.ActiveCfg = Release|Any CPU
		{4B541B42-7ED1-45E1-A8F6-E828AA2F6F4B}.Release|x86.Build.0 = Release|Any CPU
		{73E6416E-ABDE-4B20-9BCE-660678D3368C}.Ad-Hoc|Any CPU.ActiveCfg = Release|Any CPU
		{73E6416E-ABDE-4B20-9BCE-660678D3368C}.Ad-Hoc|Any CPU.Build.0 = Release|Any CPU
		{73E6416E-ABDE-4B20-9BCE-660678D3368C}.Ad-Hoc|iPhone.ActiveCfg = Release|Any CPU
		{73E6416E-ABDE-4B20-9BCE-660678D3368C}.Ad-Hoc|iPhone.Build.0 = Release|Any CPU
		{73E6416E-ABDE-4B20-9BCE-660678D3368C}.Ad-Hoc|iPhoneSimulator.ActiveCfg = Release|Any CPU
		{73E6416E-ABDE-4B20-9BCE-660678D3368C}.Ad-Hoc|iPhoneSimulator.Build.0 = Release|Any CPU
		{73E6416E-ABDE-4B20-9BCE-660678D3368C}.Ad-Hoc|Mixed Platforms.ActiveCfg = Release|Any CPU
		{73E6416E-ABDE-4B20-9BCE-660678D3368C}.Ad-Hoc|Mixed Platforms.Build.0 = Release|Any CPU
		{73E6416E-ABDE-4B20-9BCE-660678D3368C}.Ad-Hoc|x86.ActiveCfg = Release|Any CPU
		{73E6416E-ABDE-4B20-9BCE-660678D3368C}.Ad-Hoc|x86.Build.0 = Release|Any CPU
		{73E6416E-ABDE-4B20-9BCE-660678D3368C}.AppStore|Any CPU.ActiveCfg = Release|Any CPU
		{73E6416E-ABDE-4B20-9BCE-660678D3368C}.AppStore|Any CPU.Build.0 = Release|Any CPU
		{73E6416E-ABDE-4B20-9BCE-660678D3368C}.AppStore|iPhone.ActiveCfg = Release|Any CPU
		{73E6416E-ABDE-4B20-9BCE-660678D3368C}.AppStore|iPhone.Build.0 = Release|Any CPU
		{73E6416E-ABDE-4B20-9BCE-660678D3368C}.AppStore|iPhoneSimulator.ActiveCfg = Release|Any CPU
		{73E6416E-ABDE-4B20-9BCE-660678D3368C}.AppStore|iPhoneSimulator.Build.0 = Release|Any CPU
		{73E6416E-ABDE-4B20-9BCE-660678D3368C}.AppStore|Mixed Platforms.ActiveCfg = Release|Any CPU
		{73E6416E-ABDE-4B20-9BCE-660678D3368C}.AppStore|Mixed Platforms.Build.0 = Release|Any CPU
		{73E6416E-ABDE-4B20-9BCE-660678D3368C}.AppStore|x86.ActiveCfg = Release|Any CPU
		{73E6416E-ABDE-4B20-9BCE-660678D3368C}.AppStore|x86.Build.0 = Release|Any CPU
		{73E6416E-ABDE-4B20-9BCE-660678D3368C}.Debug|Any CPU.ActiveCfg = Debug|Any CPU
		{73E6416E-ABDE-4B20-9BCE-660678D3368C}.Debug|Any CPU.Build.0 = Debug|Any CPU
		{73E6416E-ABDE-4B20-9BCE-660678D3368C}.Debug|iPhone.ActiveCfg = Debug|Any CPU
		{73E6416E-ABDE-4B20-9BCE-660678D3368C}.Debug|iPhone.Build.0 = Debug|Any CPU
		{73E6416E-ABDE-4B20-9BCE-660678D3368C}.Debug|iPhoneSimulator.ActiveCfg = Debug|Any CPU
		{73E6416E-ABDE-4B20-9BCE-660678D3368C}.Debug|iPhoneSimulator.Build.0 = Debug|Any CPU
		{73E6416E-ABDE-4B20-9BCE-660678D3368C}.Debug|Mixed Platforms.ActiveCfg = Debug|Any CPU
		{73E6416E-ABDE-4B20-9BCE-660678D3368C}.Debug|Mixed Platforms.Build.0 = Debug|Any CPU
		{73E6416E-ABDE-4B20-9BCE-660678D3368C}.Debug|x86.ActiveCfg = Debug|Any CPU
		{73E6416E-ABDE-4B20-9BCE-660678D3368C}.Debug|x86.Build.0 = Debug|Any CPU
		{73E6416E-ABDE-4B20-9BCE-660678D3368C}.Release|Any CPU.ActiveCfg = Release|Any CPU
		{73E6416E-ABDE-4B20-9BCE-660678D3368C}.Release|Any CPU.Build.0 = Release|Any CPU
		{73E6416E-ABDE-4B20-9BCE-660678D3368C}.Release|iPhone.ActiveCfg = Release|Any CPU
		{73E6416E-ABDE-4B20-9BCE-660678D3368C}.Release|iPhone.Build.0 = Release|Any CPU
		{73E6416E-ABDE-4B20-9BCE-660678D3368C}.Release|iPhoneSimulator.ActiveCfg = Release|Any CPU
		{73E6416E-ABDE-4B20-9BCE-660678D3368C}.Release|iPhoneSimulator.Build.0 = Release|Any CPU
		{73E6416E-ABDE-4B20-9BCE-660678D3368C}.Release|Mixed Platforms.ActiveCfg = Release|Any CPU
		{73E6416E-ABDE-4B20-9BCE-660678D3368C}.Release|Mixed Platforms.Build.0 = Release|Any CPU
		{73E6416E-ABDE-4B20-9BCE-660678D3368C}.Release|x86.ActiveCfg = Release|Any CPU
		{73E6416E-ABDE-4B20-9BCE-660678D3368C}.Release|x86.Build.0 = Release|Any CPU
		{4A73EA12-64AE-40CC-BC6F-E55F893FE5DE}.Ad-Hoc|Any CPU.ActiveCfg = Release|Any CPU
		{4A73EA12-64AE-40CC-BC6F-E55F893FE5DE}.Ad-Hoc|Any CPU.Build.0 = Release|Any CPU
		{4A73EA12-64AE-40CC-BC6F-E55F893FE5DE}.Ad-Hoc|iPhone.ActiveCfg = Release|Any CPU
		{4A73EA12-64AE-40CC-BC6F-E55F893FE5DE}.Ad-Hoc|iPhone.Build.0 = Release|Any CPU
		{4A73EA12-64AE-40CC-BC6F-E55F893FE5DE}.Ad-Hoc|iPhoneSimulator.ActiveCfg = Release|Any CPU
		{4A73EA12-64AE-40CC-BC6F-E55F893FE5DE}.Ad-Hoc|iPhoneSimulator.Build.0 = Release|Any CPU
		{4A73EA12-64AE-40CC-BC6F-E55F893FE5DE}.Ad-Hoc|Mixed Platforms.ActiveCfg = Release|Any CPU
		{4A73EA12-64AE-40CC-BC6F-E55F893FE5DE}.Ad-Hoc|Mixed Platforms.Build.0 = Release|Any CPU
		{4A73EA12-64AE-40CC-BC6F-E55F893FE5DE}.Ad-Hoc|x86.ActiveCfg = Release|Any CPU
		{4A73EA12-64AE-40CC-BC6F-E55F893FE5DE}.Ad-Hoc|x86.Build.0 = Release|Any CPU
		{4A73EA12-64AE-40CC-BC6F-E55F893FE5DE}.AppStore|Any CPU.ActiveCfg = Release|Any CPU
		{4A73EA12-64AE-40CC-BC6F-E55F893FE5DE}.AppStore|Any CPU.Build.0 = Release|Any CPU
		{4A73EA12-64AE-40CC-BC6F-E55F893FE5DE}.AppStore|iPhone.ActiveCfg = Release|Any CPU
		{4A73EA12-64AE-40CC-BC6F-E55F893FE5DE}.AppStore|iPhone.Build.0 = Release|Any CPU
		{4A73EA12-64AE-40CC-BC6F-E55F893FE5DE}.AppStore|iPhoneSimulator.ActiveCfg = Release|Any CPU
		{4A73EA12-64AE-40CC-BC6F-E55F893FE5DE}.AppStore|iPhoneSimulator.Build.0 = Release|Any CPU
		{4A73EA12-64AE-40CC-BC6F-E55F893FE5DE}.AppStore|Mixed Platforms.ActiveCfg = Release|Any CPU
		{4A73EA12-64AE-40CC-BC6F-E55F893FE5DE}.AppStore|Mixed Platforms.Build.0 = Release|Any CPU
		{4A73EA12-64AE-40CC-BC6F-E55F893FE5DE}.AppStore|x86.ActiveCfg = Release|Any CPU
		{4A73EA12-64AE-40CC-BC6F-E55F893FE5DE}.AppStore|x86.Build.0 = Release|Any CPU
		{4A73EA12-64AE-40CC-BC6F-E55F893FE5DE}.Debug|Any CPU.ActiveCfg = Debug|Any CPU
		{4A73EA12-64AE-40CC-BC6F-E55F893FE5DE}.Debug|Any CPU.Build.0 = Debug|Any CPU
		{4A73EA12-64AE-40CC-BC6F-E55F893FE5DE}.Debug|iPhone.ActiveCfg = Debug|Any CPU
		{4A73EA12-64AE-40CC-BC6F-E55F893FE5DE}.Debug|iPhone.Build.0 = Debug|Any CPU
		{4A73EA12-64AE-40CC-BC6F-E55F893FE5DE}.Debug|iPhoneSimulator.ActiveCfg = Debug|Any CPU
		{4A73EA12-64AE-40CC-BC6F-E55F893FE5DE}.Debug|iPhoneSimulator.Build.0 = Debug|Any CPU
		{4A73EA12-64AE-40CC-BC6F-E55F893FE5DE}.Debug|Mixed Platforms.ActiveCfg = Debug|Any CPU
		{4A73EA12-64AE-40CC-BC6F-E55F893FE5DE}.Debug|Mixed Platforms.Build.0 = Debug|Any CPU
		{4A73EA12-64AE-40CC-BC6F-E55F893FE5DE}.Debug|x86.ActiveCfg = Debug|Any CPU
		{4A73EA12-64AE-40CC-BC6F-E55F893FE5DE}.Debug|x86.Build.0 = Debug|Any CPU
		{4A73EA12-64AE-40CC-BC6F-E55F893FE5DE}.Release|Any CPU.ActiveCfg = Release|Any CPU
		{4A73EA12-64AE-40CC-BC6F-E55F893FE5DE}.Release|Any CPU.Build.0 = Release|Any CPU
		{4A73EA12-64AE-40CC-BC6F-E55F893FE5DE}.Release|iPhone.ActiveCfg = Release|Any CPU
		{4A73EA12-64AE-40CC-BC6F-E55F893FE5DE}.Release|iPhone.Build.0 = Release|Any CPU
		{4A73EA12-64AE-40CC-BC6F-E55F893FE5DE}.Release|iPhoneSimulator.ActiveCfg = Release|Any CPU
		{4A73EA12-64AE-40CC-BC6F-E55F893FE5DE}.Release|iPhoneSimulator.Build.0 = Release|Any CPU
		{4A73EA12-64AE-40CC-BC6F-E55F893FE5DE}.Release|Mixed Platforms.ActiveCfg = Release|Any CPU
		{4A73EA12-64AE-40CC-BC6F-E55F893FE5DE}.Release|Mixed Platforms.Build.0 = Release|Any CPU
		{4A73EA12-64AE-40CC-BC6F-E55F893FE5DE}.Release|x86.ActiveCfg = Release|Any CPU
		{4A73EA12-64AE-40CC-BC6F-E55F893FE5DE}.Release|x86.Build.0 = Release|Any CPU
		{3A993860-3293-46E0-AA7F-FEA52C4843E9}.Ad-Hoc|Any CPU.ActiveCfg = Release|Any CPU
		{3A993860-3293-46E0-AA7F-FEA52C4843E9}.Ad-Hoc|Any CPU.Build.0 = Release|Any CPU
		{3A993860-3293-46E0-AA7F-FEA52C4843E9}.Ad-Hoc|iPhone.ActiveCfg = Release|Any CPU
		{3A993860-3293-46E0-AA7F-FEA52C4843E9}.Ad-Hoc|iPhone.Build.0 = Release|Any CPU
		{3A993860-3293-46E0-AA7F-FEA52C4843E9}.Ad-Hoc|iPhoneSimulator.ActiveCfg = Release|Any CPU
		{3A993860-3293-46E0-AA7F-FEA52C4843E9}.Ad-Hoc|iPhoneSimulator.Build.0 = Release|Any CPU
		{3A993860-3293-46E0-AA7F-FEA52C4843E9}.Ad-Hoc|Mixed Platforms.ActiveCfg = Release|Any CPU
		{3A993860-3293-46E0-AA7F-FEA52C4843E9}.Ad-Hoc|Mixed Platforms.Build.0 = Release|Any CPU
		{3A993860-3293-46E0-AA7F-FEA52C4843E9}.Ad-Hoc|x86.ActiveCfg = Release|Any CPU
		{3A993860-3293-46E0-AA7F-FEA52C4843E9}.Ad-Hoc|x86.Build.0 = Release|Any CPU
		{3A993860-3293-46E0-AA7F-FEA52C4843E9}.AppStore|Any CPU.ActiveCfg = Release|Any CPU
		{3A993860-3293-46E0-AA7F-FEA52C4843E9}.AppStore|Any CPU.Build.0 = Release|Any CPU
		{3A993860-3293-46E0-AA7F-FEA52C4843E9}.AppStore|iPhone.ActiveCfg = Release|Any CPU
		{3A993860-3293-46E0-AA7F-FEA52C4843E9}.AppStore|iPhone.Build.0 = Release|Any CPU
		{3A993860-3293-46E0-AA7F-FEA52C4843E9}.AppStore|iPhoneSimulator.ActiveCfg = Release|Any CPU
		{3A993860-3293-46E0-AA7F-FEA52C4843E9}.AppStore|iPhoneSimulator.Build.0 = Release|Any CPU
		{3A993860-3293-46E0-AA7F-FEA52C4843E9}.AppStore|Mixed Platforms.ActiveCfg = Release|Any CPU
		{3A993860-3293-46E0-AA7F-FEA52C4843E9}.AppStore|Mixed Platforms.Build.0 = Release|Any CPU
		{3A993860-3293-46E0-AA7F-FEA52C4843E9}.AppStore|x86.ActiveCfg = Release|Any CPU
		{3A993860-3293-46E0-AA7F-FEA52C4843E9}.AppStore|x86.Build.0 = Release|Any CPU
		{3A993860-3293-46E0-AA7F-FEA52C4843E9}.Debug|Any CPU.ActiveCfg = Debug|Any CPU
		{3A993860-3293-46E0-AA7F-FEA52C4843E9}.Debug|Any CPU.Build.0 = Debug|Any CPU
		{3A993860-3293-46E0-AA7F-FEA52C4843E9}.Debug|iPhone.ActiveCfg = Debug|Any CPU
		{3A993860-3293-46E0-AA7F-FEA52C4843E9}.Debug|iPhone.Build.0 = Debug|Any CPU
		{3A993860-3293-46E0-AA7F-FEA52C4843E9}.Debug|iPhoneSimulator.ActiveCfg = Debug|Any CPU
		{3A993860-3293-46E0-AA7F-FEA52C4843E9}.Debug|iPhoneSimulator.Build.0 = Debug|Any CPU
		{3A993860-3293-46E0-AA7F-FEA52C4843E9}.Debug|Mixed Platforms.ActiveCfg = Debug|Any CPU
		{3A993860-3293-46E0-AA7F-FEA52C4843E9}.Debug|Mixed Platforms.Build.0 = Debug|Any CPU
		{3A993860-3293-46E0-AA7F-FEA52C4843E9}.Debug|x86.ActiveCfg = Debug|Any CPU
		{3A993860-3293-46E0-AA7F-FEA52C4843E9}.Debug|x86.Build.0 = Debug|Any CPU
		{3A993860-3293-46E0-AA7F-FEA52C4843E9}.Release|Any CPU.ActiveCfg = Release|Any CPU
		{3A993860-3293-46E0-AA7F-FEA52C4843E9}.Release|Any CPU.Build.0 = Release|Any CPU
		{3A993860-3293-46E0-AA7F-FEA52C4843E9}.Release|iPhone.ActiveCfg = Release|Any CPU
		{3A993860-3293-46E0-AA7F-FEA52C4843E9}.Release|iPhone.Build.0 = Release|Any CPU
		{3A993860-3293-46E0-AA7F-FEA52C4843E9}.Release|iPhoneSimulator.ActiveCfg = Release|Any CPU
		{3A993860-3293-46E0-AA7F-FEA52C4843E9}.Release|iPhoneSimulator.Build.0 = Release|Any CPU
		{3A993860-3293-46E0-AA7F-FEA52C4843E9}.Release|Mixed Platforms.ActiveCfg = Release|Any CPU
		{3A993860-3293-46E0-AA7F-FEA52C4843E9}.Release|Mixed Platforms.Build.0 = Release|Any CPU
		{3A993860-3293-46E0-AA7F-FEA52C4843E9}.Release|x86.ActiveCfg = Release|Any CPU
		{3A993860-3293-46E0-AA7F-FEA52C4843E9}.Release|x86.Build.0 = Release|Any CPU
		{5B6DC93F-3D72-4519-AEA9-95754E8DF350}.Ad-Hoc|Any CPU.ActiveCfg = Release|Any CPU
		{5B6DC93F-3D72-4519-AEA9-95754E8DF350}.Ad-Hoc|Any CPU.Build.0 = Release|Any CPU
		{5B6DC93F-3D72-4519-AEA9-95754E8DF350}.Ad-Hoc|iPhone.ActiveCfg = Release|Any CPU
		{5B6DC93F-3D72-4519-AEA9-95754E8DF350}.Ad-Hoc|iPhone.Build.0 = Release|Any CPU
		{5B6DC93F-3D72-4519-AEA9-95754E8DF350}.Ad-Hoc|iPhoneSimulator.ActiveCfg = Release|Any CPU
		{5B6DC93F-3D72-4519-AEA9-95754E8DF350}.Ad-Hoc|iPhoneSimulator.Build.0 = Release|Any CPU
		{5B6DC93F-3D72-4519-AEA9-95754E8DF350}.Ad-Hoc|Mixed Platforms.ActiveCfg = Release|Any CPU
		{5B6DC93F-3D72-4519-AEA9-95754E8DF350}.Ad-Hoc|Mixed Platforms.Build.0 = Release|Any CPU
		{5B6DC93F-3D72-4519-AEA9-95754E8DF350}.Ad-Hoc|x86.ActiveCfg = Release|Any CPU
		{5B6DC93F-3D72-4519-AEA9-95754E8DF350}.Ad-Hoc|x86.Build.0 = Release|Any CPU
		{5B6DC93F-3D72-4519-AEA9-95754E8DF350}.AppStore|Any CPU.ActiveCfg = Release|Any CPU
		{5B6DC93F-3D72-4519-AEA9-95754E8DF350}.AppStore|Any CPU.Build.0 = Release|Any CPU
		{5B6DC93F-3D72-4519-AEA9-95754E8DF350}.AppStore|iPhone.ActiveCfg = Release|Any CPU
		{5B6DC93F-3D72-4519-AEA9-95754E8DF350}.AppStore|iPhone.Build.0 = Release|Any CPU
		{5B6DC93F-3D72-4519-AEA9-95754E8DF350}.AppStore|iPhoneSimulator.ActiveCfg = Release|Any CPU
		{5B6DC93F-3D72-4519-AEA9-95754E8DF350}.AppStore|iPhoneSimulator.Build.0 = Release|Any CPU
		{5B6DC93F-3D72-4519-AEA9-95754E8DF350}.AppStore|Mixed Platforms.ActiveCfg = Release|Any CPU
		{5B6DC93F-3D72-4519-AEA9-95754E8DF350}.AppStore|Mixed Platforms.Build.0 = Release|Any CPU
		{5B6DC93F-3D72-4519-AEA9-95754E8DF350}.AppStore|x86.ActiveCfg = Release|Any CPU
		{5B6DC93F-3D72-4519-AEA9-95754E8DF350}.AppStore|x86.Build.0 = Release|Any CPU
		{5B6DC93F-3D72-4519-AEA9-95754E8DF350}.Debug|Any CPU.ActiveCfg = Debug|Any CPU
		{5B6DC93F-3D72-4519-AEA9-95754E8DF350}.Debug|Any CPU.Build.0 = Debug|Any CPU
		{5B6DC93F-3D72-4519-AEA9-95754E8DF350}.Debug|iPhone.ActiveCfg = Debug|Any CPU
		{5B6DC93F-3D72-4519-AEA9-95754E8DF350}.Debug|iPhone.Build.0 = Debug|Any CPU
		{5B6DC93F-3D72-4519-AEA9-95754E8DF350}.Debug|iPhoneSimulator.ActiveCfg = Debug|Any CPU
		{5B6DC93F-3D72-4519-AEA9-95754E8DF350}.Debug|iPhoneSimulator.Build.0 = Debug|Any CPU
		{5B6DC93F-3D72-4519-AEA9-95754E8DF350}.Debug|Mixed Platforms.ActiveCfg = Debug|Any CPU
		{5B6DC93F-3D72-4519-AEA9-95754E8DF350}.Debug|Mixed Platforms.Build.0 = Debug|Any CPU
		{5B6DC93F-3D72-4519-AEA9-95754E8DF350}.Debug|x86.ActiveCfg = Debug|Any CPU
		{5B6DC93F-3D72-4519-AEA9-95754E8DF350}.Debug|x86.Build.0 = Debug|Any CPU
		{5B6DC93F-3D72-4519-AEA9-95754E8DF350}.Release|Any CPU.ActiveCfg = Release|Any CPU
		{5B6DC93F-3D72-4519-AEA9-95754E8DF350}.Release|Any CPU.Build.0 = Release|Any CPU
		{5B6DC93F-3D72-4519-AEA9-95754E8DF350}.Release|iPhone.ActiveCfg = Release|Any CPU
		{5B6DC93F-3D72-4519-AEA9-95754E8DF350}.Release|iPhone.Build.0 = Release|Any CPU
		{5B6DC93F-3D72-4519-AEA9-95754E8DF350}.Release|iPhoneSimulator.ActiveCfg = Release|Any CPU
		{5B6DC93F-3D72-4519-AEA9-95754E8DF350}.Release|iPhoneSimulator.Build.0 = Release|Any CPU
		{5B6DC93F-3D72-4519-AEA9-95754E8DF350}.Release|Mixed Platforms.ActiveCfg = Release|Any CPU
		{5B6DC93F-3D72-4519-AEA9-95754E8DF350}.Release|Mixed Platforms.Build.0 = Release|Any CPU
		{5B6DC93F-3D72-4519-AEA9-95754E8DF350}.Release|x86.ActiveCfg = Release|Any CPU
		{5B6DC93F-3D72-4519-AEA9-95754E8DF350}.Release|x86.Build.0 = Release|Any CPU
		{1F021EEF-F12E-4ADD-9658-62CD67374C0D}.Ad-Hoc|Any CPU.ActiveCfg = Release|Any CPU
		{1F021EEF-F12E-4ADD-9658-62CD67374C0D}.Ad-Hoc|Any CPU.Build.0 = Release|Any CPU
		{1F021EEF-F12E-4ADD-9658-62CD67374C0D}.Ad-Hoc|iPhone.ActiveCfg = Release|Any CPU
		{1F021EEF-F12E-4ADD-9658-62CD67374C0D}.Ad-Hoc|iPhone.Build.0 = Release|Any CPU
		{1F021EEF-F12E-4ADD-9658-62CD67374C0D}.Ad-Hoc|iPhoneSimulator.ActiveCfg = Release|Any CPU
		{1F021EEF-F12E-4ADD-9658-62CD67374C0D}.Ad-Hoc|iPhoneSimulator.Build.0 = Release|Any CPU
		{1F021EEF-F12E-4ADD-9658-62CD67374C0D}.Ad-Hoc|Mixed Platforms.ActiveCfg = Release|Any CPU
		{1F021EEF-F12E-4ADD-9658-62CD67374C0D}.Ad-Hoc|Mixed Platforms.Build.0 = Release|Any CPU
		{1F021EEF-F12E-4ADD-9658-62CD67374C0D}.Ad-Hoc|x86.ActiveCfg = Release|Any CPU
		{1F021EEF-F12E-4ADD-9658-62CD67374C0D}.Ad-Hoc|x86.Build.0 = Release|Any CPU
		{1F021EEF-F12E-4ADD-9658-62CD67374C0D}.AppStore|Any CPU.ActiveCfg = Release|Any CPU
		{1F021EEF-F12E-4ADD-9658-62CD67374C0D}.AppStore|Any CPU.Build.0 = Release|Any CPU
		{1F021EEF-F12E-4ADD-9658-62CD67374C0D}.AppStore|iPhone.ActiveCfg = Release|Any CPU
		{1F021EEF-F12E-4ADD-9658-62CD67374C0D}.AppStore|iPhone.Build.0 = Release|Any CPU
		{1F021EEF-F12E-4ADD-9658-62CD67374C0D}.AppStore|iPhoneSimulator.ActiveCfg = Release|Any CPU
		{1F021EEF-F12E-4ADD-9658-62CD67374C0D}.AppStore|iPhoneSimulator.Build.0 = Release|Any CPU
		{1F021EEF-F12E-4ADD-9658-62CD67374C0D}.AppStore|Mixed Platforms.ActiveCfg = Release|Any CPU
		{1F021EEF-F12E-4ADD-9658-62CD67374C0D}.AppStore|Mixed Platforms.Build.0 = Release|Any CPU
		{1F021EEF-F12E-4ADD-9658-62CD67374C0D}.AppStore|x86.ActiveCfg = Release|Any CPU
		{1F021EEF-F12E-4ADD-9658-62CD67374C0D}.AppStore|x86.Build.0 = Release|Any CPU
		{1F021EEF-F12E-4ADD-9658-62CD67374C0D}.Debug|Any CPU.ActiveCfg = Debug|Any CPU
		{1F021EEF-F12E-4ADD-9658-62CD67374C0D}.Debug|Any CPU.Build.0 = Debug|Any CPU
		{1F021EEF-F12E-4ADD-9658-62CD67374C0D}.Debug|iPhone.ActiveCfg = Debug|Any CPU
		{1F021EEF-F12E-4ADD-9658-62CD67374C0D}.Debug|iPhone.Build.0 = Debug|Any CPU
		{1F021EEF-F12E-4ADD-9658-62CD67374C0D}.Debug|iPhoneSimulator.ActiveCfg = Debug|Any CPU
		{1F021EEF-F12E-4ADD-9658-62CD67374C0D}.Debug|iPhoneSimulator.Build.0 = Debug|Any CPU
		{1F021EEF-F12E-4ADD-9658-62CD67374C0D}.Debug|Mixed Platforms.ActiveCfg = Debug|Any CPU
		{1F021EEF-F12E-4ADD-9658-62CD67374C0D}.Debug|Mixed Platforms.Build.0 = Debug|Any CPU
		{1F021EEF-F12E-4ADD-9658-62CD67374C0D}.Debug|x86.ActiveCfg = Debug|Any CPU
		{1F021EEF-F12E-4ADD-9658-62CD67374C0D}.Debug|x86.Build.0 = Debug|Any CPU
		{1F021EEF-F12E-4ADD-9658-62CD67374C0D}.Release|Any CPU.ActiveCfg = Release|Any CPU
		{1F021EEF-F12E-4ADD-9658-62CD67374C0D}.Release|Any CPU.Build.0 = Release|Any CPU
		{1F021EEF-F12E-4ADD-9658-62CD67374C0D}.Release|iPhone.ActiveCfg = Release|Any CPU
		{1F021EEF-F12E-4ADD-9658-62CD67374C0D}.Release|iPhone.Build.0 = Release|Any CPU
		{1F021EEF-F12E-4ADD-9658-62CD67374C0D}.Release|iPhoneSimulator.ActiveCfg = Release|Any CPU
		{1F021EEF-F12E-4ADD-9658-62CD67374C0D}.Release|iPhoneSimulator.Build.0 = Release|Any CPU
		{1F021EEF-F12E-4ADD-9658-62CD67374C0D}.Release|Mixed Platforms.ActiveCfg = Release|Any CPU
		{1F021EEF-F12E-4ADD-9658-62CD67374C0D}.Release|Mixed Platforms.Build.0 = Release|Any CPU
		{1F021EEF-F12E-4ADD-9658-62CD67374C0D}.Release|x86.ActiveCfg = Release|Any CPU
		{1F021EEF-F12E-4ADD-9658-62CD67374C0D}.Release|x86.Build.0 = Release|Any CPU
		{5073FCAB-E66B-4346-944F-E0AB49A4ABE5}.Ad-Hoc|Any CPU.ActiveCfg = Release|Win32
		{5073FCAB-E66B-4346-944F-E0AB49A4ABE5}.Ad-Hoc|Any CPU.Build.0 = Release|Win32
		{5073FCAB-E66B-4346-944F-E0AB49A4ABE5}.Ad-Hoc|iPhone.ActiveCfg = Release|Win32
		{5073FCAB-E66B-4346-944F-E0AB49A4ABE5}.Ad-Hoc|iPhone.Build.0 = Release|Win32
		{5073FCAB-E66B-4346-944F-E0AB49A4ABE5}.Ad-Hoc|iPhoneSimulator.ActiveCfg = Release|Win32
		{5073FCAB-E66B-4346-944F-E0AB49A4ABE5}.Ad-Hoc|iPhoneSimulator.Build.0 = Release|Win32
		{5073FCAB-E66B-4346-944F-E0AB49A4ABE5}.Ad-Hoc|Mixed Platforms.ActiveCfg = Release|Win32
		{5073FCAB-E66B-4346-944F-E0AB49A4ABE5}.Ad-Hoc|Mixed Platforms.Build.0 = Release|Win32
		{5073FCAB-E66B-4346-944F-E0AB49A4ABE5}.Ad-Hoc|x86.ActiveCfg = Release|Win32
		{5073FCAB-E66B-4346-944F-E0AB49A4ABE5}.Ad-Hoc|x86.Build.0 = Release|Win32
		{5073FCAB-E66B-4346-944F-E0AB49A4ABE5}.AppStore|Any CPU.ActiveCfg = Release|Win32
		{5073FCAB-E66B-4346-944F-E0AB49A4ABE5}.AppStore|Any CPU.Build.0 = Release|Win32
		{5073FCAB-E66B-4346-944F-E0AB49A4ABE5}.AppStore|iPhone.ActiveCfg = Release|Win32
		{5073FCAB-E66B-4346-944F-E0AB49A4ABE5}.AppStore|iPhone.Build.0 = Release|Win32
		{5073FCAB-E66B-4346-944F-E0AB49A4ABE5}.AppStore|iPhoneSimulator.ActiveCfg = Release|Win32
		{5073FCAB-E66B-4346-944F-E0AB49A4ABE5}.AppStore|iPhoneSimulator.Build.0 = Release|Win32
		{5073FCAB-E66B-4346-944F-E0AB49A4ABE5}.AppStore|Mixed Platforms.ActiveCfg = Release|Win32
		{5073FCAB-E66B-4346-944F-E0AB49A4ABE5}.AppStore|Mixed Platforms.Build.0 = Release|Win32
		{5073FCAB-E66B-4346-944F-E0AB49A4ABE5}.AppStore|x86.ActiveCfg = Release|Win32
		{5073FCAB-E66B-4346-944F-E0AB49A4ABE5}.AppStore|x86.Build.0 = Release|Win32
		{5073FCAB-E66B-4346-944F-E0AB49A4ABE5}.Debug|Any CPU.ActiveCfg = Debug|Win32
		{5073FCAB-E66B-4346-944F-E0AB49A4ABE5}.Debug|iPhone.ActiveCfg = Debug|Win32
		{5073FCAB-E66B-4346-944F-E0AB49A4ABE5}.Debug|iPhoneSimulator.ActiveCfg = Debug|Win32
		{5073FCAB-E66B-4346-944F-E0AB49A4ABE5}.Debug|Mixed Platforms.ActiveCfg = Debug|Win32
		{5073FCAB-E66B-4346-944F-E0AB49A4ABE5}.Debug|Mixed Platforms.Build.0 = Debug|Win32
		{5073FCAB-E66B-4346-944F-E0AB49A4ABE5}.Debug|x86.ActiveCfg = Debug|Win32
		{5073FCAB-E66B-4346-944F-E0AB49A4ABE5}.Debug|x86.Build.0 = Debug|Win32
		{5073FCAB-E66B-4346-944F-E0AB49A4ABE5}.Release|Any CPU.ActiveCfg = Release|Win32
		{5073FCAB-E66B-4346-944F-E0AB49A4ABE5}.Release|iPhone.ActiveCfg = Release|Win32
		{5073FCAB-E66B-4346-944F-E0AB49A4ABE5}.Release|iPhoneSimulator.ActiveCfg = Release|Win32
		{5073FCAB-E66B-4346-944F-E0AB49A4ABE5}.Release|Mixed Platforms.ActiveCfg = Release|Win32
		{5073FCAB-E66B-4346-944F-E0AB49A4ABE5}.Release|Mixed Platforms.Build.0 = Release|Win32
		{5073FCAB-E66B-4346-944F-E0AB49A4ABE5}.Release|x86.ActiveCfg = Release|Win32
		{5073FCAB-E66B-4346-944F-E0AB49A4ABE5}.Release|x86.Build.0 = Release|Win32
	EndGlobalSection
	GlobalSection(SolutionProperties) = preSolution
		HideSolutionNode = FALSE
	EndGlobalSection
	GlobalSection(NestedProjects) = preSolution
		{FBA16F9C-D388-464F-8B40-5D8D96FABDEA} = {B06CFE45-5EF4-4535-B26D-0A58C3CE388F}
		{737E13A4-29FC-4524-A07C-444C3BF22324} = {B06CFE45-5EF4-4535-B26D-0A58C3CE388F}
		{FCC27F60-7EDF-464B-9876-F196A4A7DFB3} = {20ACE243-6D1A-4158-9D80-027E823A621E}
		{4766E44D-1C55-4022-8CC8-2FD2FE616DFA} = {D59FADB2-741D-4ECB-8BCC-3E9FB41D3B7C}
		{B75EFE30-51BC-4514-95C5-EC7ABB896627} = {1035EA35-D523-43DE-B2B8-D1CED3E87BA3}
		{D6E5C050-20C7-48B7-AF75-0B4A17CFF7A7} = {1035EA35-D523-43DE-B2B8-D1CED3E87BA3}
		{CB193F61-3292-44D4-ADF9-A2283B2DC797} = {1035EA35-D523-43DE-B2B8-D1CED3E87BA3}
		{9D248950-D9E5-43EC-8EEF-CC9D350BAE38} = {20ACE243-6D1A-4158-9D80-027E823A621E}
		{F2377187-1A58-41D6-AD8F-15C02A3D82D9} = {1035EA35-D523-43DE-B2B8-D1CED3E87BA3}
		{630CF422-2C7D-4CD5-990F-71D50C02C3C4} = {80BFA192-488D-44AC-9085-9D89F7F7A482}
		{5758D35E-C5C6-4D21-B571-029B38E85F62} = {80BFA192-488D-44AC-9085-9D89F7F7A482}
		{EEBC1A57-B303-4F5D-BD13-E4C7B5E5B505} = {80BFA192-488D-44AC-9085-9D89F7F7A482}
		{EED532FD-4C71-4BE9-8C58-A95C117160B4} = {D59FADB2-741D-4ECB-8BCC-3E9FB41D3B7C}
		{13C2882F-3B16-455B-9CD1-0DEA92883769} = {D59FADB2-741D-4ECB-8BCC-3E9FB41D3B7C}
		{3133FBAB-303F-46CD-904A-DAA011C4E14F} = {B06CFE45-5EF4-4535-B26D-0A58C3CE388F}
		{1CBE7054-C4D5-453E-9441-B942223928AC} = {1035EA35-D523-43DE-B2B8-D1CED3E87BA3}
		{4B541B42-7ED1-45E1-A8F6-E828AA2F6F4B} = {6CF6848C-4F4C-4032-B4B0-72AE00E2F135}
		{73E6416E-ABDE-4B20-9BCE-660678D3368C} = {98C73B43-1F13-4C18-9124-CD35598509A2}
		{4A73EA12-64AE-40CC-BC6F-E55F893FE5DE} = {6CF6848C-4F4C-4032-B4B0-72AE00E2F135}
		{3A993860-3293-46E0-AA7F-FEA52C4843E9} = {1035EA35-D523-43DE-B2B8-D1CED3E87BA3}
		{5B6DC93F-3D72-4519-AEA9-95754E8DF350} = {80BFA192-488D-44AC-9085-9D89F7F7A482}
	EndGlobalSection
EndGlobal
