
Microsoft Visual Studio Solution File, Format Version 12.00
# Visual Studio 2012
Project("{FAE04EC0-301F-11D3-BF4B-00C04F79EFBC}") = "BitPoker", "BitPoker\BitPoker.csproj", "{FBA16F9C-D388-464F-8B40-5D8D96FABDEA}"
EndProject
Project("{FAE04EC0-301F-11D3-BF4B-00C04F79EFBC}") = "BitPoker.Models", "BitPoker.Models\BitPoker.Models.csproj", "{195A8CA4-2680-4010-AECF-EA2742240DC1}"
EndProject
Global
	GlobalSection(SolutionConfigurationPlatforms) = preSolution
		Debug|x86 = Debug|x86
		Release|x86 = Release|x86
	EndGlobalSection
	GlobalSection(ProjectConfigurationPlatforms) = postSolution
		{195A8CA4-2680-4010-AECF-EA2742240DC1}.Debug|x86.ActiveCfg = Debug|Any CPU
		{195A8CA4-2680-4010-AECF-EA2742240DC1}.Debug|x86.Build.0 = Debug|Any CPU
		{195A8CA4-2680-4010-AECF-EA2742240DC1}.Release|x86.ActiveCfg = Release|Any CPU
		{195A8CA4-2680-4010-AECF-EA2742240DC1}.Release|x86.Build.0 = Release|Any CPU
		{FBA16F9C-D388-464F-8B40-5D8D96FABDEA}.Debug|x86.ActiveCfg = Debug|x86
		{FBA16F9C-D388-464F-8B40-5D8D96FABDEA}.Debug|x86.Build.0 = Debug|x86
		{FBA16F9C-D388-464F-8B40-5D8D96FABDEA}.Release|x86.ActiveCfg = Release|x86
		{FBA16F9C-D388-464F-8B40-5D8D96FABDEA}.Release|x86.Build.0 = Release|x86
	EndGlobalSection
EndGlobal
