
Microsoft Visual Studio Solution File, Format Version 12.00
# Visual Studio 14
VisualStudioVersion = 14.0.25123.0
MinimumVisualStudioVersion = 10.0.40219.1
Project("{FAE04EC0-301F-11D3-BF4B-00C04F79EFBC}") = "BitPoker", "BitPoker\BitPoker.csproj", "{FBA16F9C-D388-464F-8B40-5D8D96FABDEA}"
EndProject
Project("{FAE04EC0-301F-11D3-BF4B-00C04F79EFBC}") = "BitPoker.Models", "BitPoker.Models\BitPoker.Models.csproj", "{195A8CA4-2680-4010-AECF-EA2742240DC1}"
EndProject
Project("{FAE04EC0-301F-11D3-BF4B-00C04F79EFBC}") = "Bitpoker.WPFClient", "Bitpoker.WPFClient\Bitpoker.WPFClient.csproj", "{737E13A4-29FC-4524-A07C-444C3BF22324}"
EndProject
Project("{FAE04EC0-301F-11D3-BF4B-00C04F79EFBC}") = "BitPoker.Repository", "BitPoker.Repository\BitPoker.Repository.csproj", "{FCC27F60-7EDF-464B-9876-F196A4A7DFB3}"
EndProject
Project("{2150E333-8FDC-42A3-9474-1A3956D46DE8}") = "Solution Items", "Solution Items", "{6831B3E8-4E25-4941-8193-DA7363C1A115}"
	ProjectSection(SolutionItems) = preProject
		headsupcolddeck.txt = headsupcolddeck.txt
		Local.testsettings = Local.testsettings
	EndProjectSection
EndProject
Project("{FAE04EC0-301F-11D3-BF4B-00C04F79EFBC}") = "BitPoker.Models.Mocks", "BitPoker.Models.Mocks\BitPoker.Models.Mocks.csproj", "{4766E44D-1C55-4022-8CC8-2FD2FE616DFA}"
EndProject
Project("{FAE04EC0-301F-11D3-BF4B-00C04F79EFBC}") = "BitPoker.MVC", "BitPoker.MVC\BitPoker.MVC.csproj", "{877789C5-C568-4628-A553-9B79B162EBC1}"
EndProject
Project("{FAE04EC0-301F-11D3-BF4B-00C04F79EFBC}") = "BitPoker.MVC.Tests", "BitPoker.MVC.Tests\BitPoker.MVC.Tests.csproj", "{B75EFE30-51BC-4514-95C5-EC7ABB896627}"
EndProject
Project("{FAE04EC0-301F-11D3-BF4B-00C04F79EFBC}") = "BitPoker.MVC.WebTests", "BitPoker.MVC.WebTests\BitPoker.MVC.WebTests.csproj", "{D6E5C050-20C7-48B7-AF75-0B4A17CFF7A7}"
EndProject
Project("{FAE04EC0-301F-11D3-BF4B-00C04F79EFBC}") = "BitPoker.Repository.SQLite", "BitPoker.Repository.SQLite\BitPoker.Repository.SQLite.csproj", "{B1EB6156-FD0B-4304-9124-6CBB7625F9A4}"
EndProject
Project("{FAE04EC0-301F-11D3-BF4B-00C04F79EFBC}") = "BitPoker.Models.Tests", "BitPoker.Models.Tests\BitPoker.Models.Tests.csproj", "{CB193F61-3292-44D4-ADF9-A2283B2DC797}"
EndProject
Project("{FAE04EC0-301F-11D3-BF4B-00C04F79EFBC}") = "BitPoker.Repository.LiteDB", "BitPoker.Repository.LiteDB\BitPoker.Repository.LiteDB.csproj", "{9D248950-D9E5-43EC-8EEF-CC9D350BAE38}"
EndProject
Global
	GlobalSection(SolutionConfigurationPlatforms) = preSolution
		Ad-Hoc|Any CPU = Ad-Hoc|Any CPU
		Ad-Hoc|iPhone = Ad-Hoc|iPhone
		Ad-Hoc|iPhoneSimulator = Ad-Hoc|iPhoneSimulator
		Ad-Hoc|Mixed Platforms = Ad-Hoc|Mixed Platforms
		Ad-Hoc|x86 = Ad-Hoc|x86
		AppStore|Any CPU = AppStore|Any CPU
		AppStore|iPhone = AppStore|iPhone
		AppStore|iPhoneSimulator = AppStore|iPhoneSimulator
		AppStore|Mixed Platforms = AppStore|Mixed Platforms
		AppStore|x86 = AppStore|x86
		Debug|Any CPU = Debug|Any CPU
		Debug|iPhone = Debug|iPhone
		Debug|iPhoneSimulator = Debug|iPhoneSimulator
		Debug|Mixed Platforms = Debug|Mixed Platforms
		Debug|x86 = Debug|x86
		Release|Any CPU = Release|Any CPU
		Release|iPhone = Release|iPhone
		Release|iPhoneSimulator = Release|iPhoneSimulator
		Release|Mixed Platforms = Release|Mixed Platforms
		Release|x86 = Release|x86
	EndGlobalSection
	GlobalSection(ProjectConfigurationPlatforms) = postSolution
		{FBA16F9C-D388-464F-8B40-5D8D96FABDEA}.Ad-Hoc|Any CPU.ActiveCfg = Release|x86
		{FBA16F9C-D388-464F-8B40-5D8D96FABDEA}.Ad-Hoc|Any CPU.Build.0 = Release|x86
		{FBA16F9C-D388-464F-8B40-5D8D96FABDEA}.Ad-Hoc|iPhone.ActiveCfg = Release|x86
		{FBA16F9C-D388-464F-8B40-5D8D96FABDEA}.Ad-Hoc|iPhone.Build.0 = Release|x86
		{FBA16F9C-D388-464F-8B40-5D8D96FABDEA}.Ad-Hoc|iPhoneSimulator.ActiveCfg = Release|x86
		{FBA16F9C-D388-464F-8B40-5D8D96FABDEA}.Ad-Hoc|iPhoneSimulator.Build.0 = Release|x86
		{FBA16F9C-D388-464F-8B40-5D8D96FABDEA}.Ad-Hoc|Mixed Platforms.ActiveCfg = Release|x86
		{FBA16F9C-D388-464F-8B40-5D8D96FABDEA}.Ad-Hoc|Mixed Platforms.Build.0 = Release|x86
		{FBA16F9C-D388-464F-8B40-5D8D96FABDEA}.Ad-Hoc|x86.ActiveCfg = Release|x86
		{FBA16F9C-D388-464F-8B40-5D8D96FABDEA}.Ad-Hoc|x86.Build.0 = Release|x86
		{FBA16F9C-D388-464F-8B40-5D8D96FABDEA}.AppStore|Any CPU.ActiveCfg = Release|x86
		{FBA16F9C-D388-464F-8B40-5D8D96FABDEA}.AppStore|Any CPU.Build.0 = Release|x86
		{FBA16F9C-D388-464F-8B40-5D8D96FABDEA}.AppStore|iPhone.ActiveCfg = Release|x86
		{FBA16F9C-D388-464F-8B40-5D8D96FABDEA}.AppStore|iPhone.Build.0 = Release|x86
		{FBA16F9C-D388-464F-8B40-5D8D96FABDEA}.AppStore|iPhoneSimulator.ActiveCfg = Release|x86
		{FBA16F9C-D388-464F-8B40-5D8D96FABDEA}.AppStore|iPhoneSimulator.Build.0 = Release|x86
		{FBA16F9C-D388-464F-8B40-5D8D96FABDEA}.AppStore|Mixed Platforms.ActiveCfg = Release|x86
		{FBA16F9C-D388-464F-8B40-5D8D96FABDEA}.AppStore|Mixed Platforms.Build.0 = Release|x86
		{FBA16F9C-D388-464F-8B40-5D8D96FABDEA}.AppStore|x86.ActiveCfg = Release|x86
		{FBA16F9C-D388-464F-8B40-5D8D96FABDEA}.AppStore|x86.Build.0 = Release|x86
		{FBA16F9C-D388-464F-8B40-5D8D96FABDEA}.Debug|Any CPU.ActiveCfg = Debug|x86
		{FBA16F9C-D388-464F-8B40-5D8D96FABDEA}.Debug|iPhone.ActiveCfg = Debug|x86
		{FBA16F9C-D388-464F-8B40-5D8D96FABDEA}.Debug|iPhoneSimulator.ActiveCfg = Debug|x86
		{FBA16F9C-D388-464F-8B40-5D8D96FABDEA}.Debug|Mixed Platforms.ActiveCfg = Debug|x86
		{FBA16F9C-D388-464F-8B40-5D8D96FABDEA}.Debug|Mixed Platforms.Build.0 = Debug|x86
		{FBA16F9C-D388-464F-8B40-5D8D96FABDEA}.Debug|x86.ActiveCfg = Debug|x86
		{FBA16F9C-D388-464F-8B40-5D8D96FABDEA}.Debug|x86.Build.0 = Debug|x86
		{FBA16F9C-D388-464F-8B40-5D8D96FABDEA}.Release|Any CPU.ActiveCfg = Release|x86
		{FBA16F9C-D388-464F-8B40-5D8D96FABDEA}.Release|iPhone.ActiveCfg = Release|x86
		{FBA16F9C-D388-464F-8B40-5D8D96FABDEA}.Release|iPhoneSimulator.ActiveCfg = Release|x86
		{FBA16F9C-D388-464F-8B40-5D8D96FABDEA}.Release|Mixed Platforms.ActiveCfg = Release|x86
		{FBA16F9C-D388-464F-8B40-5D8D96FABDEA}.Release|Mixed Platforms.Build.0 = Release|x86
		{FBA16F9C-D388-464F-8B40-5D8D96FABDEA}.Release|x86.ActiveCfg = Release|x86
		{FBA16F9C-D388-464F-8B40-5D8D96FABDEA}.Release|x86.Build.0 = Release|x86
		{195A8CA4-2680-4010-AECF-EA2742240DC1}.Ad-Hoc|Any CPU.ActiveCfg = Release|Any CPU
		{195A8CA4-2680-4010-AECF-EA2742240DC1}.Ad-Hoc|Any CPU.Build.0 = Release|Any CPU
		{195A8CA4-2680-4010-AECF-EA2742240DC1}.Ad-Hoc|iPhone.ActiveCfg = Release|Any CPU
		{195A8CA4-2680-4010-AECF-EA2742240DC1}.Ad-Hoc|iPhone.Build.0 = Release|Any CPU
		{195A8CA4-2680-4010-AECF-EA2742240DC1}.Ad-Hoc|iPhoneSimulator.ActiveCfg = Release|Any CPU
		{195A8CA4-2680-4010-AECF-EA2742240DC1}.Ad-Hoc|iPhoneSimulator.Build.0 = Release|Any CPU
		{195A8CA4-2680-4010-AECF-EA2742240DC1}.Ad-Hoc|Mixed Platforms.ActiveCfg = Release|Any CPU
		{195A8CA4-2680-4010-AECF-EA2742240DC1}.Ad-Hoc|Mixed Platforms.Build.0 = Release|Any CPU
		{195A8CA4-2680-4010-AECF-EA2742240DC1}.Ad-Hoc|x86.ActiveCfg = Release|Any CPU
		{195A8CA4-2680-4010-AECF-EA2742240DC1}.Ad-Hoc|x86.Build.0 = Release|Any CPU
		{195A8CA4-2680-4010-AECF-EA2742240DC1}.AppStore|Any CPU.ActiveCfg = Release|Any CPU
		{195A8CA4-2680-4010-AECF-EA2742240DC1}.AppStore|Any CPU.Build.0 = Release|Any CPU
		{195A8CA4-2680-4010-AECF-EA2742240DC1}.AppStore|iPhone.ActiveCfg = Release|Any CPU
		{195A8CA4-2680-4010-AECF-EA2742240DC1}.AppStore|iPhone.Build.0 = Release|Any CPU
		{195A8CA4-2680-4010-AECF-EA2742240DC1}.AppStore|iPhoneSimulator.ActiveCfg = Release|Any CPU
		{195A8CA4-2680-4010-AECF-EA2742240DC1}.AppStore|iPhoneSimulator.Build.0 = Release|Any CPU
		{195A8CA4-2680-4010-AECF-EA2742240DC1}.AppStore|Mixed Platforms.ActiveCfg = Release|Any CPU
		{195A8CA4-2680-4010-AECF-EA2742240DC1}.AppStore|Mixed Platforms.Build.0 = Release|Any CPU
		{195A8CA4-2680-4010-AECF-EA2742240DC1}.AppStore|x86.ActiveCfg = Release|Any CPU
		{195A8CA4-2680-4010-AECF-EA2742240DC1}.AppStore|x86.Build.0 = Release|Any CPU
		{195A8CA4-2680-4010-AECF-EA2742240DC1}.Debug|Any CPU.ActiveCfg = Debug|Any CPU
		{195A8CA4-2680-4010-AECF-EA2742240DC1}.Debug|Any CPU.Build.0 = Debug|Any CPU
		{195A8CA4-2680-4010-AECF-EA2742240DC1}.Debug|iPhone.ActiveCfg = Debug|Any CPU
		{195A8CA4-2680-4010-AECF-EA2742240DC1}.Debug|iPhone.Build.0 = Debug|Any CPU
		{195A8CA4-2680-4010-AECF-EA2742240DC1}.Debug|iPhoneSimulator.ActiveCfg = Debug|Any CPU
		{195A8CA4-2680-4010-AECF-EA2742240DC1}.Debug|iPhoneSimulator.Build.0 = Debug|Any CPU
		{195A8CA4-2680-4010-AECF-EA2742240DC1}.Debug|Mixed Platforms.ActiveCfg = Debug|Any CPU
		{195A8CA4-2680-4010-AECF-EA2742240DC1}.Debug|Mixed Platforms.Build.0 = Debug|Any CPU
		{195A8CA4-2680-4010-AECF-EA2742240DC1}.Debug|x86.ActiveCfg = Debug|Any CPU
		{195A8CA4-2680-4010-AECF-EA2742240DC1}.Debug|x86.Build.0 = Debug|Any CPU
		{195A8CA4-2680-4010-AECF-EA2742240DC1}.Release|Any CPU.ActiveCfg = Release|Any CPU
		{195A8CA4-2680-4010-AECF-EA2742240DC1}.Release|Any CPU.Build.0 = Release|Any CPU
		{195A8CA4-2680-4010-AECF-EA2742240DC1}.Release|iPhone.ActiveCfg = Release|Any CPU
		{195A8CA4-2680-4010-AECF-EA2742240DC1}.Release|iPhone.Build.0 = Release|Any CPU
		{195A8CA4-2680-4010-AECF-EA2742240DC1}.Release|iPhoneSimulator.ActiveCfg = Release|Any CPU
		{195A8CA4-2680-4010-AECF-EA2742240DC1}.Release|iPhoneSimulator.Build.0 = Release|Any CPU
		{195A8CA4-2680-4010-AECF-EA2742240DC1}.Release|Mixed Platforms.ActiveCfg = Release|Any CPU
		{195A8CA4-2680-4010-AECF-EA2742240DC1}.Release|Mixed Platforms.Build.0 = Release|Any CPU
		{195A8CA4-2680-4010-AECF-EA2742240DC1}.Release|x86.ActiveCfg = Release|Any CPU
		{195A8CA4-2680-4010-AECF-EA2742240DC1}.Release|x86.Build.0 = Release|Any CPU
		{737E13A4-29FC-4524-A07C-444C3BF22324}.Ad-Hoc|Any CPU.ActiveCfg = Release|Any CPU
		{737E13A4-29FC-4524-A07C-444C3BF22324}.Ad-Hoc|Any CPU.Build.0 = Release|Any CPU
		{737E13A4-29FC-4524-A07C-444C3BF22324}.Ad-Hoc|iPhone.ActiveCfg = Release|Any CPU
		{737E13A4-29FC-4524-A07C-444C3BF22324}.Ad-Hoc|iPhone.Build.0 = Release|Any CPU
		{737E13A4-29FC-4524-A07C-444C3BF22324}.Ad-Hoc|iPhoneSimulator.ActiveCfg = Release|Any CPU
		{737E13A4-29FC-4524-A07C-444C3BF22324}.Ad-Hoc|iPhoneSimulator.Build.0 = Release|Any CPU
		{737E13A4-29FC-4524-A07C-444C3BF22324}.Ad-Hoc|Mixed Platforms.ActiveCfg = Release|Any CPU
		{737E13A4-29FC-4524-A07C-444C3BF22324}.Ad-Hoc|Mixed Platforms.Build.0 = Release|Any CPU
		{737E13A4-29FC-4524-A07C-444C3BF22324}.Ad-Hoc|x86.ActiveCfg = Release|Any CPU
		{737E13A4-29FC-4524-A07C-444C3BF22324}.Ad-Hoc|x86.Build.0 = Release|Any CPU
		{737E13A4-29FC-4524-A07C-444C3BF22324}.AppStore|Any CPU.ActiveCfg = Release|Any CPU
		{737E13A4-29FC-4524-A07C-444C3BF22324}.AppStore|Any CPU.Build.0 = Release|Any CPU
		{737E13A4-29FC-4524-A07C-444C3BF22324}.AppStore|iPhone.ActiveCfg = Release|Any CPU
		{737E13A4-29FC-4524-A07C-444C3BF22324}.AppStore|iPhone.Build.0 = Release|Any CPU
		{737E13A4-29FC-4524-A07C-444C3BF22324}.AppStore|iPhoneSimulator.ActiveCfg = Release|Any CPU
		{737E13A4-29FC-4524-A07C-444C3BF22324}.AppStore|iPhoneSimulator.Build.0 = Release|Any CPU
		{737E13A4-29FC-4524-A07C-444C3BF22324}.AppStore|Mixed Platforms.ActiveCfg = Release|Any CPU
		{737E13A4-29FC-4524-A07C-444C3BF22324}.AppStore|Mixed Platforms.Build.0 = Release|Any CPU
		{737E13A4-29FC-4524-A07C-444C3BF22324}.AppStore|x86.ActiveCfg = Release|Any CPU
		{737E13A4-29FC-4524-A07C-444C3BF22324}.AppStore|x86.Build.0 = Release|Any CPU
		{737E13A4-29FC-4524-A07C-444C3BF22324}.Debug|Any CPU.ActiveCfg = Debug|Any CPU
		{737E13A4-29FC-4524-A07C-444C3BF22324}.Debug|Any CPU.Build.0 = Debug|Any CPU
		{737E13A4-29FC-4524-A07C-444C3BF22324}.Debug|iPhone.ActiveCfg = Debug|Any CPU
		{737E13A4-29FC-4524-A07C-444C3BF22324}.Debug|iPhone.Build.0 = Debug|Any CPU
		{737E13A4-29FC-4524-A07C-444C3BF22324}.Debug|iPhoneSimulator.ActiveCfg = Debug|Any CPU
		{737E13A4-29FC-4524-A07C-444C3BF22324}.Debug|iPhoneSimulator.Build.0 = Debug|Any CPU
		{737E13A4-29FC-4524-A07C-444C3BF22324}.Debug|Mixed Platforms.ActiveCfg = Debug|Any CPU
		{737E13A4-29FC-4524-A07C-444C3BF22324}.Debug|Mixed Platforms.Build.0 = Debug|Any CPU
		{737E13A4-29FC-4524-A07C-444C3BF22324}.Debug|x86.ActiveCfg = Debug|Any CPU
		{737E13A4-29FC-4524-A07C-444C3BF22324}.Release|Any CPU.ActiveCfg = Release|Any CPU
		{737E13A4-29FC-4524-A07C-444C3BF22324}.Release|Any CPU.Build.0 = Release|Any CPU
		{737E13A4-29FC-4524-A07C-444C3BF22324}.Release|iPhone.ActiveCfg = Release|Any CPU
		{737E13A4-29FC-4524-A07C-444C3BF22324}.Release|iPhone.Build.0 = Release|Any CPU
		{737E13A4-29FC-4524-A07C-444C3BF22324}.Release|iPhoneSimulator.ActiveCfg = Release|Any CPU
		{737E13A4-29FC-4524-A07C-444C3BF22324}.Release|iPhoneSimulator.Build.0 = Release|Any CPU
		{737E13A4-29FC-4524-A07C-444C3BF22324}.Release|Mixed Platforms.ActiveCfg = Release|Any CPU
		{737E13A4-29FC-4524-A07C-444C3BF22324}.Release|Mixed Platforms.Build.0 = Release|Any CPU
		{737E13A4-29FC-4524-A07C-444C3BF22324}.Release|x86.ActiveCfg = Release|Any CPU
		{FCC27F60-7EDF-464B-9876-F196A4A7DFB3}.Ad-Hoc|Any CPU.ActiveCfg = Release|Any CPU
		{FCC27F60-7EDF-464B-9876-F196A4A7DFB3}.Ad-Hoc|Any CPU.Build.0 = Release|Any CPU
		{FCC27F60-7EDF-464B-9876-F196A4A7DFB3}.Ad-Hoc|iPhone.ActiveCfg = Release|Any CPU
		{FCC27F60-7EDF-464B-9876-F196A4A7DFB3}.Ad-Hoc|iPhone.Build.0 = Release|Any CPU
		{FCC27F60-7EDF-464B-9876-F196A4A7DFB3}.Ad-Hoc|iPhoneSimulator.ActiveCfg = Release|Any CPU
		{FCC27F60-7EDF-464B-9876-F196A4A7DFB3}.Ad-Hoc|iPhoneSimulator.Build.0 = Release|Any CPU
		{FCC27F60-7EDF-464B-9876-F196A4A7DFB3}.Ad-Hoc|Mixed Platforms.ActiveCfg = Release|Any CPU
		{FCC27F60-7EDF-464B-9876-F196A4A7DFB3}.Ad-Hoc|Mixed Platforms.Build.0 = Release|Any CPU
		{FCC27F60-7EDF-464B-9876-F196A4A7DFB3}.Ad-Hoc|x86.ActiveCfg = Release|Any CPU
		{FCC27F60-7EDF-464B-9876-F196A4A7DFB3}.Ad-Hoc|x86.Build.0 = Release|Any CPU
		{FCC27F60-7EDF-464B-9876-F196A4A7DFB3}.AppStore|Any CPU.ActiveCfg = Release|Any CPU
		{FCC27F60-7EDF-464B-9876-F196A4A7DFB3}.AppStore|Any CPU.Build.0 = Release|Any CPU
		{FCC27F60-7EDF-464B-9876-F196A4A7DFB3}.AppStore|iPhone.ActiveCfg = Release|Any CPU
		{FCC27F60-7EDF-464B-9876-F196A4A7DFB3}.AppStore|iPhone.Build.0 = Release|Any CPU
		{FCC27F60-7EDF-464B-9876-F196A4A7DFB3}.AppStore|iPhoneSimulator.ActiveCfg = Release|Any CPU
		{FCC27F60-7EDF-464B-9876-F196A4A7DFB3}.AppStore|iPhoneSimulator.Build.0 = Release|Any CPU
		{FCC27F60-7EDF-464B-9876-F196A4A7DFB3}.AppStore|Mixed Platforms.ActiveCfg = Release|Any CPU
		{FCC27F60-7EDF-464B-9876-F196A4A7DFB3}.AppStore|Mixed Platforms.Build.0 = Release|Any CPU
		{FCC27F60-7EDF-464B-9876-F196A4A7DFB3}.AppStore|x86.ActiveCfg = Release|Any CPU
		{FCC27F60-7EDF-464B-9876-F196A4A7DFB3}.AppStore|x86.Build.0 = Release|Any CPU
		{FCC27F60-7EDF-464B-9876-F196A4A7DFB3}.Debug|Any CPU.ActiveCfg = Debug|Any CPU
		{FCC27F60-7EDF-464B-9876-F196A4A7DFB3}.Debug|Any CPU.Build.0 = Debug|Any CPU
		{FCC27F60-7EDF-464B-9876-F196A4A7DFB3}.Debug|iPhone.ActiveCfg = Debug|Any CPU
		{FCC27F60-7EDF-464B-9876-F196A4A7DFB3}.Debug|iPhone.Build.0 = Debug|Any CPU
		{FCC27F60-7EDF-464B-9876-F196A4A7DFB3}.Debug|iPhoneSimulator.ActiveCfg = Debug|Any CPU
		{FCC27F60-7EDF-464B-9876-F196A4A7DFB3}.Debug|iPhoneSimulator.Build.0 = Debug|Any CPU
		{FCC27F60-7EDF-464B-9876-F196A4A7DFB3}.Debug|Mixed Platforms.ActiveCfg = Debug|Any CPU
		{FCC27F60-7EDF-464B-9876-F196A4A7DFB3}.Debug|Mixed Platforms.Build.0 = Debug|Any CPU
		{FCC27F60-7EDF-464B-9876-F196A4A7DFB3}.Debug|x86.ActiveCfg = Debug|Any CPU
		{FCC27F60-7EDF-464B-9876-F196A4A7DFB3}.Debug|x86.Build.0 = Debug|Any CPU
		{FCC27F60-7EDF-464B-9876-F196A4A7DFB3}.Release|Any CPU.ActiveCfg = Release|Any CPU
		{FCC27F60-7EDF-464B-9876-F196A4A7DFB3}.Release|Any CPU.Build.0 = Release|Any CPU
		{FCC27F60-7EDF-464B-9876-F196A4A7DFB3}.Release|iPhone.ActiveCfg = Release|Any CPU
		{FCC27F60-7EDF-464B-9876-F196A4A7DFB3}.Release|iPhone.Build.0 = Release|Any CPU
		{FCC27F60-7EDF-464B-9876-F196A4A7DFB3}.Release|iPhoneSimulator.ActiveCfg = Release|Any CPU
		{FCC27F60-7EDF-464B-9876-F196A4A7DFB3}.Release|iPhoneSimulator.Build.0 = Release|Any CPU
		{FCC27F60-7EDF-464B-9876-F196A4A7DFB3}.Release|Mixed Platforms.ActiveCfg = Release|Any CPU
		{FCC27F60-7EDF-464B-9876-F196A4A7DFB3}.Release|Mixed Platforms.Build.0 = Release|Any CPU
		{FCC27F60-7EDF-464B-9876-F196A4A7DFB3}.Release|x86.ActiveCfg = Release|Any CPU
		{FCC27F60-7EDF-464B-9876-F196A4A7DFB3}.Release|x86.Build.0 = Release|Any CPU
		{4766E44D-1C55-4022-8CC8-2FD2FE616DFA}.Ad-Hoc|Any CPU.ActiveCfg = Release|Any CPU
		{4766E44D-1C55-4022-8CC8-2FD2FE616DFA}.Ad-Hoc|Any CPU.Build.0 = Release|Any CPU
		{4766E44D-1C55-4022-8CC8-2FD2FE616DFA}.Ad-Hoc|iPhone.ActiveCfg = Release|Any CPU
		{4766E44D-1C55-4022-8CC8-2FD2FE616DFA}.Ad-Hoc|iPhone.Build.0 = Release|Any CPU
		{4766E44D-1C55-4022-8CC8-2FD2FE616DFA}.Ad-Hoc|iPhoneSimulator.ActiveCfg = Release|Any CPU
		{4766E44D-1C55-4022-8CC8-2FD2FE616DFA}.Ad-Hoc|iPhoneSimulator.Build.0 = Release|Any CPU
		{4766E44D-1C55-4022-8CC8-2FD2FE616DFA}.Ad-Hoc|Mixed Platforms.ActiveCfg = Release|Any CPU
		{4766E44D-1C55-4022-8CC8-2FD2FE616DFA}.Ad-Hoc|Mixed Platforms.Build.0 = Release|Any CPU
		{4766E44D-1C55-4022-8CC8-2FD2FE616DFA}.Ad-Hoc|x86.ActiveCfg = Release|Any CPU
		{4766E44D-1C55-4022-8CC8-2FD2FE616DFA}.Ad-Hoc|x86.Build.0 = Release|Any CPU
		{4766E44D-1C55-4022-8CC8-2FD2FE616DFA}.AppStore|Any CPU.ActiveCfg = Release|Any CPU
		{4766E44D-1C55-4022-8CC8-2FD2FE616DFA}.AppStore|Any CPU.Build.0 = Release|Any CPU
		{4766E44D-1C55-4022-8CC8-2FD2FE616DFA}.AppStore|iPhone.ActiveCfg = Release|Any CPU
		{4766E44D-1C55-4022-8CC8-2FD2FE616DFA}.AppStore|iPhone.Build.0 = Release|Any CPU
		{4766E44D-1C55-4022-8CC8-2FD2FE616DFA}.AppStore|iPhoneSimulator.ActiveCfg = Release|Any CPU
		{4766E44D-1C55-4022-8CC8-2FD2FE616DFA}.AppStore|iPhoneSimulator.Build.0 = Release|Any CPU
		{4766E44D-1C55-4022-8CC8-2FD2FE616DFA}.AppStore|Mixed Platforms.ActiveCfg = Release|Any CPU
		{4766E44D-1C55-4022-8CC8-2FD2FE616DFA}.AppStore|Mixed Platforms.Build.0 = Release|Any CPU
		{4766E44D-1C55-4022-8CC8-2FD2FE616DFA}.AppStore|x86.ActiveCfg = Release|Any CPU
		{4766E44D-1C55-4022-8CC8-2FD2FE616DFA}.AppStore|x86.Build.0 = Release|Any CPU
		{4766E44D-1C55-4022-8CC8-2FD2FE616DFA}.Debug|Any CPU.ActiveCfg = Debug|Any CPU
		{4766E44D-1C55-4022-8CC8-2FD2FE616DFA}.Debug|Any CPU.Build.0 = Debug|Any CPU
		{4766E44D-1C55-4022-8CC8-2FD2FE616DFA}.Debug|iPhone.ActiveCfg = Debug|Any CPU
		{4766E44D-1C55-4022-8CC8-2FD2FE616DFA}.Debug|iPhone.Build.0 = Debug|Any CPU
		{4766E44D-1C55-4022-8CC8-2FD2FE616DFA}.Debug|iPhoneSimulator.ActiveCfg = Debug|Any CPU
		{4766E44D-1C55-4022-8CC8-2FD2FE616DFA}.Debug|iPhoneSimulator.Build.0 = Debug|Any CPU
		{4766E44D-1C55-4022-8CC8-2FD2FE616DFA}.Debug|Mixed Platforms.ActiveCfg = Debug|Any CPU
		{4766E44D-1C55-4022-8CC8-2FD2FE616DFA}.Debug|Mixed Platforms.Build.0 = Debug|Any CPU
		{4766E44D-1C55-4022-8CC8-2FD2FE616DFA}.Debug|x86.ActiveCfg = Debug|Any CPU
		{4766E44D-1C55-4022-8CC8-2FD2FE616DFA}.Debug|x86.Build.0 = Debug|Any CPU
		{4766E44D-1C55-4022-8CC8-2FD2FE616DFA}.Release|Any CPU.ActiveCfg = Release|Any CPU
		{4766E44D-1C55-4022-8CC8-2FD2FE616DFA}.Release|Any CPU.Build.0 = Release|Any CPU
		{4766E44D-1C55-4022-8CC8-2FD2FE616DFA}.Release|iPhone.ActiveCfg = Release|Any CPU
		{4766E44D-1C55-4022-8CC8-2FD2FE616DFA}.Release|iPhone.Build.0 = Release|Any CPU
		{4766E44D-1C55-4022-8CC8-2FD2FE616DFA}.Release|iPhoneSimulator.ActiveCfg = Release|Any CPU
		{4766E44D-1C55-4022-8CC8-2FD2FE616DFA}.Release|iPhoneSimulator.Build.0 = Release|Any CPU
		{4766E44D-1C55-4022-8CC8-2FD2FE616DFA}.Release|Mixed Platforms.ActiveCfg = Release|Any CPU
		{4766E44D-1C55-4022-8CC8-2FD2FE616DFA}.Release|Mixed Platforms.Build.0 = Release|Any CPU
		{4766E44D-1C55-4022-8CC8-2FD2FE616DFA}.Release|x86.ActiveCfg = Release|Any CPU
		{4766E44D-1C55-4022-8CC8-2FD2FE616DFA}.Release|x86.Build.0 = Release|Any CPU
		{877789C5-C568-4628-A553-9B79B162EBC1}.Ad-Hoc|Any CPU.ActiveCfg = Release|Any CPU
		{877789C5-C568-4628-A553-9B79B162EBC1}.Ad-Hoc|Any CPU.Build.0 = Release|Any CPU
		{877789C5-C568-4628-A553-9B79B162EBC1}.Ad-Hoc|iPhone.ActiveCfg = Release|Any CPU
		{877789C5-C568-4628-A553-9B79B162EBC1}.Ad-Hoc|iPhone.Build.0 = Release|Any CPU
		{877789C5-C568-4628-A553-9B79B162EBC1}.Ad-Hoc|iPhoneSimulator.ActiveCfg = Release|Any CPU
		{877789C5-C568-4628-A553-9B79B162EBC1}.Ad-Hoc|iPhoneSimulator.Build.0 = Release|Any CPU
		{877789C5-C568-4628-A553-9B79B162EBC1}.Ad-Hoc|Mixed Platforms.ActiveCfg = Release|Any CPU
		{877789C5-C568-4628-A553-9B79B162EBC1}.Ad-Hoc|Mixed Platforms.Build.0 = Release|Any CPU
		{877789C5-C568-4628-A553-9B79B162EBC1}.Ad-Hoc|x86.ActiveCfg = Release|Any CPU
		{877789C5-C568-4628-A553-9B79B162EBC1}.Ad-Hoc|x86.Build.0 = Release|Any CPU
		{877789C5-C568-4628-A553-9B79B162EBC1}.AppStore|Any CPU.ActiveCfg = Release|Any CPU
		{877789C5-C568-4628-A553-9B79B162EBC1}.AppStore|Any CPU.Build.0 = Release|Any CPU
		{877789C5-C568-4628-A553-9B79B162EBC1}.AppStore|iPhone.ActiveCfg = Release|Any CPU
		{877789C5-C568-4628-A553-9B79B162EBC1}.AppStore|iPhone.Build.0 = Release|Any CPU
		{877789C5-C568-4628-A553-9B79B162EBC1}.AppStore|iPhoneSimulator.ActiveCfg = Release|Any CPU
		{877789C5-C568-4628-A553-9B79B162EBC1}.AppStore|iPhoneSimulator.Build.0 = Release|Any CPU
		{877789C5-C568-4628-A553-9B79B162EBC1}.AppStore|Mixed Platforms.ActiveCfg = Release|Any CPU
		{877789C5-C568-4628-A553-9B79B162EBC1}.AppStore|Mixed Platforms.Build.0 = Release|Any CPU
		{877789C5-C568-4628-A553-9B79B162EBC1}.AppStore|x86.ActiveCfg = Release|Any CPU
		{877789C5-C568-4628-A553-9B79B162EBC1}.AppStore|x86.Build.0 = Release|Any CPU
		{877789C5-C568-4628-A553-9B79B162EBC1}.Debug|Any CPU.ActiveCfg = Debug|Any CPU
		{877789C5-C568-4628-A553-9B79B162EBC1}.Debug|Any CPU.Build.0 = Debug|Any CPU
		{877789C5-C568-4628-A553-9B79B162EBC1}.Debug|iPhone.ActiveCfg = Debug|Any CPU
		{877789C5-C568-4628-A553-9B79B162EBC1}.Debug|iPhone.Build.0 = Debug|Any CPU
		{877789C5-C568-4628-A553-9B79B162EBC1}.Debug|iPhoneSimulator.ActiveCfg = Debug|Any CPU
		{877789C5-C568-4628-A553-9B79B162EBC1}.Debug|iPhoneSimulator.Build.0 = Debug|Any CPU
		{877789C5-C568-4628-A553-9B79B162EBC1}.Debug|Mixed Platforms.ActiveCfg = Debug|Any CPU
		{877789C5-C568-4628-A553-9B79B162EBC1}.Debug|Mixed Platforms.Build.0 = Debug|Any CPU
		{877789C5-C568-4628-A553-9B79B162EBC1}.Debug|x86.ActiveCfg = Debug|Any CPU
		{877789C5-C568-4628-A553-9B79B162EBC1}.Debug|x86.Build.0 = Debug|Any CPU
		{877789C5-C568-4628-A553-9B79B162EBC1}.Release|Any CPU.ActiveCfg = Release|Any CPU
		{877789C5-C568-4628-A553-9B79B162EBC1}.Release|Any CPU.Build.0 = Release|Any CPU
		{877789C5-C568-4628-A553-9B79B162EBC1}.Release|iPhone.ActiveCfg = Release|Any CPU
		{877789C5-C568-4628-A553-9B79B162EBC1}.Release|iPhone.Build.0 = Release|Any CPU
		{877789C5-C568-4628-A553-9B79B162EBC1}.Release|iPhoneSimulator.ActiveCfg = Release|Any CPU
		{877789C5-C568-4628-A553-9B79B162EBC1}.Release|iPhoneSimulator.Build.0 = Release|Any CPU
		{877789C5-C568-4628-A553-9B79B162EBC1}.Release|Mixed Platforms.ActiveCfg = Release|Any CPU
		{877789C5-C568-4628-A553-9B79B162EBC1}.Release|Mixed Platforms.Build.0 = Release|Any CPU
		{877789C5-C568-4628-A553-9B79B162EBC1}.Release|x86.ActiveCfg = Release|Any CPU
		{877789C5-C568-4628-A553-9B79B162EBC1}.Release|x86.Build.0 = Release|Any CPU
		{B75EFE30-51BC-4514-95C5-EC7ABB896627}.Ad-Hoc|Any CPU.ActiveCfg = Release|Any CPU
		{B75EFE30-51BC-4514-95C5-EC7ABB896627}.Ad-Hoc|Any CPU.Build.0 = Release|Any CPU
		{B75EFE30-51BC-4514-95C5-EC7ABB896627}.Ad-Hoc|iPhone.ActiveCfg = Release|Any CPU
		{B75EFE30-51BC-4514-95C5-EC7ABB896627}.Ad-Hoc|iPhone.Build.0 = Release|Any CPU
		{B75EFE30-51BC-4514-95C5-EC7ABB896627}.Ad-Hoc|iPhoneSimulator.ActiveCfg = Release|Any CPU
		{B75EFE30-51BC-4514-95C5-EC7ABB896627}.Ad-Hoc|iPhoneSimulator.Build.0 = Release|Any CPU
		{B75EFE30-51BC-4514-95C5-EC7ABB896627}.Ad-Hoc|Mixed Platforms.ActiveCfg = Release|Any CPU
		{B75EFE30-51BC-4514-95C5-EC7ABB896627}.Ad-Hoc|Mixed Platforms.Build.0 = Release|Any CPU
		{B75EFE30-51BC-4514-95C5-EC7ABB896627}.Ad-Hoc|x86.ActiveCfg = Release|Any CPU
		{B75EFE30-51BC-4514-95C5-EC7ABB896627}.Ad-Hoc|x86.Build.0 = Release|Any CPU
		{B75EFE30-51BC-4514-95C5-EC7ABB896627}.AppStore|Any CPU.ActiveCfg = Release|Any CPU
		{B75EFE30-51BC-4514-95C5-EC7ABB896627}.AppStore|Any CPU.Build.0 = Release|Any CPU
		{B75EFE30-51BC-4514-95C5-EC7ABB896627}.AppStore|iPhone.ActiveCfg = Release|Any CPU
		{B75EFE30-51BC-4514-95C5-EC7ABB896627}.AppStore|iPhone.Build.0 = Release|Any CPU
		{B75EFE30-51BC-4514-95C5-EC7ABB896627}.AppStore|iPhoneSimulator.ActiveCfg = Release|Any CPU
		{B75EFE30-51BC-4514-95C5-EC7ABB896627}.AppStore|iPhoneSimulator.Build.0 = Release|Any CPU
		{B75EFE30-51BC-4514-95C5-EC7ABB896627}.AppStore|Mixed Platforms.ActiveCfg = Release|Any CPU
		{B75EFE30-51BC-4514-95C5-EC7ABB896627}.AppStore|Mixed Platforms.Build.0 = Release|Any CPU
		{B75EFE30-51BC-4514-95C5-EC7ABB896627}.AppStore|x86.ActiveCfg = Release|Any CPU
		{B75EFE30-51BC-4514-95C5-EC7ABB896627}.AppStore|x86.Build.0 = Release|Any CPU
		{B75EFE30-51BC-4514-95C5-EC7ABB896627}.Debug|Any CPU.ActiveCfg = Debug|Any CPU
		{B75EFE30-51BC-4514-95C5-EC7ABB896627}.Debug|Any CPU.Build.0 = Debug|Any CPU
		{B75EFE30-51BC-4514-95C5-EC7ABB896627}.Debug|iPhone.ActiveCfg = Debug|Any CPU
		{B75EFE30-51BC-4514-95C5-EC7ABB896627}.Debug|iPhone.Build.0 = Debug|Any CPU
		{B75EFE30-51BC-4514-95C5-EC7ABB896627}.Debug|iPhoneSimulator.ActiveCfg = Debug|Any CPU
		{B75EFE30-51BC-4514-95C5-EC7ABB896627}.Debug|iPhoneSimulator.Build.0 = Debug|Any CPU
		{B75EFE30-51BC-4514-95C5-EC7ABB896627}.Debug|Mixed Platforms.ActiveCfg = Debug|Any CPU
		{B75EFE30-51BC-4514-95C5-EC7ABB896627}.Debug|Mixed Platforms.Build.0 = Debug|Any CPU
		{B75EFE30-51BC-4514-95C5-EC7ABB896627}.Debug|x86.ActiveCfg = Debug|Any CPU
		{B75EFE30-51BC-4514-95C5-EC7ABB896627}.Debug|x86.Build.0 = Debug|Any CPU
		{B75EFE30-51BC-4514-95C5-EC7ABB896627}.Release|Any CPU.ActiveCfg = Release|Any CPU
		{B75EFE30-51BC-4514-95C5-EC7ABB896627}.Release|Any CPU.Build.0 = Release|Any CPU
		{B75EFE30-51BC-4514-95C5-EC7ABB896627}.Release|iPhone.ActiveCfg = Release|Any CPU
		{B75EFE30-51BC-4514-95C5-EC7ABB896627}.Release|iPhone.Build.0 = Release|Any CPU
		{B75EFE30-51BC-4514-95C5-EC7ABB896627}.Release|iPhoneSimulator.ActiveCfg = Release|Any CPU
		{B75EFE30-51BC-4514-95C5-EC7ABB896627}.Release|iPhoneSimulator.Build.0 = Release|Any CPU
		{B75EFE30-51BC-4514-95C5-EC7ABB896627}.Release|Mixed Platforms.ActiveCfg = Release|Any CPU
		{B75EFE30-51BC-4514-95C5-EC7ABB896627}.Release|Mixed Platforms.Build.0 = Release|Any CPU
		{B75EFE30-51BC-4514-95C5-EC7ABB896627}.Release|x86.ActiveCfg = Release|Any CPU
		{B75EFE30-51BC-4514-95C5-EC7ABB896627}.Release|x86.Build.0 = Release|Any CPU
		{D6E5C050-20C7-48B7-AF75-0B4A17CFF7A7}.Ad-Hoc|Any CPU.ActiveCfg = Release|Any CPU
		{D6E5C050-20C7-48B7-AF75-0B4A17CFF7A7}.Ad-Hoc|Any CPU.Build.0 = Release|Any CPU
		{D6E5C050-20C7-48B7-AF75-0B4A17CFF7A7}.Ad-Hoc|iPhone.ActiveCfg = Release|Any CPU
		{D6E5C050-20C7-48B7-AF75-0B4A17CFF7A7}.Ad-Hoc|iPhone.Build.0 = Release|Any CPU
		{D6E5C050-20C7-48B7-AF75-0B4A17CFF7A7}.Ad-Hoc|iPhoneSimulator.ActiveCfg = Release|Any CPU
		{D6E5C050-20C7-48B7-AF75-0B4A17CFF7A7}.Ad-Hoc|iPhoneSimulator.Build.0 = Release|Any CPU
		{D6E5C050-20C7-48B7-AF75-0B4A17CFF7A7}.Ad-Hoc|Mixed Platforms.ActiveCfg = Release|Any CPU
		{D6E5C050-20C7-48B7-AF75-0B4A17CFF7A7}.Ad-Hoc|Mixed Platforms.Build.0 = Release|Any CPU
		{D6E5C050-20C7-48B7-AF75-0B4A17CFF7A7}.Ad-Hoc|x86.ActiveCfg = Release|Any CPU
		{D6E5C050-20C7-48B7-AF75-0B4A17CFF7A7}.Ad-Hoc|x86.Build.0 = Release|Any CPU
		{D6E5C050-20C7-48B7-AF75-0B4A17CFF7A7}.AppStore|Any CPU.ActiveCfg = Release|Any CPU
		{D6E5C050-20C7-48B7-AF75-0B4A17CFF7A7}.AppStore|Any CPU.Build.0 = Release|Any CPU
		{D6E5C050-20C7-48B7-AF75-0B4A17CFF7A7}.AppStore|iPhone.ActiveCfg = Release|Any CPU
		{D6E5C050-20C7-48B7-AF75-0B4A17CFF7A7}.AppStore|iPhone.Build.0 = Release|Any CPU
		{D6E5C050-20C7-48B7-AF75-0B4A17CFF7A7}.AppStore|iPhoneSimulator.ActiveCfg = Release|Any CPU
		{D6E5C050-20C7-48B7-AF75-0B4A17CFF7A7}.AppStore|iPhoneSimulator.Build.0 = Release|Any CPU
		{D6E5C050-20C7-48B7-AF75-0B4A17CFF7A7}.AppStore|Mixed Platforms.ActiveCfg = Release|Any CPU
		{D6E5C050-20C7-48B7-AF75-0B4A17CFF7A7}.AppStore|Mixed Platforms.Build.0 = Release|Any CPU
		{D6E5C050-20C7-48B7-AF75-0B4A17CFF7A7}.AppStore|x86.ActiveCfg = Release|Any CPU
		{D6E5C050-20C7-48B7-AF75-0B4A17CFF7A7}.AppStore|x86.Build.0 = Release|Any CPU
		{D6E5C050-20C7-48B7-AF75-0B4A17CFF7A7}.Debug|Any CPU.ActiveCfg = Debug|Any CPU
		{D6E5C050-20C7-48B7-AF75-0B4A17CFF7A7}.Debug|Any CPU.Build.0 = Debug|Any CPU
		{D6E5C050-20C7-48B7-AF75-0B4A17CFF7A7}.Debug|iPhone.ActiveCfg = Debug|Any CPU
		{D6E5C050-20C7-48B7-AF75-0B4A17CFF7A7}.Debug|iPhone.Build.0 = Debug|Any CPU
		{D6E5C050-20C7-48B7-AF75-0B4A17CFF7A7}.Debug|iPhoneSimulator.ActiveCfg = Debug|Any CPU
		{D6E5C050-20C7-48B7-AF75-0B4A17CFF7A7}.Debug|iPhoneSimulator.Build.0 = Debug|Any CPU
		{D6E5C050-20C7-48B7-AF75-0B4A17CFF7A7}.Debug|Mixed Platforms.ActiveCfg = Debug|Any CPU
		{D6E5C050-20C7-48B7-AF75-0B4A17CFF7A7}.Debug|Mixed Platforms.Build.0 = Debug|Any CPU
		{D6E5C050-20C7-48B7-AF75-0B4A17CFF7A7}.Debug|x86.ActiveCfg = Debug|Any CPU
		{D6E5C050-20C7-48B7-AF75-0B4A17CFF7A7}.Debug|x86.Build.0 = Debug|Any CPU
		{D6E5C050-20C7-48B7-AF75-0B4A17CFF7A7}.Release|Any CPU.ActiveCfg = Release|Any CPU
		{D6E5C050-20C7-48B7-AF75-0B4A17CFF7A7}.Release|Any CPU.Build.0 = Release|Any CPU
		{D6E5C050-20C7-48B7-AF75-0B4A17CFF7A7}.Release|iPhone.ActiveCfg = Release|Any CPU
		{D6E5C050-20C7-48B7-AF75-0B4A17CFF7A7}.Release|iPhone.Build.0 = Release|Any CPU
		{D6E5C050-20C7-48B7-AF75-0B4A17CFF7A7}.Release|iPhoneSimulator.ActiveCfg = Release|Any CPU
		{D6E5C050-20C7-48B7-AF75-0B4A17CFF7A7}.Release|iPhoneSimulator.Build.0 = Release|Any CPU
		{D6E5C050-20C7-48B7-AF75-0B4A17CFF7A7}.Release|Mixed Platforms.ActiveCfg = Release|Any CPU
		{D6E5C050-20C7-48B7-AF75-0B4A17CFF7A7}.Release|Mixed Platforms.Build.0 = Release|Any CPU
		{D6E5C050-20C7-48B7-AF75-0B4A17CFF7A7}.Release|x86.ActiveCfg = Release|Any CPU
		{D6E5C050-20C7-48B7-AF75-0B4A17CFF7A7}.Release|x86.Build.0 = Release|Any CPU
		{B1EB6156-FD0B-4304-9124-6CBB7625F9A4}.Ad-Hoc|Any CPU.ActiveCfg = Release|Any CPU
		{B1EB6156-FD0B-4304-9124-6CBB7625F9A4}.Ad-Hoc|Any CPU.Build.0 = Release|Any CPU
		{B1EB6156-FD0B-4304-9124-6CBB7625F9A4}.Ad-Hoc|iPhone.ActiveCfg = Release|Any CPU
		{B1EB6156-FD0B-4304-9124-6CBB7625F9A4}.Ad-Hoc|iPhone.Build.0 = Release|Any CPU
		{B1EB6156-FD0B-4304-9124-6CBB7625F9A4}.Ad-Hoc|iPhoneSimulator.ActiveCfg = Release|Any CPU
		{B1EB6156-FD0B-4304-9124-6CBB7625F9A4}.Ad-Hoc|iPhoneSimulator.Build.0 = Release|Any CPU
		{B1EB6156-FD0B-4304-9124-6CBB7625F9A4}.Ad-Hoc|Mixed Platforms.ActiveCfg = Release|Any CPU
		{B1EB6156-FD0B-4304-9124-6CBB7625F9A4}.Ad-Hoc|Mixed Platforms.Build.0 = Release|Any CPU
		{B1EB6156-FD0B-4304-9124-6CBB7625F9A4}.Ad-Hoc|x86.ActiveCfg = Release|Any CPU
		{B1EB6156-FD0B-4304-9124-6CBB7625F9A4}.Ad-Hoc|x86.Build.0 = Release|Any CPU
		{B1EB6156-FD0B-4304-9124-6CBB7625F9A4}.AppStore|Any CPU.ActiveCfg = Release|Any CPU
		{B1EB6156-FD0B-4304-9124-6CBB7625F9A4}.AppStore|Any CPU.Build.0 = Release|Any CPU
		{B1EB6156-FD0B-4304-9124-6CBB7625F9A4}.AppStore|iPhone.ActiveCfg = Release|Any CPU
		{B1EB6156-FD0B-4304-9124-6CBB7625F9A4}.AppStore|iPhone.Build.0 = Release|Any CPU
		{B1EB6156-FD0B-4304-9124-6CBB7625F9A4}.AppStore|iPhoneSimulator.ActiveCfg = Release|Any CPU
		{B1EB6156-FD0B-4304-9124-6CBB7625F9A4}.AppStore|iPhoneSimulator.Build.0 = Release|Any CPU
		{B1EB6156-FD0B-4304-9124-6CBB7625F9A4}.AppStore|Mixed Platforms.ActiveCfg = Release|Any CPU
		{B1EB6156-FD0B-4304-9124-6CBB7625F9A4}.AppStore|Mixed Platforms.Build.0 = Release|Any CPU
		{B1EB6156-FD0B-4304-9124-6CBB7625F9A4}.AppStore|x86.ActiveCfg = Release|Any CPU
		{B1EB6156-FD0B-4304-9124-6CBB7625F9A4}.AppStore|x86.Build.0 = Release|Any CPU
		{B1EB6156-FD0B-4304-9124-6CBB7625F9A4}.Debug|Any CPU.ActiveCfg = Debug|Any CPU
		{B1EB6156-FD0B-4304-9124-6CBB7625F9A4}.Debug|Any CPU.Build.0 = Debug|Any CPU
		{B1EB6156-FD0B-4304-9124-6CBB7625F9A4}.Debug|iPhone.ActiveCfg = Debug|Any CPU
		{B1EB6156-FD0B-4304-9124-6CBB7625F9A4}.Debug|iPhone.Build.0 = Debug|Any CPU
		{B1EB6156-FD0B-4304-9124-6CBB7625F9A4}.Debug|iPhoneSimulator.ActiveCfg = Debug|Any CPU
		{B1EB6156-FD0B-4304-9124-6CBB7625F9A4}.Debug|iPhoneSimulator.Build.0 = Debug|Any CPU
		{B1EB6156-FD0B-4304-9124-6CBB7625F9A4}.Debug|Mixed Platforms.ActiveCfg = Debug|Any CPU
		{B1EB6156-FD0B-4304-9124-6CBB7625F9A4}.Debug|Mixed Platforms.Build.0 = Debug|Any CPU
		{B1EB6156-FD0B-4304-9124-6CBB7625F9A4}.Debug|x86.ActiveCfg = Debug|Any CPU
		{B1EB6156-FD0B-4304-9124-6CBB7625F9A4}.Debug|x86.Build.0 = Debug|Any CPU
		{B1EB6156-FD0B-4304-9124-6CBB7625F9A4}.Release|Any CPU.ActiveCfg = Release|Any CPU
		{B1EB6156-FD0B-4304-9124-6CBB7625F9A4}.Release|Any CPU.Build.0 = Release|Any CPU
		{B1EB6156-FD0B-4304-9124-6CBB7625F9A4}.Release|iPhone.ActiveCfg = Release|Any CPU
		{B1EB6156-FD0B-4304-9124-6CBB7625F9A4}.Release|iPhone.Build.0 = Release|Any CPU
		{B1EB6156-FD0B-4304-9124-6CBB7625F9A4}.Release|iPhoneSimulator.ActiveCfg = Release|Any CPU
		{B1EB6156-FD0B-4304-9124-6CBB7625F9A4}.Release|iPhoneSimulator.Build.0 = Release|Any CPU
		{B1EB6156-FD0B-4304-9124-6CBB7625F9A4}.Release|Mixed Platforms.ActiveCfg = Release|Any CPU
		{B1EB6156-FD0B-4304-9124-6CBB7625F9A4}.Release|Mixed Platforms.Build.0 = Release|Any CPU
		{B1EB6156-FD0B-4304-9124-6CBB7625F9A4}.Release|x86.ActiveCfg = Release|Any CPU
		{B1EB6156-FD0B-4304-9124-6CBB7625F9A4}.Release|x86.Build.0 = Release|Any CPU
		{CB193F61-3292-44D4-ADF9-A2283B2DC797}.Ad-Hoc|Any CPU.ActiveCfg = Release|Any CPU
		{CB193F61-3292-44D4-ADF9-A2283B2DC797}.Ad-Hoc|Any CPU.Build.0 = Release|Any CPU
		{CB193F61-3292-44D4-ADF9-A2283B2DC797}.Ad-Hoc|iPhone.ActiveCfg = Release|Any CPU
		{CB193F61-3292-44D4-ADF9-A2283B2DC797}.Ad-Hoc|iPhone.Build.0 = Release|Any CPU
		{CB193F61-3292-44D4-ADF9-A2283B2DC797}.Ad-Hoc|iPhoneSimulator.ActiveCfg = Release|Any CPU
		{CB193F61-3292-44D4-ADF9-A2283B2DC797}.Ad-Hoc|iPhoneSimulator.Build.0 = Release|Any CPU
		{CB193F61-3292-44D4-ADF9-A2283B2DC797}.Ad-Hoc|Mixed Platforms.ActiveCfg = Release|Any CPU
		{CB193F61-3292-44D4-ADF9-A2283B2DC797}.Ad-Hoc|Mixed Platforms.Build.0 = Release|Any CPU
		{CB193F61-3292-44D4-ADF9-A2283B2DC797}.Ad-Hoc|x86.ActiveCfg = Release|Any CPU
		{CB193F61-3292-44D4-ADF9-A2283B2DC797}.Ad-Hoc|x86.Build.0 = Release|Any CPU
		{CB193F61-3292-44D4-ADF9-A2283B2DC797}.AppStore|Any CPU.ActiveCfg = Release|Any CPU
		{CB193F61-3292-44D4-ADF9-A2283B2DC797}.AppStore|Any CPU.Build.0 = Release|Any CPU
		{CB193F61-3292-44D4-ADF9-A2283B2DC797}.AppStore|iPhone.ActiveCfg = Release|Any CPU
		{CB193F61-3292-44D4-ADF9-A2283B2DC797}.AppStore|iPhone.Build.0 = Release|Any CPU
		{CB193F61-3292-44D4-ADF9-A2283B2DC797}.AppStore|iPhoneSimulator.ActiveCfg = Release|Any CPU
		{CB193F61-3292-44D4-ADF9-A2283B2DC797}.AppStore|iPhoneSimulator.Build.0 = Release|Any CPU
		{CB193F61-3292-44D4-ADF9-A2283B2DC797}.AppStore|Mixed Platforms.ActiveCfg = Release|Any CPU
		{CB193F61-3292-44D4-ADF9-A2283B2DC797}.AppStore|Mixed Platforms.Build.0 = Release|Any CPU
		{CB193F61-3292-44D4-ADF9-A2283B2DC797}.AppStore|x86.ActiveCfg = Release|Any CPU
		{CB193F61-3292-44D4-ADF9-A2283B2DC797}.AppStore|x86.Build.0 = Release|Any CPU
		{CB193F61-3292-44D4-ADF9-A2283B2DC797}.Debug|Any CPU.ActiveCfg = Debug|Any CPU
		{CB193F61-3292-44D4-ADF9-A2283B2DC797}.Debug|Any CPU.Build.0 = Debug|Any CPU
		{CB193F61-3292-44D4-ADF9-A2283B2DC797}.Debug|iPhone.ActiveCfg = Debug|Any CPU
		{CB193F61-3292-44D4-ADF9-A2283B2DC797}.Debug|iPhone.Build.0 = Debug|Any CPU
		{CB193F61-3292-44D4-ADF9-A2283B2DC797}.Debug|iPhoneSimulator.ActiveCfg = Debug|Any CPU
		{CB193F61-3292-44D4-ADF9-A2283B2DC797}.Debug|iPhoneSimulator.Build.0 = Debug|Any CPU
		{CB193F61-3292-44D4-ADF9-A2283B2DC797}.Debug|Mixed Platforms.ActiveCfg = Debug|Any CPU
		{CB193F61-3292-44D4-ADF9-A2283B2DC797}.Debug|Mixed Platforms.Build.0 = Debug|Any CPU
		{CB193F61-3292-44D4-ADF9-A2283B2DC797}.Debug|x86.ActiveCfg = Debug|Any CPU
		{CB193F61-3292-44D4-ADF9-A2283B2DC797}.Debug|x86.Build.0 = Debug|Any CPU
		{CB193F61-3292-44D4-ADF9-A2283B2DC797}.Release|Any CPU.ActiveCfg = Release|Any CPU
		{CB193F61-3292-44D4-ADF9-A2283B2DC797}.Release|Any CPU.Build.0 = Release|Any CPU
		{CB193F61-3292-44D4-ADF9-A2283B2DC797}.Release|iPhone.ActiveCfg = Release|Any CPU
		{CB193F61-3292-44D4-ADF9-A2283B2DC797}.Release|iPhone.Build.0 = Release|Any CPU
		{CB193F61-3292-44D4-ADF9-A2283B2DC797}.Release|iPhoneSimulator.ActiveCfg = Release|Any CPU
		{CB193F61-3292-44D4-ADF9-A2283B2DC797}.Release|iPhoneSimulator.Build.0 = Release|Any CPU
		{CB193F61-3292-44D4-ADF9-A2283B2DC797}.Release|Mixed Platforms.ActiveCfg = Release|Any CPU
		{CB193F61-3292-44D4-ADF9-A2283B2DC797}.Release|Mixed Platforms.Build.0 = Release|Any CPU
		{CB193F61-3292-44D4-ADF9-A2283B2DC797}.Release|x86.ActiveCfg = Release|Any CPU
		{CB193F61-3292-44D4-ADF9-A2283B2DC797}.Release|x86.Build.0 = Release|Any CPU
		{9D248950-D9E5-43EC-8EEF-CC9D350BAE38}.Ad-Hoc|Any CPU.ActiveCfg = Release|Any CPU
		{9D248950-D9E5-43EC-8EEF-CC9D350BAE38}.Ad-Hoc|Any CPU.Build.0 = Release|Any CPU
		{9D248950-D9E5-43EC-8EEF-CC9D350BAE38}.Ad-Hoc|iPhone.ActiveCfg = Release|Any CPU
		{9D248950-D9E5-43EC-8EEF-CC9D350BAE38}.Ad-Hoc|iPhone.Build.0 = Release|Any CPU
		{9D248950-D9E5-43EC-8EEF-CC9D350BAE38}.Ad-Hoc|iPhoneSimulator.ActiveCfg = Release|Any CPU
		{9D248950-D9E5-43EC-8EEF-CC9D350BAE38}.Ad-Hoc|iPhoneSimulator.Build.0 = Release|Any CPU
		{9D248950-D9E5-43EC-8EEF-CC9D350BAE38}.Ad-Hoc|Mixed Platforms.ActiveCfg = Release|Any CPU
		{9D248950-D9E5-43EC-8EEF-CC9D350BAE38}.Ad-Hoc|Mixed Platforms.Build.0 = Release|Any CPU
		{9D248950-D9E5-43EC-8EEF-CC9D350BAE38}.Ad-Hoc|x86.ActiveCfg = Release|Any CPU
		{9D248950-D9E5-43EC-8EEF-CC9D350BAE38}.Ad-Hoc|x86.Build.0 = Release|Any CPU
		{9D248950-D9E5-43EC-8EEF-CC9D350BAE38}.AppStore|Any CPU.ActiveCfg = Release|Any CPU
		{9D248950-D9E5-43EC-8EEF-CC9D350BAE38}.AppStore|Any CPU.Build.0 = Release|Any CPU
		{9D248950-D9E5-43EC-8EEF-CC9D350BAE38}.AppStore|iPhone.ActiveCfg = Release|Any CPU
		{9D248950-D9E5-43EC-8EEF-CC9D350BAE38}.AppStore|iPhone.Build.0 = Release|Any CPU
		{9D248950-D9E5-43EC-8EEF-CC9D350BAE38}.AppStore|iPhoneSimulator.ActiveCfg = Release|Any CPU
		{9D248950-D9E5-43EC-8EEF-CC9D350BAE38}.AppStore|iPhoneSimulator.Build.0 = Release|Any CPU
		{9D248950-D9E5-43EC-8EEF-CC9D350BAE38}.AppStore|Mixed Platforms.ActiveCfg = Release|Any CPU
		{9D248950-D9E5-43EC-8EEF-CC9D350BAE38}.AppStore|Mixed Platforms.Build.0 = Release|Any CPU
		{9D248950-D9E5-43EC-8EEF-CC9D350BAE38}.AppStore|x86.ActiveCfg = Release|Any CPU
		{9D248950-D9E5-43EC-8EEF-CC9D350BAE38}.AppStore|x86.Build.0 = Release|Any CPU
		{9D248950-D9E5-43EC-8EEF-CC9D350BAE38}.Debug|Any CPU.ActiveCfg = Debug|Any CPU
		{9D248950-D9E5-43EC-8EEF-CC9D350BAE38}.Debug|Any CPU.Build.0 = Debug|Any CPU
		{9D248950-D9E5-43EC-8EEF-CC9D350BAE38}.Debug|iPhone.ActiveCfg = Debug|Any CPU
		{9D248950-D9E5-43EC-8EEF-CC9D350BAE38}.Debug|iPhone.Build.0 = Debug|Any CPU
		{9D248950-D9E5-43EC-8EEF-CC9D350BAE38}.Debug|iPhoneSimulator.ActiveCfg = Debug|Any CPU
		{9D248950-D9E5-43EC-8EEF-CC9D350BAE38}.Debug|iPhoneSimulator.Build.0 = Debug|Any CPU
		{9D248950-D9E5-43EC-8EEF-CC9D350BAE38}.Debug|Mixed Platforms.ActiveCfg = Debug|Any CPU
		{9D248950-D9E5-43EC-8EEF-CC9D350BAE38}.Debug|Mixed Platforms.Build.0 = Debug|Any CPU
		{9D248950-D9E5-43EC-8EEF-CC9D350BAE38}.Debug|x86.ActiveCfg = Debug|Any CPU
		{9D248950-D9E5-43EC-8EEF-CC9D350BAE38}.Debug|x86.Build.0 = Debug|Any CPU
		{9D248950-D9E5-43EC-8EEF-CC9D350BAE38}.Release|Any CPU.ActiveCfg = Release|Any CPU
		{9D248950-D9E5-43EC-8EEF-CC9D350BAE38}.Release|Any CPU.Build.0 = Release|Any CPU
		{9D248950-D9E5-43EC-8EEF-CC9D350BAE38}.Release|iPhone.ActiveCfg = Release|Any CPU
		{9D248950-D9E5-43EC-8EEF-CC9D350BAE38}.Release|iPhone.Build.0 = Release|Any CPU
		{9D248950-D9E5-43EC-8EEF-CC9D350BAE38}.Release|iPhoneSimulator.ActiveCfg = Release|Any CPU
		{9D248950-D9E5-43EC-8EEF-CC9D350BAE38}.Release|iPhoneSimulator.Build.0 = Release|Any CPU
		{9D248950-D9E5-43EC-8EEF-CC9D350BAE38}.Release|Mixed Platforms.ActiveCfg = Release|Any CPU
		{9D248950-D9E5-43EC-8EEF-CC9D350BAE38}.Release|Mixed Platforms.Build.0 = Release|Any CPU
		{9D248950-D9E5-43EC-8EEF-CC9D350BAE38}.Release|x86.ActiveCfg = Release|Any CPU
		{9D248950-D9E5-43EC-8EEF-CC9D350BAE38}.Release|x86.Build.0 = Release|Any CPU
	EndGlobalSection
	GlobalSection(SolutionProperties) = preSolution
		HideSolutionNode = FALSE
	EndGlobalSection
EndGlobal
