
Microsoft Visual Studio Solution File, Format Version 12.00
# Visual Studio 14
VisualStudioVersion = 14.0.25420.1
MinimumVisualStudioVersion = 10.0.40219.1
Project("{FAE04EC0-301F-11D3-BF4B-00C04F79EFBC}") = "BitPoker.Models", "BitPoker.Models\BitPoker.Models.csproj", "{195A8CA4-2680-4010-AECF-EA2742240DC1}"
EndProject
Project("{FAE04EC0-301F-11D3-BF4B-00C04F79EFBC}") = "BitPoker.Repository", "BitPoker.Repository\BitPoker.Repository.csproj", "{FCC27F60-7EDF-464B-9876-F196A4A7DFB3}"
EndProject
Project("{2150E333-8FDC-42A3-9474-1A3956D46DE8}") = "Solution Items", "Solution Items", "{6831B3E8-4E25-4941-8193-DA7363C1A115}"
	ProjectSection(SolutionItems) = preProject
		headsupcolddeck.txt = headsupcolddeck.txt
		Local.testsettings = Local.testsettings
		seeds.json = seeds.json
		alicekeys.txt = alicekeys.txt
		bobkeys.txt = bobkeys.txt
	EndProjectSection
EndProject
Project("{FAE04EC0-301F-11D3-BF4B-00C04F79EFBC}") = "BitPoker.Models.Mocks", "BitPoker.Models.Mocks\BitPoker.Models.Mocks.csproj", "{4766E44D-1C55-4022-8CC8-2FD2FE616DFA}"
EndProject
Project("{FAE04EC0-301F-11D3-BF4B-00C04F79EFBC}") = "BitPoker.Repository.LiteDB", "BitPoker.Repository.LiteDB\BitPoker.Repository.LiteDB.csproj", "{9D248950-D9E5-43EC-8EEF-CC9D350BAE38}"
EndProject
Project("{FAE04EC0-301F-11D3-BF4B-00C04F79EFBC}") = "BitPoker.NetworkClient", "BitPoker.NetworkClient\BitPoker.NetworkClient.csproj", "{630CF422-2C7D-4CD5-990F-71D50C02C3C4}"
EndProject
Project("{FAE04EC0-301F-11D3-BF4B-00C04F79EFBC}") = "BitPoker.Clients", "BitPoker.Clients\BitPoker.Clients.csproj", "{5758D35E-C5C6-4D21-B571-029B38E85F62}"
EndProject
Project("{FAE04EC0-301F-11D3-BF4B-00C04F79EFBC}") = "BitPoker.Clients.Mocks", "BitPoker.Clients.Mocks\BitPoker.Clients.Mocks.csproj", "{EED532FD-4C71-4BE9-8C58-A95C117160B4}"
EndProject
Project("{FAE04EC0-301F-11D3-BF4B-00C04F79EFBC}") = "BitPoker.Repository.Mocks", "BitPoker.Repository.Mocks\BitPoker.Repository.Mocks.csproj", "{13C2882F-3B16-455B-9CD1-0DEA92883769}"
EndProject
Project("{2150E333-8FDC-42A3-9474-1A3956D46DE8}") = "Clients", "Clients", "{80BFA192-488D-44AC-9085-9D89F7F7A482}"
EndProject
Project("{2150E333-8FDC-42A3-9474-1A3956D46DE8}") = "Views", "Views", "{B06CFE45-5EF4-4535-B26D-0A58C3CE388F}"
EndProject
Project("{2150E333-8FDC-42A3-9474-1A3956D46DE8}") = "Repositories", "Repositories", "{20ACE243-6D1A-4158-9D80-027E823A621E}"
EndProject
Project("{2150E333-8FDC-42A3-9474-1A3956D46DE8}") = "Html", "Html", "{3133FBAB-303F-46CD-904A-DAA011C4E14F}"
	ProjectSection(SolutionItems) = preProject
		BitPoker.Views.Html\Hands.html = BitPoker.Views.Html\Hands.html
		BitPoker.Views.Html\Index.html = BitPoker.Views.Html\Index.html
		BitPoker.Views.Html\Me.html = BitPoker.Views.Html\Me.html
		BitPoker.Views.Html\Peer.html = BitPoker.Views.Html\Peer.html
		BitPoker.Views.Html\Tables.html = BitPoker.Views.Html\Tables.html
		Table.html = Table.html
		BitPoker.Views.Html\AddPeer.html = BitPoker.Views.Html\AddPeer.html
		BitPoker.Views.Html\InPlay.html = BitPoker.Views.Html\InPlay.html
	EndProjectSection
EndProject
Project("{2150E333-8FDC-42A3-9474-1A3956D46DE8}") = "Controllers", "Controllers", "{98C73B43-1F13-4C18-9124-CD35598509A2}"
EndProject
Project("{2150E333-8FDC-42A3-9474-1A3956D46DE8}") = "Tests", "Tests", "{1035EA35-D523-43DE-B2B8-D1CED3E87BA3}"
EndProject
Project("{2150E333-8FDC-42A3-9474-1A3956D46DE8}") = "Mocks", "Mocks", "{05A8A570-BC65-443A-9BC9-DCF8AD4EE249}"
EndProject
Project("{FAE04EC0-301F-11D3-BF4B-00C04F79EFBC}") = "BitPoker.Owin.RestHost", "BitPoker.Owin.RestHost\BitPoker.Owin.RestHost.csproj", "{4A73EA12-64AE-40CC-BC6F-E55F893FE5DE}"
EndProject
Project("{FAE04EC0-301F-11D3-BF4B-00C04F79EFBC}") = "BitPoker.Console", "BitPoker.Console\BitPoker.Console.csproj", "{0DC60958-1BE6-4252-AA1E-69BE7F7A3300}"
EndProject
Project("{FAE04EC0-301F-11D3-BF4B-00C04F79EFBC}") = "BitPoker.Controllers.Rest", "BitPoker.Controllers.Rest\BitPoker.Controllers.Rest.csproj", "{73E6416E-ABDE-4B20-9BCE-660678D3368C}"
EndProject
Project("{FAE04EC0-301F-11D3-BF4B-00C04F79EFBC}") = "BitPoker.Controllers.NTests", "BitPoker.Controllers.NTests\BitPoker.Controllers.NTests.csproj", "{C94A73D5-D691-43F8-AAE0-61F87548E94D}"
EndProject
Project("{FAE04EC0-301F-11D3-BF4B-00C04F79EFBC}") = "BitPoker.Models.NTests", "BitPoker.Controllers.NTests\BitPoker.Models.NTests\BitPoker.Models.NTests.csproj", "{825AA050-3FE1-4799-87A1-4492806E34F6}"
EndProject
Project("{FAE04EC0-301F-11D3-BF4B-00C04F79EFBC}") = "BitPoker.Security", "BitPoker.Security\BitPoker.Security.csproj", "{725C715F-2CC4-48A9-B3F2-D25D34E0A0D8}"
EndProject
Project("{FAE04EC0-301F-11D3-BF4B-00C04F79EFBC}") = "BitPoker.Clients.Rest", "BitPoker.Clients.Rest\BitPoker.Clients.Rest.csproj", "{5B6DC93F-3D72-4519-AEA9-95754E8DF350}"
EndProject
Project("{FAE04EC0-301F-11D3-BF4B-00C04F79EFBC}") = "BitPoker.Logic", "BitPoker.Logic\BitPoker.Logic.csproj", "{BA2B1D24-969C-4B79-8DF0-FD1A3DBD7E1A}"
EndProject
Project("{FAE04EC0-301F-11D3-BF4B-00C04F79EFBC}") = "BitPoker.AI", "BitPoker.AI\BitPoker.AI.csproj", "{D249D1FB-C3AB-4D32-AF2B-5DB2D5FE6E87}"
EndProject
Global
	GlobalSection(SolutionConfigurationPlatforms) = preSolution
		Ad-Hoc|Any CPU = Ad-Hoc|Any CPU
		Ad-Hoc|iPhone = Ad-Hoc|iPhone
		Ad-Hoc|iPhoneSimulator = Ad-Hoc|iPhoneSimulator
		Ad-Hoc|Mixed Platforms = Ad-Hoc|Mixed Platforms
		Ad-Hoc|x86 = Ad-Hoc|x86
		AppStore|Any CPU = AppStore|Any CPU
		AppStore|iPhone = AppStore|iPhone
		AppStore|iPhoneSimulator = AppStore|iPhoneSimulator
		AppStore|Mixed Platforms = AppStore|Mixed Platforms
		AppStore|x86 = AppStore|x86
		Debug|Any CPU = Debug|Any CPU
		Debug|iPhone = Debug|iPhone
		Debug|iPhoneSimulator = Debug|iPhoneSimulator
		Debug|Mixed Platforms = Debug|Mixed Platforms
		Debug|x86 = Debug|x86
		Release|Any CPU = Release|Any CPU
		Release|iPhone = Release|iPhone
		Release|iPhoneSimulator = Release|iPhoneSimulator
		Release|Mixed Platforms = Release|Mixed Platforms
		Release|x86 = Release|x86
	EndGlobalSection
	GlobalSection(ProjectConfigurationPlatforms) = postSolution
		{195A8CA4-2680-4010-AECF-EA2742240DC1}.Ad-Hoc|Any CPU.ActiveCfg = Release|Any CPU
		{195A8CA4-2680-4010-AECF-EA2742240DC1}.Ad-Hoc|Any CPU.Build.0 = Release|Any CPU
		{195A8CA4-2680-4010-AECF-EA2742240DC1}.Ad-Hoc|iPhone.ActiveCfg = Release|Any CPU
		{195A8CA4-2680-4010-AECF-EA2742240DC1}.Ad-Hoc|iPhone.Build.0 = Release|Any CPU
		{195A8CA4-2680-4010-AECF-EA2742240DC1}.Ad-Hoc|iPhoneSimulator.ActiveCfg = Release|Any CPU
		{195A8CA4-2680-4010-AECF-EA2742240DC1}.Ad-Hoc|iPhoneSimulator.Build.0 = Release|Any CPU
		{195A8CA4-2680-4010-AECF-EA2742240DC1}.Ad-Hoc|Mixed Platforms.ActiveCfg = Release|Any CPU
		{195A8CA4-2680-4010-AECF-EA2742240DC1}.Ad-Hoc|Mixed Platforms.Build.0 = Release|Any CPU
		{195A8CA4-2680-4010-AECF-EA2742240DC1}.Ad-Hoc|x86.ActiveCfg = Release|Any CPU
		{195A8CA4-2680-4010-AECF-EA2742240DC1}.Ad-Hoc|x86.Build.0 = Release|Any CPU
		{195A8CA4-2680-4010-AECF-EA2742240DC1}.AppStore|Any CPU.ActiveCfg = Release|Any CPU
		{195A8CA4-2680-4010-AECF-EA2742240DC1}.AppStore|Any CPU.Build.0 = Release|Any CPU
		{195A8CA4-2680-4010-AECF-EA2742240DC1}.AppStore|iPhone.ActiveCfg = Release|Any CPU
		{195A8CA4-2680-4010-AECF-EA2742240DC1}.AppStore|iPhone.Build.0 = Release|Any CPU
		{195A8CA4-2680-4010-AECF-EA2742240DC1}.AppStore|iPhoneSimulator.ActiveCfg = Release|Any CPU
		{195A8CA4-2680-4010-AECF-EA2742240DC1}.AppStore|iPhoneSimulator.Build.0 = Release|Any CPU
		{195A8CA4-2680-4010-AECF-EA2742240DC1}.AppStore|Mixed Platforms.ActiveCfg = Release|Any CPU
		{195A8CA4-2680-4010-AECF-EA2742240DC1}.AppStore|Mixed Platforms.Build.0 = Release|Any CPU
		{195A8CA4-2680-4010-AECF-EA2742240DC1}.AppStore|x86.ActiveCfg = Release|Any CPU
		{195A8CA4-2680-4010-AECF-EA2742240DC1}.AppStore|x86.Build.0 = Release|Any CPU
		{195A8CA4-2680-4010-AECF-EA2742240DC1}.Debug|Any CPU.ActiveCfg = Debug|Any CPU
		{195A8CA4-2680-4010-AECF-EA2742240DC1}.Debug|Any CPU.Build.0 = Debug|Any CPU
		{195A8CA4-2680-4010-AECF-EA2742240DC1}.Debug|iPhone.ActiveCfg = Debug|Any CPU
		{195A8CA4-2680-4010-AECF-EA2742240DC1}.Debug|iPhone.Build.0 = Debug|Any CPU
		{195A8CA4-2680-4010-AECF-EA2742240DC1}.Debug|iPhoneSimulator.ActiveCfg = Debug|Any CPU
		{195A8CA4-2680-4010-AECF-EA2742240DC1}.Debug|iPhoneSimulator.Build.0 = Debug|Any CPU
		{195A8CA4-2680-4010-AECF-EA2742240DC1}.Debug|Mixed Platforms.ActiveCfg = Debug|Any CPU
		{195A8CA4-2680-4010-AECF-EA2742240DC1}.Debug|Mixed Platforms.Build.0 = Debug|Any CPU
		{195A8CA4-2680-4010-AECF-EA2742240DC1}.Debug|x86.ActiveCfg = Debug|Any CPU
		{195A8CA4-2680-4010-AECF-EA2742240DC1}.Debug|x86.Build.0 = Debug|Any CPU
		{195A8CA4-2680-4010-AECF-EA2742240DC1}.Release|Any CPU.ActiveCfg = Release|Any CPU
		{195A8CA4-2680-4010-AECF-EA2742240DC1}.Release|Any CPU.Build.0 = Release|Any CPU
		{195A8CA4-2680-4010-AECF-EA2742240DC1}.Release|iPhone.ActiveCfg = Release|Any CPU
		{195A8CA4-2680-4010-AECF-EA2742240DC1}.Release|iPhone.Build.0 = Release|Any CPU
		{195A8CA4-2680-4010-AECF-EA2742240DC1}.Release|iPhoneSimulator.ActiveCfg = Release|Any CPU
		{195A8CA4-2680-4010-AECF-EA2742240DC1}.Release|iPhoneSimulator.Build.0 = Release|Any CPU
		{195A8CA4-2680-4010-AECF-EA2742240DC1}.Release|Mixed Platforms.ActiveCfg = Release|Any CPU
		{195A8CA4-2680-4010-AECF-EA2742240DC1}.Release|Mixed Platforms.Build.0 = Release|Any CPU
		{195A8CA4-2680-4010-AECF-EA2742240DC1}.Release|x86.ActiveCfg = Release|Any CPU
		{195A8CA4-2680-4010-AECF-EA2742240DC1}.Release|x86.Build.0 = Release|Any CPU
		{FCC27F60-7EDF-464B-9876-F196A4A7DFB3}.Ad-Hoc|Any CPU.ActiveCfg = Release|Any CPU
		{FCC27F60-7EDF-464B-9876-F196A4A7DFB3}.Ad-Hoc|Any CPU.Build.0 = Release|Any CPU
		{FCC27F60-7EDF-464B-9876-F196A4A7DFB3}.Ad-Hoc|iPhone.ActiveCfg = Release|Any CPU
		{FCC27F60-7EDF-464B-9876-F196A4A7DFB3}.Ad-Hoc|iPhone.Build.0 = Release|Any CPU
		{FCC27F60-7EDF-464B-9876-F196A4A7DFB3}.Ad-Hoc|iPhoneSimulator.ActiveCfg = Release|Any CPU
		{FCC27F60-7EDF-464B-9876-F196A4A7DFB3}.Ad-Hoc|iPhoneSimulator.Build.0 = Release|Any CPU
		{FCC27F60-7EDF-464B-9876-F196A4A7DFB3}.Ad-Hoc|Mixed Platforms.ActiveCfg = Release|Any CPU
		{FCC27F60-7EDF-464B-9876-F196A4A7DFB3}.Ad-Hoc|Mixed Platforms.Build.0 = Release|Any CPU
		{FCC27F60-7EDF-464B-9876-F196A4A7DFB3}.Ad-Hoc|x86.ActiveCfg = Release|Any CPU
		{FCC27F60-7EDF-464B-9876-F196A4A7DFB3}.Ad-Hoc|x86.Build.0 = Release|Any CPU
		{FCC27F60-7EDF-464B-9876-F196A4A7DFB3}.AppStore|Any CPU.ActiveCfg = Release|Any CPU
		{FCC27F60-7EDF-464B-9876-F196A4A7DFB3}.AppStore|Any CPU.Build.0 = Release|Any CPU
		{FCC27F60-7EDF-464B-9876-F196A4A7DFB3}.AppStore|iPhone.ActiveCfg = Release|Any CPU
		{FCC27F60-7EDF-464B-9876-F196A4A7DFB3}.AppStore|iPhone.Build.0 = Release|Any CPU
		{FCC27F60-7EDF-464B-9876-F196A4A7DFB3}.AppStore|iPhoneSimulator.ActiveCfg = Release|Any CPU
		{FCC27F60-7EDF-464B-9876-F196A4A7DFB3}.AppStore|iPhoneSimulator.Build.0 = Release|Any CPU
		{FCC27F60-7EDF-464B-9876-F196A4A7DFB3}.AppStore|Mixed Platforms.ActiveCfg = Release|Any CPU
		{FCC27F60-7EDF-464B-9876-F196A4A7DFB3}.AppStore|Mixed Platforms.Build.0 = Release|Any CPU
		{FCC27F60-7EDF-464B-9876-F196A4A7DFB3}.AppStore|x86.ActiveCfg = Release|Any CPU
		{FCC27F60-7EDF-464B-9876-F196A4A7DFB3}.AppStore|x86.Build.0 = Release|Any CPU
		{FCC27F60-7EDF-464B-9876-F196A4A7DFB3}.Debug|Any CPU.ActiveCfg = Debug|Any CPU
		{FCC27F60-7EDF-464B-9876-F196A4A7DFB3}.Debug|Any CPU.Build.0 = Debug|Any CPU
		{FCC27F60-7EDF-464B-9876-F196A4A7DFB3}.Debug|iPhone.ActiveCfg = Debug|Any CPU
		{FCC27F60-7EDF-464B-9876-F196A4A7DFB3}.Debug|iPhone.Build.0 = Debug|Any CPU
		{FCC27F60-7EDF-464B-9876-F196A4A7DFB3}.Debug|iPhoneSimulator.ActiveCfg = Debug|Any CPU
		{FCC27F60-7EDF-464B-9876-F196A4A7DFB3}.Debug|iPhoneSimulator.Build.0 = Debug|Any CPU
		{FCC27F60-7EDF-464B-9876-F196A4A7DFB3}.Debug|Mixed Platforms.ActiveCfg = Debug|Any CPU
		{FCC27F60-7EDF-464B-9876-F196A4A7DFB3}.Debug|Mixed Platforms.Build.0 = Debug|Any CPU
		{FCC27F60-7EDF-464B-9876-F196A4A7DFB3}.Debug|x86.ActiveCfg = Debug|Any CPU
		{FCC27F60-7EDF-464B-9876-F196A4A7DFB3}.Debug|x86.Build.0 = Debug|Any CPU
		{FCC27F60-7EDF-464B-9876-F196A4A7DFB3}.Release|Any CPU.ActiveCfg = Release|Any CPU
		{FCC27F60-7EDF-464B-9876-F196A4A7DFB3}.Release|Any CPU.Build.0 = Release|Any CPU
		{FCC27F60-7EDF-464B-9876-F196A4A7DFB3}.Release|iPhone.ActiveCfg = Release|Any CPU
		{FCC27F60-7EDF-464B-9876-F196A4A7DFB3}.Release|iPhone.Build.0 = Release|Any CPU
		{FCC27F60-7EDF-464B-9876-F196A4A7DFB3}.Release|iPhoneSimulator.ActiveCfg = Release|Any CPU
		{FCC27F60-7EDF-464B-9876-F196A4A7DFB3}.Release|iPhoneSimulator.Build.0 = Release|Any CPU
		{FCC27F60-7EDF-464B-9876-F196A4A7DFB3}.Release|Mixed Platforms.ActiveCfg = Release|Any CPU
		{FCC27F60-7EDF-464B-9876-F196A4A7DFB3}.Release|Mixed Platforms.Build.0 = Release|Any CPU
		{FCC27F60-7EDF-464B-9876-F196A4A7DFB3}.Release|x86.ActiveCfg = Release|Any CPU
		{FCC27F60-7EDF-464B-9876-F196A4A7DFB3}.Release|x86.Build.0 = Release|Any CPU
		{4766E44D-1C55-4022-8CC8-2FD2FE616DFA}.Ad-Hoc|Any CPU.ActiveCfg = Release|Any CPU
		{4766E44D-1C55-4022-8CC8-2FD2FE616DFA}.Ad-Hoc|Any CPU.Build.0 = Release|Any CPU
		{4766E44D-1C55-4022-8CC8-2FD2FE616DFA}.Ad-Hoc|iPhone.ActiveCfg = Release|Any CPU
		{4766E44D-1C55-4022-8CC8-2FD2FE616DFA}.Ad-Hoc|iPhone.Build.0 = Release|Any CPU
		{4766E44D-1C55-4022-8CC8-2FD2FE616DFA}.Ad-Hoc|iPhoneSimulator.ActiveCfg = Release|Any CPU
		{4766E44D-1C55-4022-8CC8-2FD2FE616DFA}.Ad-Hoc|iPhoneSimulator.Build.0 = Release|Any CPU
		{4766E44D-1C55-4022-8CC8-2FD2FE616DFA}.Ad-Hoc|Mixed Platforms.ActiveCfg = Release|Any CPU
		{4766E44D-1C55-4022-8CC8-2FD2FE616DFA}.Ad-Hoc|Mixed Platforms.Build.0 = Release|Any CPU
		{4766E44D-1C55-4022-8CC8-2FD2FE616DFA}.Ad-Hoc|x86.ActiveCfg = Release|Any CPU
		{4766E44D-1C55-4022-8CC8-2FD2FE616DFA}.Ad-Hoc|x86.Build.0 = Release|Any CPU
		{4766E44D-1C55-4022-8CC8-2FD2FE616DFA}.AppStore|Any CPU.ActiveCfg = Release|Any CPU
		{4766E44D-1C55-4022-8CC8-2FD2FE616DFA}.AppStore|Any CPU.Build.0 = Release|Any CPU
		{4766E44D-1C55-4022-8CC8-2FD2FE616DFA}.AppStore|iPhone.ActiveCfg = Release|Any CPU
		{4766E44D-1C55-4022-8CC8-2FD2FE616DFA}.AppStore|iPhone.Build.0 = Release|Any CPU
		{4766E44D-1C55-4022-8CC8-2FD2FE616DFA}.AppStore|iPhoneSimulator.ActiveCfg = Release|Any CPU
		{4766E44D-1C55-4022-8CC8-2FD2FE616DFA}.AppStore|iPhoneSimulator.Build.0 = Release|Any CPU
		{4766E44D-1C55-4022-8CC8-2FD2FE616DFA}.AppStore|Mixed Platforms.ActiveCfg = Release|Any CPU
		{4766E44D-1C55-4022-8CC8-2FD2FE616DFA}.AppStore|Mixed Platforms.Build.0 = Release|Any CPU
		{4766E44D-1C55-4022-8CC8-2FD2FE616DFA}.AppStore|x86.ActiveCfg = Release|Any CPU
		{4766E44D-1C55-4022-8CC8-2FD2FE616DFA}.AppStore|x86.Build.0 = Release|Any CPU
		{4766E44D-1C55-4022-8CC8-2FD2FE616DFA}.Debug|Any CPU.ActiveCfg = Debug|Any CPU
		{4766E44D-1C55-4022-8CC8-2FD2FE616DFA}.Debug|Any CPU.Build.0 = Debug|Any CPU
		{4766E44D-1C55-4022-8CC8-2FD2FE616DFA}.Debug|iPhone.ActiveCfg = Debug|Any CPU
		{4766E44D-1C55-4022-8CC8-2FD2FE616DFA}.Debug|iPhone.Build.0 = Debug|Any CPU
		{4766E44D-1C55-4022-8CC8-2FD2FE616DFA}.Debug|iPhoneSimulator.ActiveCfg = Debug|Any CPU
		{4766E44D-1C55-4022-8CC8-2FD2FE616DFA}.Debug|iPhoneSimulator.Build.0 = Debug|Any CPU
		{4766E44D-1C55-4022-8CC8-2FD2FE616DFA}.Debug|Mixed Platforms.ActiveCfg = Debug|Any CPU
		{4766E44D-1C55-4022-8CC8-2FD2FE616DFA}.Debug|Mixed Platforms.Build.0 = Debug|Any CPU
		{4766E44D-1C55-4022-8CC8-2FD2FE616DFA}.Debug|x86.ActiveCfg = Debug|Any CPU
		{4766E44D-1C55-4022-8CC8-2FD2FE616DFA}.Debug|x86.Build.0 = Debug|Any CPU
		{4766E44D-1C55-4022-8CC8-2FD2FE616DFA}.Release|Any CPU.ActiveCfg = Release|Any CPU
		{4766E44D-1C55-4022-8CC8-2FD2FE616DFA}.Release|Any CPU.Build.0 = Release|Any CPU
		{4766E44D-1C55-4022-8CC8-2FD2FE616DFA}.Release|iPhone.ActiveCfg = Release|Any CPU
		{4766E44D-1C55-4022-8CC8-2FD2FE616DFA}.Release|iPhone.Build.0 = Release|Any CPU
		{4766E44D-1C55-4022-8CC8-2FD2FE616DFA}.Release|iPhoneSimulator.ActiveCfg = Release|Any CPU
		{4766E44D-1C55-4022-8CC8-2FD2FE616DFA}.Release|iPhoneSimulator.Build.0 = Release|Any CPU
		{4766E44D-1C55-4022-8CC8-2FD2FE616DFA}.Release|Mixed Platforms.ActiveCfg = Release|Any CPU
		{4766E44D-1C55-4022-8CC8-2FD2FE616DFA}.Release|Mixed Platforms.Build.0 = Release|Any CPU
		{4766E44D-1C55-4022-8CC8-2FD2FE616DFA}.Release|x86.ActiveCfg = Release|Any CPU
		{4766E44D-1C55-4022-8CC8-2FD2FE616DFA}.Release|x86.Build.0 = Release|Any CPU
		{9D248950-D9E5-43EC-8EEF-CC9D350BAE38}.Ad-Hoc|Any CPU.ActiveCfg = Release|Any CPU
		{9D248950-D9E5-43EC-8EEF-CC9D350BAE38}.Ad-Hoc|Any CPU.Build.0 = Release|Any CPU
		{9D248950-D9E5-43EC-8EEF-CC9D350BAE38}.Ad-Hoc|iPhone.ActiveCfg = Release|Any CPU
		{9D248950-D9E5-43EC-8EEF-CC9D350BAE38}.Ad-Hoc|iPhone.Build.0 = Release|Any CPU
		{9D248950-D9E5-43EC-8EEF-CC9D350BAE38}.Ad-Hoc|iPhoneSimulator.ActiveCfg = Release|Any CPU
		{9D248950-D9E5-43EC-8EEF-CC9D350BAE38}.Ad-Hoc|iPhoneSimulator.Build.0 = Release|Any CPU
		{9D248950-D9E5-43EC-8EEF-CC9D350BAE38}.Ad-Hoc|Mixed Platforms.ActiveCfg = Release|Any CPU
		{9D248950-D9E5-43EC-8EEF-CC9D350BAE38}.Ad-Hoc|Mixed Platforms.Build.0 = Release|Any CPU
		{9D248950-D9E5-43EC-8EEF-CC9D350BAE38}.Ad-Hoc|x86.ActiveCfg = Release|Any CPU
		{9D248950-D9E5-43EC-8EEF-CC9D350BAE38}.Ad-Hoc|x86.Build.0 = Release|Any CPU
		{9D248950-D9E5-43EC-8EEF-CC9D350BAE38}.AppStore|Any CPU.ActiveCfg = Release|Any CPU
		{9D248950-D9E5-43EC-8EEF-CC9D350BAE38}.AppStore|Any CPU.Build.0 = Release|Any CPU
		{9D248950-D9E5-43EC-8EEF-CC9D350BAE38}.AppStore|iPhone.ActiveCfg = Release|Any CPU
		{9D248950-D9E5-43EC-8EEF-CC9D350BAE38}.AppStore|iPhone.Build.0 = Release|Any CPU
		{9D248950-D9E5-43EC-8EEF-CC9D350BAE38}.AppStore|iPhoneSimulator.ActiveCfg = Release|Any CPU
		{9D248950-D9E5-43EC-8EEF-CC9D350BAE38}.AppStore|iPhoneSimulator.Build.0 = Release|Any CPU
		{9D248950-D9E5-43EC-8EEF-CC9D350BAE38}.AppStore|Mixed Platforms.ActiveCfg = Release|Any CPU
		{9D248950-D9E5-43EC-8EEF-CC9D350BAE38}.AppStore|Mixed Platforms.Build.0 = Release|Any CPU
		{9D248950-D9E5-43EC-8EEF-CC9D350BAE38}.AppStore|x86.ActiveCfg = Release|Any CPU
		{9D248950-D9E5-43EC-8EEF-CC9D350BAE38}.AppStore|x86.Build.0 = Release|Any CPU
		{9D248950-D9E5-43EC-8EEF-CC9D350BAE38}.Debug|Any CPU.ActiveCfg = Debug|Any CPU
		{9D248950-D9E5-43EC-8EEF-CC9D350BAE38}.Debug|Any CPU.Build.0 = Debug|Any CPU
		{9D248950-D9E5-43EC-8EEF-CC9D350BAE38}.Debug|iPhone.ActiveCfg = Debug|Any CPU
		{9D248950-D9E5-43EC-8EEF-CC9D350BAE38}.Debug|iPhone.Build.0 = Debug|Any CPU
		{9D248950-D9E5-43EC-8EEF-CC9D350BAE38}.Debug|iPhoneSimulator.ActiveCfg = Debug|Any CPU
		{9D248950-D9E5-43EC-8EEF-CC9D350BAE38}.Debug|iPhoneSimulator.Build.0 = Debug|Any CPU
		{9D248950-D9E5-43EC-8EEF-CC9D350BAE38}.Debug|Mixed Platforms.ActiveCfg = Debug|Any CPU
		{9D248950-D9E5-43EC-8EEF-CC9D350BAE38}.Debug|Mixed Platforms.Build.0 = Debug|Any CPU
		{9D248950-D9E5-43EC-8EEF-CC9D350BAE38}.Debug|x86.ActiveCfg = Debug|Any CPU
		{9D248950-D9E5-43EC-8EEF-CC9D350BAE38}.Debug|x86.Build.0 = Debug|Any CPU
		{9D248950-D9E5-43EC-8EEF-CC9D350BAE38}.Release|Any CPU.ActiveCfg = Release|Any CPU
		{9D248950-D9E5-43EC-8EEF-CC9D350BAE38}.Release|Any CPU.Build.0 = Release|Any CPU
		{9D248950-D9E5-43EC-8EEF-CC9D350BAE38}.Release|iPhone.ActiveCfg = Release|Any CPU
		{9D248950-D9E5-43EC-8EEF-CC9D350BAE38}.Release|iPhone.Build.0 = Release|Any CPU
		{9D248950-D9E5-43EC-8EEF-CC9D350BAE38}.Release|iPhoneSimulator.ActiveCfg = Release|Any CPU
		{9D248950-D9E5-43EC-8EEF-CC9D350BAE38}.Release|iPhoneSimulator.Build.0 = Release|Any CPU
		{9D248950-D9E5-43EC-8EEF-CC9D350BAE38}.Release|Mixed Platforms.ActiveCfg = Release|Any CPU
		{9D248950-D9E5-43EC-8EEF-CC9D350BAE38}.Release|Mixed Platforms.Build.0 = Release|Any CPU
		{9D248950-D9E5-43EC-8EEF-CC9D350BAE38}.Release|x86.ActiveCfg = Release|Any CPU
		{9D248950-D9E5-43EC-8EEF-CC9D350BAE38}.Release|x86.Build.0 = Release|Any CPU
		{630CF422-2C7D-4CD5-990F-71D50C02C3C4}.Ad-Hoc|Any CPU.ActiveCfg = Release|Any CPU
		{630CF422-2C7D-4CD5-990F-71D50C02C3C4}.Ad-Hoc|Any CPU.Build.0 = Release|Any CPU
		{630CF422-2C7D-4CD5-990F-71D50C02C3C4}.Ad-Hoc|iPhone.ActiveCfg = Release|Any CPU
		{630CF422-2C7D-4CD5-990F-71D50C02C3C4}.Ad-Hoc|iPhone.Build.0 = Release|Any CPU
		{630CF422-2C7D-4CD5-990F-71D50C02C3C4}.Ad-Hoc|iPhoneSimulator.ActiveCfg = Release|Any CPU
		{630CF422-2C7D-4CD5-990F-71D50C02C3C4}.Ad-Hoc|iPhoneSimulator.Build.0 = Release|Any CPU
		{630CF422-2C7D-4CD5-990F-71D50C02C3C4}.Ad-Hoc|Mixed Platforms.ActiveCfg = Release|Any CPU
		{630CF422-2C7D-4CD5-990F-71D50C02C3C4}.Ad-Hoc|Mixed Platforms.Build.0 = Release|Any CPU
		{630CF422-2C7D-4CD5-990F-71D50C02C3C4}.Ad-Hoc|x86.ActiveCfg = Release|Any CPU
		{630CF422-2C7D-4CD5-990F-71D50C02C3C4}.Ad-Hoc|x86.Build.0 = Release|Any CPU
		{630CF422-2C7D-4CD5-990F-71D50C02C3C4}.AppStore|Any CPU.ActiveCfg = Release|Any CPU
		{630CF422-2C7D-4CD5-990F-71D50C02C3C4}.AppStore|Any CPU.Build.0 = Release|Any CPU
		{630CF422-2C7D-4CD5-990F-71D50C02C3C4}.AppStore|iPhone.ActiveCfg = Release|Any CPU
		{630CF422-2C7D-4CD5-990F-71D50C02C3C4}.AppStore|iPhone.Build.0 = Release|Any CPU
		{630CF422-2C7D-4CD5-990F-71D50C02C3C4}.AppStore|iPhoneSimulator.ActiveCfg = Release|Any CPU
		{630CF422-2C7D-4CD5-990F-71D50C02C3C4}.AppStore|iPhoneSimulator.Build.0 = Release|Any CPU
		{630CF422-2C7D-4CD5-990F-71D50C02C3C4}.AppStore|Mixed Platforms.ActiveCfg = Release|Any CPU
		{630CF422-2C7D-4CD5-990F-71D50C02C3C4}.AppStore|Mixed Platforms.Build.0 = Release|Any CPU
		{630CF422-2C7D-4CD5-990F-71D50C02C3C4}.AppStore|x86.ActiveCfg = Release|Any CPU
		{630CF422-2C7D-4CD5-990F-71D50C02C3C4}.AppStore|x86.Build.0 = Release|Any CPU
		{630CF422-2C7D-4CD5-990F-71D50C02C3C4}.Debug|Any CPU.ActiveCfg = Debug|Any CPU
		{630CF422-2C7D-4CD5-990F-71D50C02C3C4}.Debug|Any CPU.Build.0 = Debug|Any CPU
		{630CF422-2C7D-4CD5-990F-71D50C02C3C4}.Debug|iPhone.ActiveCfg = Debug|Any CPU
		{630CF422-2C7D-4CD5-990F-71D50C02C3C4}.Debug|iPhone.Build.0 = Debug|Any CPU
		{630CF422-2C7D-4CD5-990F-71D50C02C3C4}.Debug|iPhoneSimulator.ActiveCfg = Debug|Any CPU
		{630CF422-2C7D-4CD5-990F-71D50C02C3C4}.Debug|iPhoneSimulator.Build.0 = Debug|Any CPU
		{630CF422-2C7D-4CD5-990F-71D50C02C3C4}.Debug|Mixed Platforms.ActiveCfg = Debug|Any CPU
		{630CF422-2C7D-4CD5-990F-71D50C02C3C4}.Debug|Mixed Platforms.Build.0 = Debug|Any CPU
		{630CF422-2C7D-4CD5-990F-71D50C02C3C4}.Debug|x86.ActiveCfg = Debug|Any CPU
		{630CF422-2C7D-4CD5-990F-71D50C02C3C4}.Debug|x86.Build.0 = Debug|Any CPU
		{630CF422-2C7D-4CD5-990F-71D50C02C3C4}.Release|Any CPU.ActiveCfg = Release|Any CPU
		{630CF422-2C7D-4CD5-990F-71D50C02C3C4}.Release|Any CPU.Build.0 = Release|Any CPU
		{630CF422-2C7D-4CD5-990F-71D50C02C3C4}.Release|iPhone.ActiveCfg = Release|Any CPU
		{630CF422-2C7D-4CD5-990F-71D50C02C3C4}.Release|iPhone.Build.0 = Release|Any CPU
		{630CF422-2C7D-4CD5-990F-71D50C02C3C4}.Release|iPhoneSimulator.ActiveCfg = Release|Any CPU
		{630CF422-2C7D-4CD5-990F-71D50C02C3C4}.Release|iPhoneSimulator.Build.0 = Release|Any CPU
		{630CF422-2C7D-4CD5-990F-71D50C02C3C4}.Release|Mixed Platforms.ActiveCfg = Release|Any CPU
		{630CF422-2C7D-4CD5-990F-71D50C02C3C4}.Release|Mixed Platforms.Build.0 = Release|Any CPU
		{630CF422-2C7D-4CD5-990F-71D50C02C3C4}.Release|x86.ActiveCfg = Release|Any CPU
		{630CF422-2C7D-4CD5-990F-71D50C02C3C4}.Release|x86.Build.0 = Release|Any CPU
		{5758D35E-C5C6-4D21-B571-029B38E85F62}.Ad-Hoc|Any CPU.ActiveCfg = Release|Any CPU
		{5758D35E-C5C6-4D21-B571-029B38E85F62}.Ad-Hoc|Any CPU.Build.0 = Release|Any CPU
		{5758D35E-C5C6-4D21-B571-029B38E85F62}.Ad-Hoc|iPhone.ActiveCfg = Release|Any CPU
		{5758D35E-C5C6-4D21-B571-029B38E85F62}.Ad-Hoc|iPhone.Build.0 = Release|Any CPU
		{5758D35E-C5C6-4D21-B571-029B38E85F62}.Ad-Hoc|iPhoneSimulator.ActiveCfg = Release|Any CPU
		{5758D35E-C5C6-4D21-B571-029B38E85F62}.Ad-Hoc|iPhoneSimulator.Build.0 = Release|Any CPU
		{5758D35E-C5C6-4D21-B571-029B38E85F62}.Ad-Hoc|Mixed Platforms.ActiveCfg = Release|Any CPU
		{5758D35E-C5C6-4D21-B571-029B38E85F62}.Ad-Hoc|Mixed Platforms.Build.0 = Release|Any CPU
		{5758D35E-C5C6-4D21-B571-029B38E85F62}.Ad-Hoc|x86.ActiveCfg = Release|Any CPU
		{5758D35E-C5C6-4D21-B571-029B38E85F62}.Ad-Hoc|x86.Build.0 = Release|Any CPU
		{5758D35E-C5C6-4D21-B571-029B38E85F62}.AppStore|Any CPU.ActiveCfg = Release|Any CPU
		{5758D35E-C5C6-4D21-B571-029B38E85F62}.AppStore|Any CPU.Build.0 = Release|Any CPU
		{5758D35E-C5C6-4D21-B571-029B38E85F62}.AppStore|iPhone.ActiveCfg = Release|Any CPU
		{5758D35E-C5C6-4D21-B571-029B38E85F62}.AppStore|iPhone.Build.0 = Release|Any CPU
		{5758D35E-C5C6-4D21-B571-029B38E85F62}.AppStore|iPhoneSimulator.ActiveCfg = Release|Any CPU
		{5758D35E-C5C6-4D21-B571-029B38E85F62}.AppStore|iPhoneSimulator.Build.0 = Release|Any CPU
		{5758D35E-C5C6-4D21-B571-029B38E85F62}.AppStore|Mixed Platforms.ActiveCfg = Release|Any CPU
		{5758D35E-C5C6-4D21-B571-029B38E85F62}.AppStore|Mixed Platforms.Build.0 = Release|Any CPU
		{5758D35E-C5C6-4D21-B571-029B38E85F62}.AppStore|x86.ActiveCfg = Release|Any CPU
		{5758D35E-C5C6-4D21-B571-029B38E85F62}.AppStore|x86.Build.0 = Release|Any CPU
		{5758D35E-C5C6-4D21-B571-029B38E85F62}.Debug|Any CPU.ActiveCfg = Debug|Any CPU
		{5758D35E-C5C6-4D21-B571-029B38E85F62}.Debug|Any CPU.Build.0 = Debug|Any CPU
		{5758D35E-C5C6-4D21-B571-029B38E85F62}.Debug|iPhone.ActiveCfg = Debug|Any CPU
		{5758D35E-C5C6-4D21-B571-029B38E85F62}.Debug|iPhone.Build.0 = Debug|Any CPU
		{5758D35E-C5C6-4D21-B571-029B38E85F62}.Debug|iPhoneSimulator.ActiveCfg = Debug|Any CPU
		{5758D35E-C5C6-4D21-B571-029B38E85F62}.Debug|iPhoneSimulator.Build.0 = Debug|Any CPU
		{5758D35E-C5C6-4D21-B571-029B38E85F62}.Debug|Mixed Platforms.ActiveCfg = Debug|Any CPU
		{5758D35E-C5C6-4D21-B571-029B38E85F62}.Debug|Mixed Platforms.Build.0 = Debug|Any CPU
		{5758D35E-C5C6-4D21-B571-029B38E85F62}.Debug|x86.ActiveCfg = Debug|Any CPU
		{5758D35E-C5C6-4D21-B571-029B38E85F62}.Debug|x86.Build.0 = Debug|Any CPU
		{5758D35E-C5C6-4D21-B571-029B38E85F62}.Release|Any CPU.ActiveCfg = Release|Any CPU
		{5758D35E-C5C6-4D21-B571-029B38E85F62}.Release|Any CPU.Build.0 = Release|Any CPU
		{5758D35E-C5C6-4D21-B571-029B38E85F62}.Release|iPhone.ActiveCfg = Release|Any CPU
		{5758D35E-C5C6-4D21-B571-029B38E85F62}.Release|iPhone.Build.0 = Release|Any CPU
		{5758D35E-C5C6-4D21-B571-029B38E85F62}.Release|iPhoneSimulator.ActiveCfg = Release|Any CPU
		{5758D35E-C5C6-4D21-B571-029B38E85F62}.Release|iPhoneSimulator.Build.0 = Release|Any CPU
		{5758D35E-C5C6-4D21-B571-029B38E85F62}.Release|Mixed Platforms.ActiveCfg = Release|Any CPU
		{5758D35E-C5C6-4D21-B571-029B38E85F62}.Release|Mixed Platforms.Build.0 = Release|Any CPU
		{5758D35E-C5C6-4D21-B571-029B38E85F62}.Release|x86.ActiveCfg = Release|Any CPU
		{5758D35E-C5C6-4D21-B571-029B38E85F62}.Release|x86.Build.0 = Release|Any CPU
		{EED532FD-4C71-4BE9-8C58-A95C117160B4}.Ad-Hoc|Any CPU.ActiveCfg = Release|Any CPU
		{EED532FD-4C71-4BE9-8C58-A95C117160B4}.Ad-Hoc|Any CPU.Build.0 = Release|Any CPU
		{EED532FD-4C71-4BE9-8C58-A95C117160B4}.Ad-Hoc|iPhone.ActiveCfg = Release|Any CPU
		{EED532FD-4C71-4BE9-8C58-A95C117160B4}.Ad-Hoc|iPhone.Build.0 = Release|Any CPU
		{EED532FD-4C71-4BE9-8C58-A95C117160B4}.Ad-Hoc|iPhoneSimulator.ActiveCfg = Release|Any CPU
		{EED532FD-4C71-4BE9-8C58-A95C117160B4}.Ad-Hoc|iPhoneSimulator.Build.0 = Release|Any CPU
		{EED532FD-4C71-4BE9-8C58-A95C117160B4}.Ad-Hoc|Mixed Platforms.ActiveCfg = Release|Any CPU
		{EED532FD-4C71-4BE9-8C58-A95C117160B4}.Ad-Hoc|Mixed Platforms.Build.0 = Release|Any CPU
		{EED532FD-4C71-4BE9-8C58-A95C117160B4}.Ad-Hoc|x86.ActiveCfg = Release|Any CPU
		{EED532FD-4C71-4BE9-8C58-A95C117160B4}.Ad-Hoc|x86.Build.0 = Release|Any CPU
		{EED532FD-4C71-4BE9-8C58-A95C117160B4}.AppStore|Any CPU.ActiveCfg = Release|Any CPU
		{EED532FD-4C71-4BE9-8C58-A95C117160B4}.AppStore|Any CPU.Build.0 = Release|Any CPU
		{EED532FD-4C71-4BE9-8C58-A95C117160B4}.AppStore|iPhone.ActiveCfg = Release|Any CPU
		{EED532FD-4C71-4BE9-8C58-A95C117160B4}.AppStore|iPhone.Build.0 = Release|Any CPU
		{EED532FD-4C71-4BE9-8C58-A95C117160B4}.AppStore|iPhoneSimulator.ActiveCfg = Release|Any CPU
		{EED532FD-4C71-4BE9-8C58-A95C117160B4}.AppStore|iPhoneSimulator.Build.0 = Release|Any CPU
		{EED532FD-4C71-4BE9-8C58-A95C117160B4}.AppStore|Mixed Platforms.ActiveCfg = Release|Any CPU
		{EED532FD-4C71-4BE9-8C58-A95C117160B4}.AppStore|Mixed Platforms.Build.0 = Release|Any CPU
		{EED532FD-4C71-4BE9-8C58-A95C117160B4}.AppStore|x86.ActiveCfg = Release|Any CPU
		{EED532FD-4C71-4BE9-8C58-A95C117160B4}.AppStore|x86.Build.0 = Release|Any CPU
		{EED532FD-4C71-4BE9-8C58-A95C117160B4}.Debug|Any CPU.ActiveCfg = Debug|Any CPU
		{EED532FD-4C71-4BE9-8C58-A95C117160B4}.Debug|Any CPU.Build.0 = Debug|Any CPU
		{EED532FD-4C71-4BE9-8C58-A95C117160B4}.Debug|iPhone.ActiveCfg = Debug|Any CPU
		{EED532FD-4C71-4BE9-8C58-A95C117160B4}.Debug|iPhone.Build.0 = Debug|Any CPU
		{EED532FD-4C71-4BE9-8C58-A95C117160B4}.Debug|iPhoneSimulator.ActiveCfg = Debug|Any CPU
		{EED532FD-4C71-4BE9-8C58-A95C117160B4}.Debug|iPhoneSimulator.Build.0 = Debug|Any CPU
		{EED532FD-4C71-4BE9-8C58-A95C117160B4}.Debug|Mixed Platforms.ActiveCfg = Debug|Any CPU
		{EED532FD-4C71-4BE9-8C58-A95C117160B4}.Debug|Mixed Platforms.Build.0 = Debug|Any CPU
		{EED532FD-4C71-4BE9-8C58-A95C117160B4}.Debug|x86.ActiveCfg = Debug|Any CPU
		{EED532FD-4C71-4BE9-8C58-A95C117160B4}.Debug|x86.Build.0 = Debug|Any CPU
		{EED532FD-4C71-4BE9-8C58-A95C117160B4}.Release|Any CPU.ActiveCfg = Release|Any CPU
		{EED532FD-4C71-4BE9-8C58-A95C117160B4}.Release|Any CPU.Build.0 = Release|Any CPU
		{EED532FD-4C71-4BE9-8C58-A95C117160B4}.Release|iPhone.ActiveCfg = Release|Any CPU
		{EED532FD-4C71-4BE9-8C58-A95C117160B4}.Release|iPhone.Build.0 = Release|Any CPU
		{EED532FD-4C71-4BE9-8C58-A95C117160B4}.Release|iPhoneSimulator.ActiveCfg = Release|Any CPU
		{EED532FD-4C71-4BE9-8C58-A95C117160B4}.Release|iPhoneSimulator.Build.0 = Release|Any CPU
		{EED532FD-4C71-4BE9-8C58-A95C117160B4}.Release|Mixed Platforms.ActiveCfg = Release|Any CPU
		{EED532FD-4C71-4BE9-8C58-A95C117160B4}.Release|Mixed Platforms.Build.0 = Release|Any CPU
		{EED532FD-4C71-4BE9-8C58-A95C117160B4}.Release|x86.ActiveCfg = Release|Any CPU
		{EED532FD-4C71-4BE9-8C58-A95C117160B4}.Release|x86.Build.0 = Release|Any CPU
		{13C2882F-3B16-455B-9CD1-0DEA92883769}.Ad-Hoc|Any CPU.ActiveCfg = Release|Any CPU
		{13C2882F-3B16-455B-9CD1-0DEA92883769}.Ad-Hoc|Any CPU.Build.0 = Release|Any CPU
		{13C2882F-3B16-455B-9CD1-0DEA92883769}.Ad-Hoc|iPhone.ActiveCfg = Release|Any CPU
		{13C2882F-3B16-455B-9CD1-0DEA92883769}.Ad-Hoc|iPhone.Build.0 = Release|Any CPU
		{13C2882F-3B16-455B-9CD1-0DEA92883769}.Ad-Hoc|iPhoneSimulator.ActiveCfg = Release|Any CPU
		{13C2882F-3B16-455B-9CD1-0DEA92883769}.Ad-Hoc|iPhoneSimulator.Build.0 = Release|Any CPU
		{13C2882F-3B16-455B-9CD1-0DEA92883769}.Ad-Hoc|Mixed Platforms.ActiveCfg = Release|Any CPU
		{13C2882F-3B16-455B-9CD1-0DEA92883769}.Ad-Hoc|Mixed Platforms.Build.0 = Release|Any CPU
		{13C2882F-3B16-455B-9CD1-0DEA92883769}.Ad-Hoc|x86.ActiveCfg = Release|Any CPU
		{13C2882F-3B16-455B-9CD1-0DEA92883769}.Ad-Hoc|x86.Build.0 = Release|Any CPU
		{13C2882F-3B16-455B-9CD1-0DEA92883769}.AppStore|Any CPU.ActiveCfg = Release|Any CPU
		{13C2882F-3B16-455B-9CD1-0DEA92883769}.AppStore|Any CPU.Build.0 = Release|Any CPU
		{13C2882F-3B16-455B-9CD1-0DEA92883769}.AppStore|iPhone.ActiveCfg = Release|Any CPU
		{13C2882F-3B16-455B-9CD1-0DEA92883769}.AppStore|iPhone.Build.0 = Release|Any CPU
		{13C2882F-3B16-455B-9CD1-0DEA92883769}.AppStore|iPhoneSimulator.ActiveCfg = Release|Any CPU
		{13C2882F-3B16-455B-9CD1-0DEA92883769}.AppStore|iPhoneSimulator.Build.0 = Release|Any CPU
		{13C2882F-3B16-455B-9CD1-0DEA92883769}.AppStore|Mixed Platforms.ActiveCfg = Release|Any CPU
		{13C2882F-3B16-455B-9CD1-0DEA92883769}.AppStore|Mixed Platforms.Build.0 = Release|Any CPU
		{13C2882F-3B16-455B-9CD1-0DEA92883769}.AppStore|x86.ActiveCfg = Release|Any CPU
		{13C2882F-3B16-455B-9CD1-0DEA92883769}.AppStore|x86.Build.0 = Release|Any CPU
		{13C2882F-3B16-455B-9CD1-0DEA92883769}.Debug|Any CPU.ActiveCfg = Debug|Any CPU
		{13C2882F-3B16-455B-9CD1-0DEA92883769}.Debug|Any CPU.Build.0 = Debug|Any CPU
		{13C2882F-3B16-455B-9CD1-0DEA92883769}.Debug|iPhone.ActiveCfg = Debug|Any CPU
		{13C2882F-3B16-455B-9CD1-0DEA92883769}.Debug|iPhone.Build.0 = Debug|Any CPU
		{13C2882F-3B16-455B-9CD1-0DEA92883769}.Debug|iPhoneSimulator.ActiveCfg = Debug|Any CPU
		{13C2882F-3B16-455B-9CD1-0DEA92883769}.Debug|iPhoneSimulator.Build.0 = Debug|Any CPU
		{13C2882F-3B16-455B-9CD1-0DEA92883769}.Debug|Mixed Platforms.ActiveCfg = Debug|Any CPU
		{13C2882F-3B16-455B-9CD1-0DEA92883769}.Debug|Mixed Platforms.Build.0 = Debug|Any CPU
		{13C2882F-3B16-455B-9CD1-0DEA92883769}.Debug|x86.ActiveCfg = Debug|Any CPU
		{13C2882F-3B16-455B-9CD1-0DEA92883769}.Debug|x86.Build.0 = Debug|Any CPU
		{13C2882F-3B16-455B-9CD1-0DEA92883769}.Release|Any CPU.ActiveCfg = Release|Any CPU
		{13C2882F-3B16-455B-9CD1-0DEA92883769}.Release|Any CPU.Build.0 = Release|Any CPU
		{13C2882F-3B16-455B-9CD1-0DEA92883769}.Release|iPhone.ActiveCfg = Release|Any CPU
		{13C2882F-3B16-455B-9CD1-0DEA92883769}.Release|iPhone.Build.0 = Release|Any CPU
		{13C2882F-3B16-455B-9CD1-0DEA92883769}.Release|iPhoneSimulator.ActiveCfg = Release|Any CPU
		{13C2882F-3B16-455B-9CD1-0DEA92883769}.Release|iPhoneSimulator.Build.0 = Release|Any CPU
		{13C2882F-3B16-455B-9CD1-0DEA92883769}.Release|Mixed Platforms.ActiveCfg = Release|Any CPU
		{13C2882F-3B16-455B-9CD1-0DEA92883769}.Release|Mixed Platforms.Build.0 = Release|Any CPU
		{13C2882F-3B16-455B-9CD1-0DEA92883769}.Release|x86.ActiveCfg = Release|Any CPU
		{13C2882F-3B16-455B-9CD1-0DEA92883769}.Release|x86.Build.0 = Release|Any CPU
		{4A73EA12-64AE-40CC-BC6F-E55F893FE5DE}.Ad-Hoc|Any CPU.ActiveCfg = Release|Any CPU
		{4A73EA12-64AE-40CC-BC6F-E55F893FE5DE}.Ad-Hoc|Any CPU.Build.0 = Release|Any CPU
		{4A73EA12-64AE-40CC-BC6F-E55F893FE5DE}.Ad-Hoc|iPhone.ActiveCfg = Release|Any CPU
		{4A73EA12-64AE-40CC-BC6F-E55F893FE5DE}.Ad-Hoc|iPhone.Build.0 = Release|Any CPU
		{4A73EA12-64AE-40CC-BC6F-E55F893FE5DE}.Ad-Hoc|iPhoneSimulator.ActiveCfg = Release|Any CPU
		{4A73EA12-64AE-40CC-BC6F-E55F893FE5DE}.Ad-Hoc|iPhoneSimulator.Build.0 = Release|Any CPU
		{4A73EA12-64AE-40CC-BC6F-E55F893FE5DE}.Ad-Hoc|Mixed Platforms.ActiveCfg = Release|Any CPU
		{4A73EA12-64AE-40CC-BC6F-E55F893FE5DE}.Ad-Hoc|Mixed Platforms.Build.0 = Release|Any CPU
		{4A73EA12-64AE-40CC-BC6F-E55F893FE5DE}.Ad-Hoc|x86.ActiveCfg = Release|Any CPU
		{4A73EA12-64AE-40CC-BC6F-E55F893FE5DE}.Ad-Hoc|x86.Build.0 = Release|Any CPU
		{4A73EA12-64AE-40CC-BC6F-E55F893FE5DE}.AppStore|Any CPU.ActiveCfg = Release|Any CPU
		{4A73EA12-64AE-40CC-BC6F-E55F893FE5DE}.AppStore|Any CPU.Build.0 = Release|Any CPU
		{4A73EA12-64AE-40CC-BC6F-E55F893FE5DE}.AppStore|iPhone.ActiveCfg = Release|Any CPU
		{4A73EA12-64AE-40CC-BC6F-E55F893FE5DE}.AppStore|iPhone.Build.0 = Release|Any CPU
		{4A73EA12-64AE-40CC-BC6F-E55F893FE5DE}.AppStore|iPhoneSimulator.ActiveCfg = Release|Any CPU
		{4A73EA12-64AE-40CC-BC6F-E55F893FE5DE}.AppStore|iPhoneSimulator.Build.0 = Release|Any CPU
		{4A73EA12-64AE-40CC-BC6F-E55F893FE5DE}.AppStore|Mixed Platforms.ActiveCfg = Release|Any CPU
		{4A73EA12-64AE-40CC-BC6F-E55F893FE5DE}.AppStore|Mixed Platforms.Build.0 = Release|Any CPU
		{4A73EA12-64AE-40CC-BC6F-E55F893FE5DE}.AppStore|x86.ActiveCfg = Release|Any CPU
		{4A73EA12-64AE-40CC-BC6F-E55F893FE5DE}.AppStore|x86.Build.0 = Release|Any CPU
		{4A73EA12-64AE-40CC-BC6F-E55F893FE5DE}.Debug|Any CPU.ActiveCfg = Debug|Any CPU
		{4A73EA12-64AE-40CC-BC6F-E55F893FE5DE}.Debug|Any CPU.Build.0 = Debug|Any CPU
		{4A73EA12-64AE-40CC-BC6F-E55F893FE5DE}.Debug|iPhone.ActiveCfg = Debug|Any CPU
		{4A73EA12-64AE-40CC-BC6F-E55F893FE5DE}.Debug|iPhone.Build.0 = Debug|Any CPU
		{4A73EA12-64AE-40CC-BC6F-E55F893FE5DE}.Debug|iPhoneSimulator.ActiveCfg = Debug|Any CPU
		{4A73EA12-64AE-40CC-BC6F-E55F893FE5DE}.Debug|iPhoneSimulator.Build.0 = Debug|Any CPU
		{4A73EA12-64AE-40CC-BC6F-E55F893FE5DE}.Debug|Mixed Platforms.ActiveCfg = Debug|Any CPU
		{4A73EA12-64AE-40CC-BC6F-E55F893FE5DE}.Debug|Mixed Platforms.Build.0 = Debug|Any CPU
		{4A73EA12-64AE-40CC-BC6F-E55F893FE5DE}.Debug|x86.ActiveCfg = Debug|Any CPU
		{4A73EA12-64AE-40CC-BC6F-E55F893FE5DE}.Debug|x86.Build.0 = Debug|Any CPU
		{4A73EA12-64AE-40CC-BC6F-E55F893FE5DE}.Release|Any CPU.ActiveCfg = Release|Any CPU
		{4A73EA12-64AE-40CC-BC6F-E55F893FE5DE}.Release|Any CPU.Build.0 = Release|Any CPU
		{4A73EA12-64AE-40CC-BC6F-E55F893FE5DE}.Release|iPhone.ActiveCfg = Release|Any CPU
		{4A73EA12-64AE-40CC-BC6F-E55F893FE5DE}.Release|iPhone.Build.0 = Release|Any CPU
		{4A73EA12-64AE-40CC-BC6F-E55F893FE5DE}.Release|iPhoneSimulator.ActiveCfg = Release|Any CPU
		{4A73EA12-64AE-40CC-BC6F-E55F893FE5DE}.Release|iPhoneSimulator.Build.0 = Release|Any CPU
		{4A73EA12-64AE-40CC-BC6F-E55F893FE5DE}.Release|Mixed Platforms.ActiveCfg = Release|Any CPU
		{4A73EA12-64AE-40CC-BC6F-E55F893FE5DE}.Release|Mixed Platforms.Build.0 = Release|Any CPU
		{4A73EA12-64AE-40CC-BC6F-E55F893FE5DE}.Release|x86.ActiveCfg = Release|Any CPU
		{4A73EA12-64AE-40CC-BC6F-E55F893FE5DE}.Release|x86.Build.0 = Release|Any CPU
		{0DC60958-1BE6-4252-AA1E-69BE7F7A3300}.Ad-Hoc|Any CPU.ActiveCfg = Release|Any CPU
		{0DC60958-1BE6-4252-AA1E-69BE7F7A3300}.Ad-Hoc|Any CPU.Build.0 = Release|Any CPU
		{0DC60958-1BE6-4252-AA1E-69BE7F7A3300}.Ad-Hoc|iPhone.ActiveCfg = Release|Any CPU
		{0DC60958-1BE6-4252-AA1E-69BE7F7A3300}.Ad-Hoc|iPhone.Build.0 = Release|Any CPU
		{0DC60958-1BE6-4252-AA1E-69BE7F7A3300}.Ad-Hoc|iPhoneSimulator.ActiveCfg = Release|Any CPU
		{0DC60958-1BE6-4252-AA1E-69BE7F7A3300}.Ad-Hoc|iPhoneSimulator.Build.0 = Release|Any CPU
		{0DC60958-1BE6-4252-AA1E-69BE7F7A3300}.Ad-Hoc|Mixed Platforms.ActiveCfg = Release|Any CPU
		{0DC60958-1BE6-4252-AA1E-69BE7F7A3300}.Ad-Hoc|Mixed Platforms.Build.0 = Release|Any CPU
		{0DC60958-1BE6-4252-AA1E-69BE7F7A3300}.Ad-Hoc|x86.ActiveCfg = Release|Any CPU
		{0DC60958-1BE6-4252-AA1E-69BE7F7A3300}.Ad-Hoc|x86.Build.0 = Release|Any CPU
		{0DC60958-1BE6-4252-AA1E-69BE7F7A3300}.AppStore|Any CPU.ActiveCfg = Release|Any CPU
		{0DC60958-1BE6-4252-AA1E-69BE7F7A3300}.AppStore|Any CPU.Build.0 = Release|Any CPU
		{0DC60958-1BE6-4252-AA1E-69BE7F7A3300}.AppStore|iPhone.ActiveCfg = Release|Any CPU
		{0DC60958-1BE6-4252-AA1E-69BE7F7A3300}.AppStore|iPhone.Build.0 = Release|Any CPU
		{0DC60958-1BE6-4252-AA1E-69BE7F7A3300}.AppStore|iPhoneSimulator.ActiveCfg = Release|Any CPU
		{0DC60958-1BE6-4252-AA1E-69BE7F7A3300}.AppStore|iPhoneSimulator.Build.0 = Release|Any CPU
		{0DC60958-1BE6-4252-AA1E-69BE7F7A3300}.AppStore|Mixed Platforms.ActiveCfg = Release|Any CPU
		{0DC60958-1BE6-4252-AA1E-69BE7F7A3300}.AppStore|Mixed Platforms.Build.0 = Release|Any CPU
		{0DC60958-1BE6-4252-AA1E-69BE7F7A3300}.AppStore|x86.ActiveCfg = Release|Any CPU
		{0DC60958-1BE6-4252-AA1E-69BE7F7A3300}.AppStore|x86.Build.0 = Release|Any CPU
		{0DC60958-1BE6-4252-AA1E-69BE7F7A3300}.Debug|Any CPU.ActiveCfg = Debug|Any CPU
		{0DC60958-1BE6-4252-AA1E-69BE7F7A3300}.Debug|Any CPU.Build.0 = Debug|Any CPU
		{0DC60958-1BE6-4252-AA1E-69BE7F7A3300}.Debug|iPhone.ActiveCfg = Debug|Any CPU
		{0DC60958-1BE6-4252-AA1E-69BE7F7A3300}.Debug|iPhone.Build.0 = Debug|Any CPU
		{0DC60958-1BE6-4252-AA1E-69BE7F7A3300}.Debug|iPhoneSimulator.ActiveCfg = Debug|Any CPU
		{0DC60958-1BE6-4252-AA1E-69BE7F7A3300}.Debug|iPhoneSimulator.Build.0 = Debug|Any CPU
		{0DC60958-1BE6-4252-AA1E-69BE7F7A3300}.Debug|Mixed Platforms.ActiveCfg = Debug|Any CPU
		{0DC60958-1BE6-4252-AA1E-69BE7F7A3300}.Debug|Mixed Platforms.Build.0 = Debug|Any CPU
		{0DC60958-1BE6-4252-AA1E-69BE7F7A3300}.Debug|x86.ActiveCfg = Debug|Any CPU
		{0DC60958-1BE6-4252-AA1E-69BE7F7A3300}.Debug|x86.Build.0 = Debug|Any CPU
		{0DC60958-1BE6-4252-AA1E-69BE7F7A3300}.Release|Any CPU.ActiveCfg = Release|Any CPU
		{0DC60958-1BE6-4252-AA1E-69BE7F7A3300}.Release|Any CPU.Build.0 = Release|Any CPU
		{0DC60958-1BE6-4252-AA1E-69BE7F7A3300}.Release|iPhone.ActiveCfg = Release|Any CPU
		{0DC60958-1BE6-4252-AA1E-69BE7F7A3300}.Release|iPhone.Build.0 = Release|Any CPU
		{0DC60958-1BE6-4252-AA1E-69BE7F7A3300}.Release|iPhoneSimulator.ActiveCfg = Release|Any CPU
		{0DC60958-1BE6-4252-AA1E-69BE7F7A3300}.Release|iPhoneSimulator.Build.0 = Release|Any CPU
		{0DC60958-1BE6-4252-AA1E-69BE7F7A3300}.Release|Mixed Platforms.ActiveCfg = Release|Any CPU
		{0DC60958-1BE6-4252-AA1E-69BE7F7A3300}.Release|Mixed Platforms.Build.0 = Release|Any CPU
		{0DC60958-1BE6-4252-AA1E-69BE7F7A3300}.Release|x86.ActiveCfg = Release|Any CPU
		{0DC60958-1BE6-4252-AA1E-69BE7F7A3300}.Release|x86.Build.0 = Release|Any CPU
		{73E6416E-ABDE-4B20-9BCE-660678D3368C}.Ad-Hoc|Any CPU.ActiveCfg = Release|Any CPU
		{73E6416E-ABDE-4B20-9BCE-660678D3368C}.Ad-Hoc|Any CPU.Build.0 = Release|Any CPU
		{73E6416E-ABDE-4B20-9BCE-660678D3368C}.Ad-Hoc|iPhone.ActiveCfg = Release|Any CPU
		{73E6416E-ABDE-4B20-9BCE-660678D3368C}.Ad-Hoc|iPhone.Build.0 = Release|Any CPU
		{73E6416E-ABDE-4B20-9BCE-660678D3368C}.Ad-Hoc|iPhoneSimulator.ActiveCfg = Release|Any CPU
		{73E6416E-ABDE-4B20-9BCE-660678D3368C}.Ad-Hoc|iPhoneSimulator.Build.0 = Release|Any CPU
		{73E6416E-ABDE-4B20-9BCE-660678D3368C}.Ad-Hoc|Mixed Platforms.ActiveCfg = Release|Any CPU
		{73E6416E-ABDE-4B20-9BCE-660678D3368C}.Ad-Hoc|Mixed Platforms.Build.0 = Release|Any CPU
		{73E6416E-ABDE-4B20-9BCE-660678D3368C}.Ad-Hoc|x86.ActiveCfg = Release|Any CPU
		{73E6416E-ABDE-4B20-9BCE-660678D3368C}.Ad-Hoc|x86.Build.0 = Release|Any CPU
		{73E6416E-ABDE-4B20-9BCE-660678D3368C}.AppStore|Any CPU.ActiveCfg = Release|Any CPU
		{73E6416E-ABDE-4B20-9BCE-660678D3368C}.AppStore|Any CPU.Build.0 = Release|Any CPU
		{73E6416E-ABDE-4B20-9BCE-660678D3368C}.AppStore|iPhone.ActiveCfg = Release|Any CPU
		{73E6416E-ABDE-4B20-9BCE-660678D3368C}.AppStore|iPhone.Build.0 = Release|Any CPU
		{73E6416E-ABDE-4B20-9BCE-660678D3368C}.AppStore|iPhoneSimulator.ActiveCfg = Release|Any CPU
		{73E6416E-ABDE-4B20-9BCE-660678D3368C}.AppStore|iPhoneSimulator.Build.0 = Release|Any CPU
		{73E6416E-ABDE-4B20-9BCE-660678D3368C}.AppStore|Mixed Platforms.ActiveCfg = Release|Any CPU
		{73E6416E-ABDE-4B20-9BCE-660678D3368C}.AppStore|Mixed Platforms.Build.0 = Release|Any CPU
		{73E6416E-ABDE-4B20-9BCE-660678D3368C}.AppStore|x86.ActiveCfg = Release|Any CPU
		{73E6416E-ABDE-4B20-9BCE-660678D3368C}.AppStore|x86.Build.0 = Release|Any CPU
		{73E6416E-ABDE-4B20-9BCE-660678D3368C}.Debug|Any CPU.ActiveCfg = Debug|Any CPU
		{73E6416E-ABDE-4B20-9BCE-660678D3368C}.Debug|Any CPU.Build.0 = Debug|Any CPU
		{73E6416E-ABDE-4B20-9BCE-660678D3368C}.Debug|iPhone.ActiveCfg = Debug|Any CPU
		{73E6416E-ABDE-4B20-9BCE-660678D3368C}.Debug|iPhone.Build.0 = Debug|Any CPU
		{73E6416E-ABDE-4B20-9BCE-660678D3368C}.Debug|iPhoneSimulator.ActiveCfg = Debug|Any CPU
		{73E6416E-ABDE-4B20-9BCE-660678D3368C}.Debug|iPhoneSimulator.Build.0 = Debug|Any CPU
		{73E6416E-ABDE-4B20-9BCE-660678D3368C}.Debug|Mixed Platforms.ActiveCfg = Debug|Any CPU
		{73E6416E-ABDE-4B20-9BCE-660678D3368C}.Debug|Mixed Platforms.Build.0 = Debug|Any CPU
		{73E6416E-ABDE-4B20-9BCE-660678D3368C}.Debug|x86.ActiveCfg = Debug|Any CPU
		{73E6416E-ABDE-4B20-9BCE-660678D3368C}.Debug|x86.Build.0 = Debug|Any CPU
		{73E6416E-ABDE-4B20-9BCE-660678D3368C}.Release|Any CPU.ActiveCfg = Release|Any CPU
		{73E6416E-ABDE-4B20-9BCE-660678D3368C}.Release|Any CPU.Build.0 = Release|Any CPU
		{73E6416E-ABDE-4B20-9BCE-660678D3368C}.Release|iPhone.ActiveCfg = Release|Any CPU
		{73E6416E-ABDE-4B20-9BCE-660678D3368C}.Release|iPhone.Build.0 = Release|Any CPU
		{73E6416E-ABDE-4B20-9BCE-660678D3368C}.Release|iPhoneSimulator.ActiveCfg = Release|Any CPU
		{73E6416E-ABDE-4B20-9BCE-660678D3368C}.Release|iPhoneSimulator.Build.0 = Release|Any CPU
		{73E6416E-ABDE-4B20-9BCE-660678D3368C}.Release|Mixed Platforms.ActiveCfg = Release|Any CPU
		{73E6416E-ABDE-4B20-9BCE-660678D3368C}.Release|Mixed Platforms.Build.0 = Release|Any CPU
		{73E6416E-ABDE-4B20-9BCE-660678D3368C}.Release|x86.ActiveCfg = Release|Any CPU
		{73E6416E-ABDE-4B20-9BCE-660678D3368C}.Release|x86.Build.0 = Release|Any CPU
		{C94A73D5-D691-43F8-AAE0-61F87548E94D}.Ad-Hoc|Any CPU.ActiveCfg = Release|Any CPU
		{C94A73D5-D691-43F8-AAE0-61F87548E94D}.Ad-Hoc|Any CPU.Build.0 = Release|Any CPU
		{C94A73D5-D691-43F8-AAE0-61F87548E94D}.Ad-Hoc|iPhone.ActiveCfg = Release|Any CPU
		{C94A73D5-D691-43F8-AAE0-61F87548E94D}.Ad-Hoc|iPhone.Build.0 = Release|Any CPU
		{C94A73D5-D691-43F8-AAE0-61F87548E94D}.Ad-Hoc|iPhoneSimulator.ActiveCfg = Release|Any CPU
		{C94A73D5-D691-43F8-AAE0-61F87548E94D}.Ad-Hoc|iPhoneSimulator.Build.0 = Release|Any CPU
		{C94A73D5-D691-43F8-AAE0-61F87548E94D}.Ad-Hoc|Mixed Platforms.ActiveCfg = Release|Any CPU
		{C94A73D5-D691-43F8-AAE0-61F87548E94D}.Ad-Hoc|Mixed Platforms.Build.0 = Release|Any CPU
		{C94A73D5-D691-43F8-AAE0-61F87548E94D}.Ad-Hoc|x86.ActiveCfg = Release|Any CPU
		{C94A73D5-D691-43F8-AAE0-61F87548E94D}.Ad-Hoc|x86.Build.0 = Release|Any CPU
		{C94A73D5-D691-43F8-AAE0-61F87548E94D}.AppStore|Any CPU.ActiveCfg = Release|Any CPU
		{C94A73D5-D691-43F8-AAE0-61F87548E94D}.AppStore|Any CPU.Build.0 = Release|Any CPU
		{C94A73D5-D691-43F8-AAE0-61F87548E94D}.AppStore|iPhone.ActiveCfg = Release|Any CPU
		{C94A73D5-D691-43F8-AAE0-61F87548E94D}.AppStore|iPhone.Build.0 = Release|Any CPU
		{C94A73D5-D691-43F8-AAE0-61F87548E94D}.AppStore|iPhoneSimulator.ActiveCfg = Release|Any CPU
		{C94A73D5-D691-43F8-AAE0-61F87548E94D}.AppStore|iPhoneSimulator.Build.0 = Release|Any CPU
		{C94A73D5-D691-43F8-AAE0-61F87548E94D}.AppStore|Mixed Platforms.ActiveCfg = Release|Any CPU
		{C94A73D5-D691-43F8-AAE0-61F87548E94D}.AppStore|Mixed Platforms.Build.0 = Release|Any CPU
		{C94A73D5-D691-43F8-AAE0-61F87548E94D}.AppStore|x86.ActiveCfg = Release|Any CPU
		{C94A73D5-D691-43F8-AAE0-61F87548E94D}.AppStore|x86.Build.0 = Release|Any CPU
		{C94A73D5-D691-43F8-AAE0-61F87548E94D}.Debug|Any CPU.ActiveCfg = Debug|Any CPU
		{C94A73D5-D691-43F8-AAE0-61F87548E94D}.Debug|Any CPU.Build.0 = Debug|Any CPU
		{C94A73D5-D691-43F8-AAE0-61F87548E94D}.Debug|iPhone.ActiveCfg = Debug|Any CPU
		{C94A73D5-D691-43F8-AAE0-61F87548E94D}.Debug|iPhone.Build.0 = Debug|Any CPU
		{C94A73D5-D691-43F8-AAE0-61F87548E94D}.Debug|iPhoneSimulator.ActiveCfg = Debug|Any CPU
		{C94A73D5-D691-43F8-AAE0-61F87548E94D}.Debug|iPhoneSimulator.Build.0 = Debug|Any CPU
		{C94A73D5-D691-43F8-AAE0-61F87548E94D}.Debug|Mixed Platforms.ActiveCfg = Debug|Any CPU
		{C94A73D5-D691-43F8-AAE0-61F87548E94D}.Debug|Mixed Platforms.Build.0 = Debug|Any CPU
		{C94A73D5-D691-43F8-AAE0-61F87548E94D}.Debug|x86.ActiveCfg = Debug|Any CPU
		{C94A73D5-D691-43F8-AAE0-61F87548E94D}.Debug|x86.Build.0 = Debug|Any CPU
		{C94A73D5-D691-43F8-AAE0-61F87548E94D}.Release|Any CPU.ActiveCfg = Release|Any CPU
		{C94A73D5-D691-43F8-AAE0-61F87548E94D}.Release|Any CPU.Build.0 = Release|Any CPU
		{C94A73D5-D691-43F8-AAE0-61F87548E94D}.Release|iPhone.ActiveCfg = Release|Any CPU
		{C94A73D5-D691-43F8-AAE0-61F87548E94D}.Release|iPhone.Build.0 = Release|Any CPU
		{C94A73D5-D691-43F8-AAE0-61F87548E94D}.Release|iPhoneSimulator.ActiveCfg = Release|Any CPU
		{C94A73D5-D691-43F8-AAE0-61F87548E94D}.Release|iPhoneSimulator.Build.0 = Release|Any CPU
		{C94A73D5-D691-43F8-AAE0-61F87548E94D}.Release|Mixed Platforms.ActiveCfg = Release|Any CPU
		{C94A73D5-D691-43F8-AAE0-61F87548E94D}.Release|Mixed Platforms.Build.0 = Release|Any CPU
		{C94A73D5-D691-43F8-AAE0-61F87548E94D}.Release|x86.ActiveCfg = Release|Any CPU
		{C94A73D5-D691-43F8-AAE0-61F87548E94D}.Release|x86.Build.0 = Release|Any CPU
		{825AA050-3FE1-4799-87A1-4492806E34F6}.Ad-Hoc|Any CPU.ActiveCfg = Release|Any CPU
		{825AA050-3FE1-4799-87A1-4492806E34F6}.Ad-Hoc|Any CPU.Build.0 = Release|Any CPU
		{825AA050-3FE1-4799-87A1-4492806E34F6}.Ad-Hoc|iPhone.ActiveCfg = Release|Any CPU
		{825AA050-3FE1-4799-87A1-4492806E34F6}.Ad-Hoc|iPhone.Build.0 = Release|Any CPU
		{825AA050-3FE1-4799-87A1-4492806E34F6}.Ad-Hoc|iPhoneSimulator.ActiveCfg = Release|Any CPU
		{825AA050-3FE1-4799-87A1-4492806E34F6}.Ad-Hoc|iPhoneSimulator.Build.0 = Release|Any CPU
		{825AA050-3FE1-4799-87A1-4492806E34F6}.Ad-Hoc|Mixed Platforms.ActiveCfg = Release|Any CPU
		{825AA050-3FE1-4799-87A1-4492806E34F6}.Ad-Hoc|Mixed Platforms.Build.0 = Release|Any CPU
		{825AA050-3FE1-4799-87A1-4492806E34F6}.Ad-Hoc|x86.ActiveCfg = Release|Any CPU
		{825AA050-3FE1-4799-87A1-4492806E34F6}.Ad-Hoc|x86.Build.0 = Release|Any CPU
		{825AA050-3FE1-4799-87A1-4492806E34F6}.AppStore|Any CPU.ActiveCfg = Release|Any CPU
		{825AA050-3FE1-4799-87A1-4492806E34F6}.AppStore|Any CPU.Build.0 = Release|Any CPU
		{825AA050-3FE1-4799-87A1-4492806E34F6}.AppStore|iPhone.ActiveCfg = Release|Any CPU
		{825AA050-3FE1-4799-87A1-4492806E34F6}.AppStore|iPhone.Build.0 = Release|Any CPU
		{825AA050-3FE1-4799-87A1-4492806E34F6}.AppStore|iPhoneSimulator.ActiveCfg = Release|Any CPU
		{825AA050-3FE1-4799-87A1-4492806E34F6}.AppStore|iPhoneSimulator.Build.0 = Release|Any CPU
		{825AA050-3FE1-4799-87A1-4492806E34F6}.AppStore|Mixed Platforms.ActiveCfg = Release|Any CPU
		{825AA050-3FE1-4799-87A1-4492806E34F6}.AppStore|Mixed Platforms.Build.0 = Release|Any CPU
		{825AA050-3FE1-4799-87A1-4492806E34F6}.AppStore|x86.ActiveCfg = Release|Any CPU
		{825AA050-3FE1-4799-87A1-4492806E34F6}.AppStore|x86.Build.0 = Release|Any CPU
		{825AA050-3FE1-4799-87A1-4492806E34F6}.Debug|Any CPU.ActiveCfg = Debug|Any CPU
		{825AA050-3FE1-4799-87A1-4492806E34F6}.Debug|Any CPU.Build.0 = Debug|Any CPU
		{825AA050-3FE1-4799-87A1-4492806E34F6}.Debug|iPhone.ActiveCfg = Debug|Any CPU
		{825AA050-3FE1-4799-87A1-4492806E34F6}.Debug|iPhone.Build.0 = Debug|Any CPU
		{825AA050-3FE1-4799-87A1-4492806E34F6}.Debug|iPhoneSimulator.ActiveCfg = Debug|Any CPU
		{825AA050-3FE1-4799-87A1-4492806E34F6}.Debug|iPhoneSimulator.Build.0 = Debug|Any CPU
		{825AA050-3FE1-4799-87A1-4492806E34F6}.Debug|Mixed Platforms.ActiveCfg = Debug|Any CPU
		{825AA050-3FE1-4799-87A1-4492806E34F6}.Debug|Mixed Platforms.Build.0 = Debug|Any CPU
		{825AA050-3FE1-4799-87A1-4492806E34F6}.Debug|x86.ActiveCfg = Debug|Any CPU
		{825AA050-3FE1-4799-87A1-4492806E34F6}.Debug|x86.Build.0 = Debug|Any CPU
		{825AA050-3FE1-4799-87A1-4492806E34F6}.Release|Any CPU.ActiveCfg = Release|Any CPU
		{825AA050-3FE1-4799-87A1-4492806E34F6}.Release|Any CPU.Build.0 = Release|Any CPU
		{825AA050-3FE1-4799-87A1-4492806E34F6}.Release|iPhone.ActiveCfg = Release|Any CPU
		{825AA050-3FE1-4799-87A1-4492806E34F6}.Release|iPhone.Build.0 = Release|Any CPU
		{825AA050-3FE1-4799-87A1-4492806E34F6}.Release|iPhoneSimulator.ActiveCfg = Release|Any CPU
		{825AA050-3FE1-4799-87A1-4492806E34F6}.Release|iPhoneSimulator.Build.0 = Release|Any CPU
		{825AA050-3FE1-4799-87A1-4492806E34F6}.Release|Mixed Platforms.ActiveCfg = Release|Any CPU
		{825AA050-3FE1-4799-87A1-4492806E34F6}.Release|Mixed Platforms.Build.0 = Release|Any CPU
		{825AA050-3FE1-4799-87A1-4492806E34F6}.Release|x86.ActiveCfg = Release|Any CPU
		{825AA050-3FE1-4799-87A1-4492806E34F6}.Release|x86.Build.0 = Release|Any CPU
		{725C715F-2CC4-48A9-B3F2-D25D34E0A0D8}.Ad-Hoc|Any CPU.ActiveCfg = Release|Any CPU
		{725C715F-2CC4-48A9-B3F2-D25D34E0A0D8}.Ad-Hoc|Any CPU.Build.0 = Release|Any CPU
		{725C715F-2CC4-48A9-B3F2-D25D34E0A0D8}.Ad-Hoc|iPhone.ActiveCfg = Release|Any CPU
		{725C715F-2CC4-48A9-B3F2-D25D34E0A0D8}.Ad-Hoc|iPhone.Build.0 = Release|Any CPU
		{725C715F-2CC4-48A9-B3F2-D25D34E0A0D8}.Ad-Hoc|iPhoneSimulator.ActiveCfg = Release|Any CPU
		{725C715F-2CC4-48A9-B3F2-D25D34E0A0D8}.Ad-Hoc|iPhoneSimulator.Build.0 = Release|Any CPU
		{725C715F-2CC4-48A9-B3F2-D25D34E0A0D8}.Ad-Hoc|Mixed Platforms.ActiveCfg = Release|Any CPU
		{725C715F-2CC4-48A9-B3F2-D25D34E0A0D8}.Ad-Hoc|Mixed Platforms.Build.0 = Release|Any CPU
		{725C715F-2CC4-48A9-B3F2-D25D34E0A0D8}.Ad-Hoc|x86.ActiveCfg = Release|Any CPU
		{725C715F-2CC4-48A9-B3F2-D25D34E0A0D8}.Ad-Hoc|x86.Build.0 = Release|Any CPU
		{725C715F-2CC4-48A9-B3F2-D25D34E0A0D8}.AppStore|Any CPU.ActiveCfg = Release|Any CPU
		{725C715F-2CC4-48A9-B3F2-D25D34E0A0D8}.AppStore|Any CPU.Build.0 = Release|Any CPU
		{725C715F-2CC4-48A9-B3F2-D25D34E0A0D8}.AppStore|iPhone.ActiveCfg = Release|Any CPU
		{725C715F-2CC4-48A9-B3F2-D25D34E0A0D8}.AppStore|iPhone.Build.0 = Release|Any CPU
		{725C715F-2CC4-48A9-B3F2-D25D34E0A0D8}.AppStore|iPhoneSimulator.ActiveCfg = Release|Any CPU
		{725C715F-2CC4-48A9-B3F2-D25D34E0A0D8}.AppStore|iPhoneSimulator.Build.0 = Release|Any CPU
		{725C715F-2CC4-48A9-B3F2-D25D34E0A0D8}.AppStore|Mixed Platforms.ActiveCfg = Release|Any CPU
		{725C715F-2CC4-48A9-B3F2-D25D34E0A0D8}.AppStore|Mixed Platforms.Build.0 = Release|Any CPU
		{725C715F-2CC4-48A9-B3F2-D25D34E0A0D8}.AppStore|x86.ActiveCfg = Release|Any CPU
		{725C715F-2CC4-48A9-B3F2-D25D34E0A0D8}.AppStore|x86.Build.0 = Release|Any CPU
		{725C715F-2CC4-48A9-B3F2-D25D34E0A0D8}.Debug|Any CPU.ActiveCfg = Debug|Any CPU
		{725C715F-2CC4-48A9-B3F2-D25D34E0A0D8}.Debug|Any CPU.Build.0 = Debug|Any CPU
		{725C715F-2CC4-48A9-B3F2-D25D34E0A0D8}.Debug|iPhone.ActiveCfg = Debug|Any CPU
		{725C715F-2CC4-48A9-B3F2-D25D34E0A0D8}.Debug|iPhone.Build.0 = Debug|Any CPU
		{725C715F-2CC4-48A9-B3F2-D25D34E0A0D8}.Debug|iPhoneSimulator.ActiveCfg = Debug|Any CPU
		{725C715F-2CC4-48A9-B3F2-D25D34E0A0D8}.Debug|iPhoneSimulator.Build.0 = Debug|Any CPU
		{725C715F-2CC4-48A9-B3F2-D25D34E0A0D8}.Debug|Mixed Platforms.ActiveCfg = Debug|Any CPU
		{725C715F-2CC4-48A9-B3F2-D25D34E0A0D8}.Debug|Mixed Platforms.Build.0 = Debug|Any CPU
		{725C715F-2CC4-48A9-B3F2-D25D34E0A0D8}.Debug|x86.ActiveCfg = Debug|Any CPU
		{725C715F-2CC4-48A9-B3F2-D25D34E0A0D8}.Debug|x86.Build.0 = Debug|Any CPU
		{725C715F-2CC4-48A9-B3F2-D25D34E0A0D8}.Release|Any CPU.ActiveCfg = Release|Any CPU
		{725C715F-2CC4-48A9-B3F2-D25D34E0A0D8}.Release|Any CPU.Build.0 = Release|Any CPU
		{725C715F-2CC4-48A9-B3F2-D25D34E0A0D8}.Release|iPhone.ActiveCfg = Release|Any CPU
		{725C715F-2CC4-48A9-B3F2-D25D34E0A0D8}.Release|iPhone.Build.0 = Release|Any CPU
		{725C715F-2CC4-48A9-B3F2-D25D34E0A0D8}.Release|iPhoneSimulator.ActiveCfg = Release|Any CPU
		{725C715F-2CC4-48A9-B3F2-D25D34E0A0D8}.Release|iPhoneSimulator.Build.0 = Release|Any CPU
		{725C715F-2CC4-48A9-B3F2-D25D34E0A0D8}.Release|Mixed Platforms.ActiveCfg = Release|Any CPU
		{725C715F-2CC4-48A9-B3F2-D25D34E0A0D8}.Release|Mixed Platforms.Build.0 = Release|Any CPU
		{725C715F-2CC4-48A9-B3F2-D25D34E0A0D8}.Release|x86.ActiveCfg = Release|Any CPU
		{725C715F-2CC4-48A9-B3F2-D25D34E0A0D8}.Release|x86.Build.0 = Release|Any CPU
		{5B6DC93F-3D72-4519-AEA9-95754E8DF350}.Ad-Hoc|Any CPU.ActiveCfg = Release|Any CPU
		{5B6DC93F-3D72-4519-AEA9-95754E8DF350}.Ad-Hoc|Any CPU.Build.0 = Release|Any CPU
		{5B6DC93F-3D72-4519-AEA9-95754E8DF350}.Ad-Hoc|iPhone.ActiveCfg = Release|Any CPU
		{5B6DC93F-3D72-4519-AEA9-95754E8DF350}.Ad-Hoc|iPhone.Build.0 = Release|Any CPU
		{5B6DC93F-3D72-4519-AEA9-95754E8DF350}.Ad-Hoc|iPhoneSimulator.ActiveCfg = Release|Any CPU
		{5B6DC93F-3D72-4519-AEA9-95754E8DF350}.Ad-Hoc|iPhoneSimulator.Build.0 = Release|Any CPU
		{5B6DC93F-3D72-4519-AEA9-95754E8DF350}.Ad-Hoc|Mixed Platforms.ActiveCfg = Release|Any CPU
		{5B6DC93F-3D72-4519-AEA9-95754E8DF350}.Ad-Hoc|Mixed Platforms.Build.0 = Release|Any CPU
		{5B6DC93F-3D72-4519-AEA9-95754E8DF350}.Ad-Hoc|x86.ActiveCfg = Release|Any CPU
		{5B6DC93F-3D72-4519-AEA9-95754E8DF350}.Ad-Hoc|x86.Build.0 = Release|Any CPU
		{5B6DC93F-3D72-4519-AEA9-95754E8DF350}.AppStore|Any CPU.ActiveCfg = Release|Any CPU
		{5B6DC93F-3D72-4519-AEA9-95754E8DF350}.AppStore|Any CPU.Build.0 = Release|Any CPU
		{5B6DC93F-3D72-4519-AEA9-95754E8DF350}.AppStore|iPhone.ActiveCfg = Release|Any CPU
		{5B6DC93F-3D72-4519-AEA9-95754E8DF350}.AppStore|iPhone.Build.0 = Release|Any CPU
		{5B6DC93F-3D72-4519-AEA9-95754E8DF350}.AppStore|iPhoneSimulator.ActiveCfg = Release|Any CPU
		{5B6DC93F-3D72-4519-AEA9-95754E8DF350}.AppStore|iPhoneSimulator.Build.0 = Release|Any CPU
		{5B6DC93F-3D72-4519-AEA9-95754E8DF350}.AppStore|Mixed Platforms.ActiveCfg = Release|Any CPU
		{5B6DC93F-3D72-4519-AEA9-95754E8DF350}.AppStore|Mixed Platforms.Build.0 = Release|Any CPU
		{5B6DC93F-3D72-4519-AEA9-95754E8DF350}.AppStore|x86.ActiveCfg = Release|Any CPU
		{5B6DC93F-3D72-4519-AEA9-95754E8DF350}.AppStore|x86.Build.0 = Release|Any CPU
		{5B6DC93F-3D72-4519-AEA9-95754E8DF350}.Debug|Any CPU.ActiveCfg = Debug|Any CPU
		{5B6DC93F-3D72-4519-AEA9-95754E8DF350}.Debug|Any CPU.Build.0 = Debug|Any CPU
		{5B6DC93F-3D72-4519-AEA9-95754E8DF350}.Debug|iPhone.ActiveCfg = Debug|Any CPU
		{5B6DC93F-3D72-4519-AEA9-95754E8DF350}.Debug|iPhone.Build.0 = Debug|Any CPU
		{5B6DC93F-3D72-4519-AEA9-95754E8DF350}.Debug|iPhoneSimulator.ActiveCfg = Debug|Any CPU
		{5B6DC93F-3D72-4519-AEA9-95754E8DF350}.Debug|iPhoneSimulator.Build.0 = Debug|Any CPU
		{5B6DC93F-3D72-4519-AEA9-95754E8DF350}.Debug|Mixed Platforms.ActiveCfg = Debug|Any CPU
		{5B6DC93F-3D72-4519-AEA9-95754E8DF350}.Debug|Mixed Platforms.Build.0 = Debug|Any CPU
		{5B6DC93F-3D72-4519-AEA9-95754E8DF350}.Debug|x86.ActiveCfg = Debug|Any CPU
		{5B6DC93F-3D72-4519-AEA9-95754E8DF350}.Debug|x86.Build.0 = Debug|Any CPU
		{5B6DC93F-3D72-4519-AEA9-95754E8DF350}.Release|Any CPU.ActiveCfg = Release|Any CPU
		{5B6DC93F-3D72-4519-AEA9-95754E8DF350}.Release|Any CPU.Build.0 = Release|Any CPU
		{5B6DC93F-3D72-4519-AEA9-95754E8DF350}.Release|iPhone.ActiveCfg = Release|Any CPU
		{5B6DC93F-3D72-4519-AEA9-95754E8DF350}.Release|iPhone.Build.0 = Release|Any CPU
		{5B6DC93F-3D72-4519-AEA9-95754E8DF350}.Release|iPhoneSimulator.ActiveCfg = Release|Any CPU
		{5B6DC93F-3D72-4519-AEA9-95754E8DF350}.Release|iPhoneSimulator.Build.0 = Release|Any CPU
		{5B6DC93F-3D72-4519-AEA9-95754E8DF350}.Release|Mixed Platforms.ActiveCfg = Release|Any CPU
		{5B6DC93F-3D72-4519-AEA9-95754E8DF350}.Release|Mixed Platforms.Build.0 = Release|Any CPU
		{5B6DC93F-3D72-4519-AEA9-95754E8DF350}.Release|x86.ActiveCfg = Release|Any CPU
		{5B6DC93F-3D72-4519-AEA9-95754E8DF350}.Release|x86.Build.0 = Release|Any CPU
		{BA2B1D24-969C-4B79-8DF0-FD1A3DBD7E1A}.Ad-Hoc|Any CPU.ActiveCfg = Release|Any CPU
		{BA2B1D24-969C-4B79-8DF0-FD1A3DBD7E1A}.Ad-Hoc|Any CPU.Build.0 = Release|Any CPU
		{BA2B1D24-969C-4B79-8DF0-FD1A3DBD7E1A}.Ad-Hoc|iPhone.ActiveCfg = Release|Any CPU
		{BA2B1D24-969C-4B79-8DF0-FD1A3DBD7E1A}.Ad-Hoc|iPhone.Build.0 = Release|Any CPU
		{BA2B1D24-969C-4B79-8DF0-FD1A3DBD7E1A}.Ad-Hoc|iPhoneSimulator.ActiveCfg = Release|Any CPU
		{BA2B1D24-969C-4B79-8DF0-FD1A3DBD7E1A}.Ad-Hoc|iPhoneSimulator.Build.0 = Release|Any CPU
		{BA2B1D24-969C-4B79-8DF0-FD1A3DBD7E1A}.Ad-Hoc|Mixed Platforms.ActiveCfg = Release|Any CPU
		{BA2B1D24-969C-4B79-8DF0-FD1A3DBD7E1A}.Ad-Hoc|Mixed Platforms.Build.0 = Release|Any CPU
		{BA2B1D24-969C-4B79-8DF0-FD1A3DBD7E1A}.Ad-Hoc|x86.ActiveCfg = Release|Any CPU
		{BA2B1D24-969C-4B79-8DF0-FD1A3DBD7E1A}.Ad-Hoc|x86.Build.0 = Release|Any CPU
		{BA2B1D24-969C-4B79-8DF0-FD1A3DBD7E1A}.AppStore|Any CPU.ActiveCfg = Release|Any CPU
		{BA2B1D24-969C-4B79-8DF0-FD1A3DBD7E1A}.AppStore|Any CPU.Build.0 = Release|Any CPU
		{BA2B1D24-969C-4B79-8DF0-FD1A3DBD7E1A}.AppStore|iPhone.ActiveCfg = Release|Any CPU
		{BA2B1D24-969C-4B79-8DF0-FD1A3DBD7E1A}.AppStore|iPhone.Build.0 = Release|Any CPU
		{BA2B1D24-969C-4B79-8DF0-FD1A3DBD7E1A}.AppStore|iPhoneSimulator.ActiveCfg = Release|Any CPU
		{BA2B1D24-969C-4B79-8DF0-FD1A3DBD7E1A}.AppStore|iPhoneSimulator.Build.0 = Release|Any CPU
		{BA2B1D24-969C-4B79-8DF0-FD1A3DBD7E1A}.AppStore|Mixed Platforms.ActiveCfg = Release|Any CPU
		{BA2B1D24-969C-4B79-8DF0-FD1A3DBD7E1A}.AppStore|Mixed Platforms.Build.0 = Release|Any CPU
		{BA2B1D24-969C-4B79-8DF0-FD1A3DBD7E1A}.AppStore|x86.ActiveCfg = Release|Any CPU
		{BA2B1D24-969C-4B79-8DF0-FD1A3DBD7E1A}.AppStore|x86.Build.0 = Release|Any CPU
		{BA2B1D24-969C-4B79-8DF0-FD1A3DBD7E1A}.Debug|Any CPU.ActiveCfg = Debug|Any CPU
		{BA2B1D24-969C-4B79-8DF0-FD1A3DBD7E1A}.Debug|Any CPU.Build.0 = Debug|Any CPU
		{BA2B1D24-969C-4B79-8DF0-FD1A3DBD7E1A}.Debug|iPhone.ActiveCfg = Debug|Any CPU
		{BA2B1D24-969C-4B79-8DF0-FD1A3DBD7E1A}.Debug|iPhone.Build.0 = Debug|Any CPU
		{BA2B1D24-969C-4B79-8DF0-FD1A3DBD7E1A}.Debug|iPhoneSimulator.ActiveCfg = Debug|Any CPU
		{BA2B1D24-969C-4B79-8DF0-FD1A3DBD7E1A}.Debug|iPhoneSimulator.Build.0 = Debug|Any CPU
		{BA2B1D24-969C-4B79-8DF0-FD1A3DBD7E1A}.Debug|Mixed Platforms.ActiveCfg = Debug|Any CPU
		{BA2B1D24-969C-4B79-8DF0-FD1A3DBD7E1A}.Debug|Mixed Platforms.Build.0 = Debug|Any CPU
		{BA2B1D24-969C-4B79-8DF0-FD1A3DBD7E1A}.Debug|x86.ActiveCfg = Debug|Any CPU
		{BA2B1D24-969C-4B79-8DF0-FD1A3DBD7E1A}.Debug|x86.Build.0 = Debug|Any CPU
		{BA2B1D24-969C-4B79-8DF0-FD1A3DBD7E1A}.Release|Any CPU.ActiveCfg = Release|Any CPU
		{BA2B1D24-969C-4B79-8DF0-FD1A3DBD7E1A}.Release|Any CPU.Build.0 = Release|Any CPU
		{BA2B1D24-969C-4B79-8DF0-FD1A3DBD7E1A}.Release|iPhone.ActiveCfg = Release|Any CPU
		{BA2B1D24-969C-4B79-8DF0-FD1A3DBD7E1A}.Release|iPhone.Build.0 = Release|Any CPU
		{BA2B1D24-969C-4B79-8DF0-FD1A3DBD7E1A}.Release|iPhoneSimulator.ActiveCfg = Release|Any CPU
		{BA2B1D24-969C-4B79-8DF0-FD1A3DBD7E1A}.Release|iPhoneSimulator.Build.0 = Release|Any CPU
		{BA2B1D24-969C-4B79-8DF0-FD1A3DBD7E1A}.Release|Mixed Platforms.ActiveCfg = Release|Any CPU
		{BA2B1D24-969C-4B79-8DF0-FD1A3DBD7E1A}.Release|Mixed Platforms.Build.0 = Release|Any CPU
		{BA2B1D24-969C-4B79-8DF0-FD1A3DBD7E1A}.Release|x86.ActiveCfg = Release|Any CPU
		{BA2B1D24-969C-4B79-8DF0-FD1A3DBD7E1A}.Release|x86.Build.0 = Release|Any CPU
		{D249D1FB-C3AB-4D32-AF2B-5DB2D5FE6E87}.Ad-Hoc|Any CPU.ActiveCfg = Release|Any CPU
		{D249D1FB-C3AB-4D32-AF2B-5DB2D5FE6E87}.Ad-Hoc|Any CPU.Build.0 = Release|Any CPU
		{D249D1FB-C3AB-4D32-AF2B-5DB2D5FE6E87}.Ad-Hoc|iPhone.ActiveCfg = Release|Any CPU
		{D249D1FB-C3AB-4D32-AF2B-5DB2D5FE6E87}.Ad-Hoc|iPhone.Build.0 = Release|Any CPU
		{D249D1FB-C3AB-4D32-AF2B-5DB2D5FE6E87}.Ad-Hoc|iPhoneSimulator.ActiveCfg = Release|Any CPU
		{D249D1FB-C3AB-4D32-AF2B-5DB2D5FE6E87}.Ad-Hoc|iPhoneSimulator.Build.0 = Release|Any CPU
		{D249D1FB-C3AB-4D32-AF2B-5DB2D5FE6E87}.Ad-Hoc|Mixed Platforms.ActiveCfg = Release|Any CPU
		{D249D1FB-C3AB-4D32-AF2B-5DB2D5FE6E87}.Ad-Hoc|Mixed Platforms.Build.0 = Release|Any CPU
		{D249D1FB-C3AB-4D32-AF2B-5DB2D5FE6E87}.Ad-Hoc|x86.ActiveCfg = Release|Any CPU
		{D249D1FB-C3AB-4D32-AF2B-5DB2D5FE6E87}.Ad-Hoc|x86.Build.0 = Release|Any CPU
		{D249D1FB-C3AB-4D32-AF2B-5DB2D5FE6E87}.AppStore|Any CPU.ActiveCfg = Release|Any CPU
		{D249D1FB-C3AB-4D32-AF2B-5DB2D5FE6E87}.AppStore|Any CPU.Build.0 = Release|Any CPU
		{D249D1FB-C3AB-4D32-AF2B-5DB2D5FE6E87}.AppStore|iPhone.ActiveCfg = Release|Any CPU
		{D249D1FB-C3AB-4D32-AF2B-5DB2D5FE6E87}.AppStore|iPhone.Build.0 = Release|Any CPU
		{D249D1FB-C3AB-4D32-AF2B-5DB2D5FE6E87}.AppStore|iPhoneSimulator.ActiveCfg = Release|Any CPU
		{D249D1FB-C3AB-4D32-AF2B-5DB2D5FE6E87}.AppStore|iPhoneSimulator.Build.0 = Release|Any CPU
		{D249D1FB-C3AB-4D32-AF2B-5DB2D5FE6E87}.AppStore|Mixed Platforms.ActiveCfg = Release|Any CPU
		{D249D1FB-C3AB-4D32-AF2B-5DB2D5FE6E87}.AppStore|Mixed Platforms.Build.0 = Release|Any CPU
		{D249D1FB-C3AB-4D32-AF2B-5DB2D5FE6E87}.AppStore|x86.ActiveCfg = Release|Any CPU
		{D249D1FB-C3AB-4D32-AF2B-5DB2D5FE6E87}.AppStore|x86.Build.0 = Release|Any CPU
		{D249D1FB-C3AB-4D32-AF2B-5DB2D5FE6E87}.Debug|Any CPU.ActiveCfg = Debug|Any CPU
		{D249D1FB-C3AB-4D32-AF2B-5DB2D5FE6E87}.Debug|Any CPU.Build.0 = Debug|Any CPU
		{D249D1FB-C3AB-4D32-AF2B-5DB2D5FE6E87}.Debug|iPhone.ActiveCfg = Debug|Any CPU
		{D249D1FB-C3AB-4D32-AF2B-5DB2D5FE6E87}.Debug|iPhone.Build.0 = Debug|Any CPU
		{D249D1FB-C3AB-4D32-AF2B-5DB2D5FE6E87}.Debug|iPhoneSimulator.ActiveCfg = Debug|Any CPU
		{D249D1FB-C3AB-4D32-AF2B-5DB2D5FE6E87}.Debug|iPhoneSimulator.Build.0 = Debug|Any CPU
		{D249D1FB-C3AB-4D32-AF2B-5DB2D5FE6E87}.Debug|Mixed Platforms.ActiveCfg = Debug|Any CPU
		{D249D1FB-C3AB-4D32-AF2B-5DB2D5FE6E87}.Debug|Mixed Platforms.Build.0 = Debug|Any CPU
		{D249D1FB-C3AB-4D32-AF2B-5DB2D5FE6E87}.Debug|x86.ActiveCfg = Debug|Any CPU
		{D249D1FB-C3AB-4D32-AF2B-5DB2D5FE6E87}.Debug|x86.Build.0 = Debug|Any CPU
		{D249D1FB-C3AB-4D32-AF2B-5DB2D5FE6E87}.Release|Any CPU.ActiveCfg = Release|Any CPU
		{D249D1FB-C3AB-4D32-AF2B-5DB2D5FE6E87}.Release|Any CPU.Build.0 = Release|Any CPU
		{D249D1FB-C3AB-4D32-AF2B-5DB2D5FE6E87}.Release|iPhone.ActiveCfg = Release|Any CPU
		{D249D1FB-C3AB-4D32-AF2B-5DB2D5FE6E87}.Release|iPhone.Build.0 = Release|Any CPU
		{D249D1FB-C3AB-4D32-AF2B-5DB2D5FE6E87}.Release|iPhoneSimulator.ActiveCfg = Release|Any CPU
		{D249D1FB-C3AB-4D32-AF2B-5DB2D5FE6E87}.Release|iPhoneSimulator.Build.0 = Release|Any CPU
		{D249D1FB-C3AB-4D32-AF2B-5DB2D5FE6E87}.Release|Mixed Platforms.ActiveCfg = Release|Any CPU
		{D249D1FB-C3AB-4D32-AF2B-5DB2D5FE6E87}.Release|Mixed Platforms.Build.0 = Release|Any CPU
		{D249D1FB-C3AB-4D32-AF2B-5DB2D5FE6E87}.Release|x86.ActiveCfg = Release|Any CPU
		{D249D1FB-C3AB-4D32-AF2B-5DB2D5FE6E87}.Release|x86.Build.0 = Release|Any CPU
	EndGlobalSection
	GlobalSection(SolutionProperties) = preSolution
		HideSolutionNode = FALSE
	EndGlobalSection
	GlobalSection(NestedProjects) = preSolution
		{FCC27F60-7EDF-464B-9876-F196A4A7DFB3} = {20ACE243-6D1A-4158-9D80-027E823A621E}
		{9D248950-D9E5-43EC-8EEF-CC9D350BAE38} = {20ACE243-6D1A-4158-9D80-027E823A621E}
		{5758D35E-C5C6-4D21-B571-029B38E85F62} = {80BFA192-488D-44AC-9085-9D89F7F7A482}
		{EED532FD-4C71-4BE9-8C58-A95C117160B4} = {05A8A570-BC65-443A-9BC9-DCF8AD4EE249}
		{13C2882F-3B16-455B-9CD1-0DEA92883769} = {05A8A570-BC65-443A-9BC9-DCF8AD4EE249}
		{3133FBAB-303F-46CD-904A-DAA011C4E14F} = {B06CFE45-5EF4-4535-B26D-0A58C3CE388F}
		{630CF422-2C7D-4CD5-990F-71D50C02C3C4} = {80BFA192-488D-44AC-9085-9D89F7F7A482}
		{4A73EA12-64AE-40CC-BC6F-E55F893FE5DE} = {98C73B43-1F13-4C18-9124-CD35598509A2}
		{0DC60958-1BE6-4252-AA1E-69BE7F7A3300} = {B06CFE45-5EF4-4535-B26D-0A58C3CE388F}
		{73E6416E-ABDE-4B20-9BCE-660678D3368C} = {98C73B43-1F13-4C18-9124-CD35598509A2}
		{C94A73D5-D691-43F8-AAE0-61F87548E94D} = {1035EA35-D523-43DE-B2B8-D1CED3E87BA3}
		{825AA050-3FE1-4799-87A1-4492806E34F6} = {1035EA35-D523-43DE-B2B8-D1CED3E87BA3}
		{5B6DC93F-3D72-4519-AEA9-95754E8DF350} = {80BFA192-488D-44AC-9085-9D89F7F7A482}
		{4766E44D-1C55-4022-8CC8-2FD2FE616DFA} = {05A8A570-BC65-443A-9BC9-DCF8AD4EE249}
	EndGlobalSection
EndGlobal
